
Microsoft Visual Studio Solution File, Format Version 10.00
# Visual Studio 2008
Project("{FAE04EC0-301F-11D3-BF4B-00C04F79EFBC}") = "agg_platform_win32", "..\..\..\agg_platform_win32\agg_platform_win32.csproj", "{670BDDFF-927B-425D-9DD1-22ACB14356EB}"
EndProject
Project("{FAE04EC0-301F-11D3-BF4B-00C04F79EFBC}") = "lion", "..\lion\lion.csproj", "{3BEFA755-A647-4A16-A73C-0ACF18211EBD}"
EndProject
Project("{FAE04EC0-301F-11D3-BF4B-00C04F79EFBC}") = "rounded_rect", "..\rounded_rect\rounded_rect.csproj", "{DA8EBDD6-0E11-422D-82E9-B2BA487D106D}"
EndProject
Project("{FAE04EC0-301F-11D3-BF4B-00C04F79EFBC}") = "image1", "..\image1\image1.csproj", "{25D8987B-5449-4A31-B444-BCDF9E52D561}"
EndProject
Project("{FAE04EC0-301F-11D3-BF4B-00C04F79EFBC}") = "component_rendering", "..\component_rendering\component_rendering.csproj", "{1FE9CE87-30B0-44A1-A8D4-4FCB80F81F34}"
EndProject
Project("{FAE04EC0-301F-11D3-BF4B-00C04F79EFBC}") = "blur", "..\blur\blur.csproj", "{D0B56F16-6191-4337-8DA1-9B0A59708C7F}"
EndProject
Project("{FAE04EC0-301F-11D3-BF4B-00C04F79EFBC}") = "gouraud", "..\gouraud\gouraud.csproj", "{DC6AEC82-D343-48C3-972B-88F608E5597D}"
EndProject
Project("{FAE04EC0-301F-11D3-BF4B-00C04F79EFBC}") = "perspective", "..\perspective\perspective.csproj", "{EB8AE3D1-E17F-47D6-A7F3-3B670A65A702}"
EndProject
Project("{FAE04EC0-301F-11D3-BF4B-00C04F79EFBC}") = "alpha_mask2", "..\alpha_mask2\alpha_mask2.csproj", "{D933EF7C-9219-4C28-931C-95EB3C8494D6}"
EndProject
Project("{FAE04EC0-301F-11D3-BF4B-00C04F79EFBC}") = "AGG", "..\..\..\agg\AGG.csproj", "{657DBC6D-C3EA-4398-A3FA-DDB73C14F71B}"
EndProject
Project("{FAE04EC0-301F-11D3-BF4B-00C04F79EFBC}") = "DemoSelector", "DemoSelector.csproj", "{B29EB233-D12A-413F-BE10-6B7F911E8050}"
EndProject
Project("{FAE04EC0-301F-11D3-BF4B-00C04F79EFBC}") = "lion_outline", "..\lion_outline\lion_outline.csproj", "{3E06C55C-4CF1-4CC3-86F4-E4DA1FAFFB06}"
EndProject
Project("{FAE04EC0-301F-11D3-BF4B-00C04F79EFBC}") = "image_filters", "..\image_filters\image_filters.csproj", "{74BA5082-FD08-4BB9-8B30-39D9E80D2C8F}"
EndProject
Project("{FAE04EC0-301F-11D3-BF4B-00C04F79EFBC}") = "image_resample", "..\image_resample\image_resample.csproj", "{C804A351-7E6F-4D93-8E4C-3AA8183D1608}"
EndProject
Project("{FAE04EC0-301F-11D3-BF4B-00C04F79EFBC}") = "agg_gui", "..\..\..\agg_gui\agg_gui.csproj", "{74F6BB6C-9D02-4512-A59A-21940E35C532}"
EndProject
Project("{FAE04EC0-301F-11D3-BF4B-00C04F79EFBC}") = "agg_3d", "..\..\..\agg_3d\agg_3d.csproj", "{545B6912-77FF-4B34-BA76-6C3D6A32BE6A}"
EndProject
Project("{FAE04EC0-301F-11D3-BF4B-00C04F79EFBC}") = "NeHeLesson5", "..\NeHeLesson5\NeHeLesson5.csproj", "{80825CFE-64FE-4417-948B-7F8E5A858E87}"
EndProject
Project("{FAE04EC0-301F-11D3-BF4B-00C04F79EFBC}") = "gouraud_mesh", "..\gouraud_mesh\gouraud_mesh.csproj", "{50237EE2-28DC-4F54-9E89-A8839A83AAE5}"
EndProject
Project("{FAE04EC0-301F-11D3-BF4B-00C04F79EFBC}") = "gradients", "..\gradients\gradients.csproj", "{D1562E89-00E2-44D6-BC1E-9B017E0212B4}"
EndProject
Project("{FAE04EC0-301F-11D3-BF4B-00C04F79EFBC}") = "Reflexive", "..\..\..\Reflexive\Reflexive.csproj", "{79741A18-3523-41BE-93DB-EECBEF515591}"
EndProject
Project("{FAE04EC0-301F-11D3-BF4B-00C04F79EFBC}") = "RockBlaster", "..\..\RockBlaster\RockBlaster.csproj", "{43254794-FC6F-4B7C-A840-64261F736C82}"
EndProject
Project("{FAE04EC0-301F-11D3-BF4B-00C04F79EFBC}") = "SmartSweepers", "..\SmartSweepers\SmartSweepers.csproj", "{F237AE63-0021-4873-AC36-5B75C5F4DD1A}"
EndProject
Project("{FAE04EC0-301F-11D3-BF4B-00C04F79EFBC}") = "NeuralNet", "..\..\..\NeuralNet\NeuralNet.csproj", "{636B92E8-D491-4066-BDD2-7954E8B0BE1A}"
EndProject
Project("{FAE04EC0-301F-11D3-BF4B-00C04F79EFBC}") = "Tesselate", "..\..\..\Tesselate\Tesselate.csproj", "{AE37DE1F-22F7-49EE-8732-FC6BC8DC58D9}"
EndProject
Project("{FAE04EC0-301F-11D3-BF4B-00C04F79EFBC}") = "COLLADA", "..\..\..\COLLADA\COLLADA.csproj", "{9142B0A3-44AD-4CDB-8F71-E54DE2BA7D9B}"
EndProject
Project("{FAE04EC0-301F-11D3-BF4B-00C04F79EFBC}") = "NPackMathsUtilities", "..\..\..\..\..\NPackMathsUtilities\NPackMathsUtilities.csproj", "{711A537B-BAE4-41CC-9B46-80DD0741D9D6}"
EndProject
Project("{FAE04EC0-301F-11D3-BF4B-00C04F79EFBC}") = "NPack", "..\..\..\..\..\..\..\NPack\branches\AGG_Work\NPack-branch\NPack.csproj", "{B139E1D5-091B-40D2-B7A2-7D7D82E13019}"
EndProject
Global
	GlobalSection(SolutionConfigurationPlatforms) = preSolution
		Debug_Net20|Any CPU = Debug_Net20|Any CPU
		Debug_Net35|Any CPU = Debug_Net35|Any CPU
		Debug|Any CPU = Debug|Any CPU
		Release_Net20|Any CPU = Release_Net20|Any CPU
		Release_Net35|Any CPU = Release_Net35|Any CPU
		Release|Any CPU = Release|Any CPU
	EndGlobalSection
	GlobalSection(ProjectConfigurationPlatforms) = postSolution
		{670BDDFF-927B-425D-9DD1-22ACB14356EB}.Debug_Net20|Any CPU.ActiveCfg = Debug|Any CPU
		{670BDDFF-927B-425D-9DD1-22ACB14356EB}.Debug_Net20|Any CPU.Build.0 = Debug|Any CPU
		{670BDDFF-927B-425D-9DD1-22ACB14356EB}.Debug_Net35|Any CPU.ActiveCfg = Debug|Any CPU
		{670BDDFF-927B-425D-9DD1-22ACB14356EB}.Debug_Net35|Any CPU.Build.0 = Debug|Any CPU
		{670BDDFF-927B-425D-9DD1-22ACB14356EB}.Debug|Any CPU.ActiveCfg = Debug|Any CPU
		{670BDDFF-927B-425D-9DD1-22ACB14356EB}.Debug|Any CPU.Build.0 = Debug|Any CPU
		{670BDDFF-927B-425D-9DD1-22ACB14356EB}.Release_Net20|Any CPU.ActiveCfg = Release|Any CPU
		{670BDDFF-927B-425D-9DD1-22ACB14356EB}.Release_Net20|Any CPU.Build.0 = Release|Any CPU
		{670BDDFF-927B-425D-9DD1-22ACB14356EB}.Release_Net35|Any CPU.ActiveCfg = Release|Any CPU
		{670BDDFF-927B-425D-9DD1-22ACB14356EB}.Release_Net35|Any CPU.Build.0 = Release|Any CPU
		{670BDDFF-927B-425D-9DD1-22ACB14356EB}.Release|Any CPU.ActiveCfg = Release|Any CPU
		{670BDDFF-927B-425D-9DD1-22ACB14356EB}.Release|Any CPU.Build.0 = Release|Any CPU
		{3BEFA755-A647-4A16-A73C-0ACF18211EBD}.Debug_Net20|Any CPU.ActiveCfg = Debug|Any CPU
		{3BEFA755-A647-4A16-A73C-0ACF18211EBD}.Debug_Net20|Any CPU.Build.0 = Debug|Any CPU
		{3BEFA755-A647-4A16-A73C-0ACF18211EBD}.Debug_Net35|Any CPU.ActiveCfg = Debug|Any CPU
		{3BEFA755-A647-4A16-A73C-0ACF18211EBD}.Debug_Net35|Any CPU.Build.0 = Debug|Any CPU
		{3BEFA755-A647-4A16-A73C-0ACF18211EBD}.Debug|Any CPU.ActiveCfg = Debug|Any CPU
		{3BEFA755-A647-4A16-A73C-0ACF18211EBD}.Debug|Any CPU.Build.0 = Debug|Any CPU
		{3BEFA755-A647-4A16-A73C-0ACF18211EBD}.Release_Net20|Any CPU.ActiveCfg = Release|Any CPU
		{3BEFA755-A647-4A16-A73C-0ACF18211EBD}.Release_Net20|Any CPU.Build.0 = Release|Any CPU
		{3BEFA755-A647-4A16-A73C-0ACF18211EBD}.Release_Net35|Any CPU.ActiveCfg = Release|Any CPU
		{3BEFA755-A647-4A16-A73C-0ACF18211EBD}.Release_Net35|Any CPU.Build.0 = Release|Any CPU
		{3BEFA755-A647-4A16-A73C-0ACF18211EBD}.Release|Any CPU.ActiveCfg = Release|Any CPU
		{3BEFA755-A647-4A16-A73C-0ACF18211EBD}.Release|Any CPU.Build.0 = Release|Any CPU
		{DA8EBDD6-0E11-422D-82E9-B2BA487D106D}.Debug_Net20|Any CPU.ActiveCfg = Debug|Any CPU
		{DA8EBDD6-0E11-422D-82E9-B2BA487D106D}.Debug_Net20|Any CPU.Build.0 = Debug|Any CPU
		{DA8EBDD6-0E11-422D-82E9-B2BA487D106D}.Debug_Net35|Any CPU.ActiveCfg = Debug|Any CPU
		{DA8EBDD6-0E11-422D-82E9-B2BA487D106D}.Debug_Net35|Any CPU.Build.0 = Debug|Any CPU
		{DA8EBDD6-0E11-422D-82E9-B2BA487D106D}.Debug|Any CPU.ActiveCfg = Debug|Any CPU
		{DA8EBDD6-0E11-422D-82E9-B2BA487D106D}.Debug|Any CPU.Build.0 = Debug|Any CPU
		{DA8EBDD6-0E11-422D-82E9-B2BA487D106D}.Release_Net20|Any CPU.ActiveCfg = Release|Any CPU
		{DA8EBDD6-0E11-422D-82E9-B2BA487D106D}.Release_Net20|Any CPU.Build.0 = Release|Any CPU
		{DA8EBDD6-0E11-422D-82E9-B2BA487D106D}.Release_Net35|Any CPU.ActiveCfg = Release|Any CPU
		{DA8EBDD6-0E11-422D-82E9-B2BA487D106D}.Release_Net35|Any CPU.Build.0 = Release|Any CPU
		{DA8EBDD6-0E11-422D-82E9-B2BA487D106D}.Release|Any CPU.ActiveCfg = Release|Any CPU
		{DA8EBDD6-0E11-422D-82E9-B2BA487D106D}.Release|Any CPU.Build.0 = Release|Any CPU
		{25D8987B-5449-4A31-B444-BCDF9E52D561}.Debug_Net20|Any CPU.ActiveCfg = Debug|Any CPU
		{25D8987B-5449-4A31-B444-BCDF9E52D561}.Debug_Net20|Any CPU.Build.0 = Debug|Any CPU
		{25D8987B-5449-4A31-B444-BCDF9E52D561}.Debug_Net35|Any CPU.ActiveCfg = Debug|Any CPU
		{25D8987B-5449-4A31-B444-BCDF9E52D561}.Debug_Net35|Any CPU.Build.0 = Debug|Any CPU
		{25D8987B-5449-4A31-B444-BCDF9E52D561}.Debug|Any CPU.ActiveCfg = Debug|Any CPU
		{25D8987B-5449-4A31-B444-BCDF9E52D561}.Debug|Any CPU.Build.0 = Debug|Any CPU
		{25D8987B-5449-4A31-B444-BCDF9E52D561}.Release_Net20|Any CPU.ActiveCfg = Release|Any CPU
		{25D8987B-5449-4A31-B444-BCDF9E52D561}.Release_Net20|Any CPU.Build.0 = Release|Any CPU
		{25D8987B-5449-4A31-B444-BCDF9E52D561}.Release_Net35|Any CPU.ActiveCfg = Release|Any CPU
		{25D8987B-5449-4A31-B444-BCDF9E52D561}.Release_Net35|Any CPU.Build.0 = Release|Any CPU
		{25D8987B-5449-4A31-B444-BCDF9E52D561}.Release|Any CPU.ActiveCfg = Release|Any CPU
		{25D8987B-5449-4A31-B444-BCDF9E52D561}.Release|Any CPU.Build.0 = Release|Any CPU
		{1FE9CE87-30B0-44A1-A8D4-4FCB80F81F34}.Debug_Net20|Any CPU.ActiveCfg = Debug|Any CPU
		{1FE9CE87-30B0-44A1-A8D4-4FCB80F81F34}.Debug_Net20|Any CPU.Build.0 = Debug|Any CPU
		{1FE9CE87-30B0-44A1-A8D4-4FCB80F81F34}.Debug_Net35|Any CPU.ActiveCfg = Debug|Any CPU
		{1FE9CE87-30B0-44A1-A8D4-4FCB80F81F34}.Debug_Net35|Any CPU.Build.0 = Debug|Any CPU
		{1FE9CE87-30B0-44A1-A8D4-4FCB80F81F34}.Debug|Any CPU.ActiveCfg = Debug|Any CPU
		{1FE9CE87-30B0-44A1-A8D4-4FCB80F81F34}.Debug|Any CPU.Build.0 = Debug|Any CPU
		{1FE9CE87-30B0-44A1-A8D4-4FCB80F81F34}.Release_Net20|Any CPU.ActiveCfg = Release|Any CPU
		{1FE9CE87-30B0-44A1-A8D4-4FCB80F81F34}.Release_Net20|Any CPU.Build.0 = Release|Any CPU
		{1FE9CE87-30B0-44A1-A8D4-4FCB80F81F34}.Release_Net35|Any CPU.ActiveCfg = Release|Any CPU
		{1FE9CE87-30B0-44A1-A8D4-4FCB80F81F34}.Release_Net35|Any CPU.Build.0 = Release|Any CPU
		{1FE9CE87-30B0-44A1-A8D4-4FCB80F81F34}.Release|Any CPU.ActiveCfg = Release|Any CPU
		{1FE9CE87-30B0-44A1-A8D4-4FCB80F81F34}.Release|Any CPU.Build.0 = Release|Any CPU
		{D0B56F16-6191-4337-8DA1-9B0A59708C7F}.Debug_Net20|Any CPU.ActiveCfg = Debug|Any CPU
		{D0B56F16-6191-4337-8DA1-9B0A59708C7F}.Debug_Net20|Any CPU.Build.0 = Debug|Any CPU
		{D0B56F16-6191-4337-8DA1-9B0A59708C7F}.Debug_Net35|Any CPU.ActiveCfg = Debug|Any CPU
		{D0B56F16-6191-4337-8DA1-9B0A59708C7F}.Debug_Net35|Any CPU.Build.0 = Debug|Any CPU
		{D0B56F16-6191-4337-8DA1-9B0A59708C7F}.Debug|Any CPU.ActiveCfg = Debug|Any CPU
		{D0B56F16-6191-4337-8DA1-9B0A59708C7F}.Debug|Any CPU.Build.0 = Debug|Any CPU
		{D0B56F16-6191-4337-8DA1-9B0A59708C7F}.Release_Net20|Any CPU.ActiveCfg = Release|Any CPU
		{D0B56F16-6191-4337-8DA1-9B0A59708C7F}.Release_Net20|Any CPU.Build.0 = Release|Any CPU
		{D0B56F16-6191-4337-8DA1-9B0A59708C7F}.Release_Net35|Any CPU.ActiveCfg = Release|Any CPU
		{D0B56F16-6191-4337-8DA1-9B0A59708C7F}.Release_Net35|Any CPU.Build.0 = Release|Any CPU
		{D0B56F16-6191-4337-8DA1-9B0A59708C7F}.Release|Any CPU.ActiveCfg = Release|Any CPU
		{D0B56F16-6191-4337-8DA1-9B0A59708C7F}.Release|Any CPU.Build.0 = Release|Any CPU
		{DC6AEC82-D343-48C3-972B-88F608E5597D}.Debug_Net20|Any CPU.ActiveCfg = Debug|Any CPU
		{DC6AEC82-D343-48C3-972B-88F608E5597D}.Debug_Net20|Any CPU.Build.0 = Debug|Any CPU
		{DC6AEC82-D343-48C3-972B-88F608E5597D}.Debug_Net35|Any CPU.ActiveCfg = Debug|Any CPU
		{DC6AEC82-D343-48C3-972B-88F608E5597D}.Debug_Net35|Any CPU.Build.0 = Debug|Any CPU
		{DC6AEC82-D343-48C3-972B-88F608E5597D}.Debug|Any CPU.ActiveCfg = Debug|Any CPU
		{DC6AEC82-D343-48C3-972B-88F608E5597D}.Debug|Any CPU.Build.0 = Debug|Any CPU
		{DC6AEC82-D343-48C3-972B-88F608E5597D}.Release_Net20|Any CPU.ActiveCfg = Release|Any CPU
		{DC6AEC82-D343-48C3-972B-88F608E5597D}.Release_Net20|Any CPU.Build.0 = Release|Any CPU
		{DC6AEC82-D343-48C3-972B-88F608E5597D}.Release_Net35|Any CPU.ActiveCfg = Release|Any CPU
		{DC6AEC82-D343-48C3-972B-88F608E5597D}.Release_Net35|Any CPU.Build.0 = Release|Any CPU
		{DC6AEC82-D343-48C3-972B-88F608E5597D}.Release|Any CPU.ActiveCfg = Release|Any CPU
		{DC6AEC82-D343-48C3-972B-88F608E5597D}.Release|Any CPU.Build.0 = Release|Any CPU
		{EB8AE3D1-E17F-47D6-A7F3-3B670A65A702}.Debug_Net20|Any CPU.ActiveCfg = Debug|Any CPU
		{EB8AE3D1-E17F-47D6-A7F3-3B670A65A702}.Debug_Net20|Any CPU.Build.0 = Debug|Any CPU
		{EB8AE3D1-E17F-47D6-A7F3-3B670A65A702}.Debug_Net35|Any CPU.ActiveCfg = Debug|Any CPU
		{EB8AE3D1-E17F-47D6-A7F3-3B670A65A702}.Debug_Net35|Any CPU.Build.0 = Debug|Any CPU
		{EB8AE3D1-E17F-47D6-A7F3-3B670A65A702}.Debug|Any CPU.ActiveCfg = Debug|Any CPU
		{EB8AE3D1-E17F-47D6-A7F3-3B670A65A702}.Debug|Any CPU.Build.0 = Debug|Any CPU
		{EB8AE3D1-E17F-47D6-A7F3-3B670A65A702}.Release_Net20|Any CPU.ActiveCfg = Release|Any CPU
		{EB8AE3D1-E17F-47D6-A7F3-3B670A65A702}.Release_Net20|Any CPU.Build.0 = Release|Any CPU
		{EB8AE3D1-E17F-47D6-A7F3-3B670A65A702}.Release_Net35|Any CPU.ActiveCfg = Release|Any CPU
		{EB8AE3D1-E17F-47D6-A7F3-3B670A65A702}.Release_Net35|Any CPU.Build.0 = Release|Any CPU
		{EB8AE3D1-E17F-47D6-A7F3-3B670A65A702}.Release|Any CPU.ActiveCfg = Release|Any CPU
		{EB8AE3D1-E17F-47D6-A7F3-3B670A65A702}.Release|Any CPU.Build.0 = Release|Any CPU
		{D933EF7C-9219-4C28-931C-95EB3C8494D6}.Debug_Net20|Any CPU.ActiveCfg = Debug|Any CPU
		{D933EF7C-9219-4C28-931C-95EB3C8494D6}.Debug_Net20|Any CPU.Build.0 = Debug|Any CPU
		{D933EF7C-9219-4C28-931C-95EB3C8494D6}.Debug_Net35|Any CPU.ActiveCfg = Debug|Any CPU
		{D933EF7C-9219-4C28-931C-95EB3C8494D6}.Debug_Net35|Any CPU.Build.0 = Debug|Any CPU
		{D933EF7C-9219-4C28-931C-95EB3C8494D6}.Debug|Any CPU.ActiveCfg = Debug|Any CPU
		{D933EF7C-9219-4C28-931C-95EB3C8494D6}.Debug|Any CPU.Build.0 = Debug|Any CPU
		{D933EF7C-9219-4C28-931C-95EB3C8494D6}.Release_Net20|Any CPU.ActiveCfg = Release|Any CPU
		{D933EF7C-9219-4C28-931C-95EB3C8494D6}.Release_Net20|Any CPU.Build.0 = Release|Any CPU
		{D933EF7C-9219-4C28-931C-95EB3C8494D6}.Release_Net35|Any CPU.ActiveCfg = Release|Any CPU
		{D933EF7C-9219-4C28-931C-95EB3C8494D6}.Release_Net35|Any CPU.Build.0 = Release|Any CPU
		{D933EF7C-9219-4C28-931C-95EB3C8494D6}.Release|Any CPU.ActiveCfg = Release|Any CPU
		{D933EF7C-9219-4C28-931C-95EB3C8494D6}.Release|Any CPU.Build.0 = Release|Any CPU
		{657DBC6D-C3EA-4398-A3FA-DDB73C14F71B}.Debug_Net20|Any CPU.ActiveCfg = Debug|Any CPU
		{657DBC6D-C3EA-4398-A3FA-DDB73C14F71B}.Debug_Net20|Any CPU.Build.0 = Debug|Any CPU
		{657DBC6D-C3EA-4398-A3FA-DDB73C14F71B}.Debug_Net35|Any CPU.ActiveCfg = Debug|Any CPU
		{657DBC6D-C3EA-4398-A3FA-DDB73C14F71B}.Debug_Net35|Any CPU.Build.0 = Debug|Any CPU
		{657DBC6D-C3EA-4398-A3FA-DDB73C14F71B}.Debug|Any CPU.ActiveCfg = Debug|Any CPU
		{657DBC6D-C3EA-4398-A3FA-DDB73C14F71B}.Debug|Any CPU.Build.0 = Debug|Any CPU
		{657DBC6D-C3EA-4398-A3FA-DDB73C14F71B}.Release_Net20|Any CPU.ActiveCfg = Release|Any CPU
		{657DBC6D-C3EA-4398-A3FA-DDB73C14F71B}.Release_Net20|Any CPU.Build.0 = Release|Any CPU
		{657DBC6D-C3EA-4398-A3FA-DDB73C14F71B}.Release_Net35|Any CPU.ActiveCfg = Release|Any CPU
		{657DBC6D-C3EA-4398-A3FA-DDB73C14F71B}.Release_Net35|Any CPU.Build.0 = Release|Any CPU
		{657DBC6D-C3EA-4398-A3FA-DDB73C14F71B}.Release|Any CPU.ActiveCfg = Release|Any CPU
		{657DBC6D-C3EA-4398-A3FA-DDB73C14F71B}.Release|Any CPU.Build.0 = Release|Any CPU
		{B29EB233-D12A-413F-BE10-6B7F911E8050}.Debug_Net20|Any CPU.ActiveCfg = Debug|Any CPU
		{B29EB233-D12A-413F-BE10-6B7F911E8050}.Debug_Net20|Any CPU.Build.0 = Debug|Any CPU
		{B29EB233-D12A-413F-BE10-6B7F911E8050}.Debug_Net35|Any CPU.ActiveCfg = Debug|Any CPU
		{B29EB233-D12A-413F-BE10-6B7F911E8050}.Debug_Net35|Any CPU.Build.0 = Debug|Any CPU
		{B29EB233-D12A-413F-BE10-6B7F911E8050}.Debug|Any CPU.ActiveCfg = Debug|Any CPU
		{B29EB233-D12A-413F-BE10-6B7F911E8050}.Debug|Any CPU.Build.0 = Debug|Any CPU
		{B29EB233-D12A-413F-BE10-6B7F911E8050}.Release_Net20|Any CPU.ActiveCfg = Release|Any CPU
		{B29EB233-D12A-413F-BE10-6B7F911E8050}.Release_Net20|Any CPU.Build.0 = Release|Any CPU
		{B29EB233-D12A-413F-BE10-6B7F911E8050}.Release_Net35|Any CPU.ActiveCfg = Release|Any CPU
		{B29EB233-D12A-413F-BE10-6B7F911E8050}.Release_Net35|Any CPU.Build.0 = Release|Any CPU
		{B29EB233-D12A-413F-BE10-6B7F911E8050}.Release|Any CPU.ActiveCfg = Release|Any CPU
		{B29EB233-D12A-413F-BE10-6B7F911E8050}.Release|Any CPU.Build.0 = Release|Any CPU
		{3E06C55C-4CF1-4CC3-86F4-E4DA1FAFFB06}.Debug_Net20|Any CPU.ActiveCfg = Debug|Any CPU
		{3E06C55C-4CF1-4CC3-86F4-E4DA1FAFFB06}.Debug_Net20|Any CPU.Build.0 = Debug|Any CPU
		{3E06C55C-4CF1-4CC3-86F4-E4DA1FAFFB06}.Debug_Net35|Any CPU.ActiveCfg = Debug|Any CPU
		{3E06C55C-4CF1-4CC3-86F4-E4DA1FAFFB06}.Debug_Net35|Any CPU.Build.0 = Debug|Any CPU
		{3E06C55C-4CF1-4CC3-86F4-E4DA1FAFFB06}.Debug|Any CPU.ActiveCfg = Debug|Any CPU
		{3E06C55C-4CF1-4CC3-86F4-E4DA1FAFFB06}.Debug|Any CPU.Build.0 = Debug|Any CPU
		{3E06C55C-4CF1-4CC3-86F4-E4DA1FAFFB06}.Release_Net20|Any CPU.ActiveCfg = Release|Any CPU
		{3E06C55C-4CF1-4CC3-86F4-E4DA1FAFFB06}.Release_Net20|Any CPU.Build.0 = Release|Any CPU
		{3E06C55C-4CF1-4CC3-86F4-E4DA1FAFFB06}.Release_Net35|Any CPU.ActiveCfg = Release|Any CPU
		{3E06C55C-4CF1-4CC3-86F4-E4DA1FAFFB06}.Release_Net35|Any CPU.Build.0 = Release|Any CPU
		{3E06C55C-4CF1-4CC3-86F4-E4DA1FAFFB06}.Release|Any CPU.ActiveCfg = Release|Any CPU
		{3E06C55C-4CF1-4CC3-86F4-E4DA1FAFFB06}.Release|Any CPU.Build.0 = Release|Any CPU
		{74BA5082-FD08-4BB9-8B30-39D9E80D2C8F}.Debug_Net20|Any CPU.ActiveCfg = Debug|Any CPU
		{74BA5082-FD08-4BB9-8B30-39D9E80D2C8F}.Debug_Net20|Any CPU.Build.0 = Debug|Any CPU
		{74BA5082-FD08-4BB9-8B30-39D9E80D2C8F}.Debug_Net35|Any CPU.ActiveCfg = Debug|Any CPU
		{74BA5082-FD08-4BB9-8B30-39D9E80D2C8F}.Debug_Net35|Any CPU.Build.0 = Debug|Any CPU
		{74BA5082-FD08-4BB9-8B30-39D9E80D2C8F}.Debug|Any CPU.ActiveCfg = Debug|Any CPU
		{74BA5082-FD08-4BB9-8B30-39D9E80D2C8F}.Debug|Any CPU.Build.0 = Debug|Any CPU
		{74BA5082-FD08-4BB9-8B30-39D9E80D2C8F}.Release_Net20|Any CPU.ActiveCfg = Release|Any CPU
		{74BA5082-FD08-4BB9-8B30-39D9E80D2C8F}.Release_Net20|Any CPU.Build.0 = Release|Any CPU
		{74BA5082-FD08-4BB9-8B30-39D9E80D2C8F}.Release_Net35|Any CPU.ActiveCfg = Release|Any CPU
		{74BA5082-FD08-4BB9-8B30-39D9E80D2C8F}.Release_Net35|Any CPU.Build.0 = Release|Any CPU
		{74BA5082-FD08-4BB9-8B30-39D9E80D2C8F}.Release|Any CPU.ActiveCfg = Release|Any CPU
		{74BA5082-FD08-4BB9-8B30-39D9E80D2C8F}.Release|Any CPU.Build.0 = Release|Any CPU
		{C804A351-7E6F-4D93-8E4C-3AA8183D1608}.Debug_Net20|Any CPU.ActiveCfg = Debug|Any CPU
		{C804A351-7E6F-4D93-8E4C-3AA8183D1608}.Debug_Net20|Any CPU.Build.0 = Debug|Any CPU
		{C804A351-7E6F-4D93-8E4C-3AA8183D1608}.Debug_Net35|Any CPU.ActiveCfg = Debug|Any CPU
		{C804A351-7E6F-4D93-8E4C-3AA8183D1608}.Debug_Net35|Any CPU.Build.0 = Debug|Any CPU
		{C804A351-7E6F-4D93-8E4C-3AA8183D1608}.Debug|Any CPU.ActiveCfg = Debug|Any CPU
		{C804A351-7E6F-4D93-8E4C-3AA8183D1608}.Debug|Any CPU.Build.0 = Debug|Any CPU
		{C804A351-7E6F-4D93-8E4C-3AA8183D1608}.Release_Net20|Any CPU.ActiveCfg = Release|Any CPU
		{C804A351-7E6F-4D93-8E4C-3AA8183D1608}.Release_Net20|Any CPU.Build.0 = Release|Any CPU
		{C804A351-7E6F-4D93-8E4C-3AA8183D1608}.Release_Net35|Any CPU.ActiveCfg = Release|Any CPU
		{C804A351-7E6F-4D93-8E4C-3AA8183D1608}.Release_Net35|Any CPU.Build.0 = Release|Any CPU
		{C804A351-7E6F-4D93-8E4C-3AA8183D1608}.Release|Any CPU.ActiveCfg = Release|Any CPU
		{C804A351-7E6F-4D93-8E4C-3AA8183D1608}.Release|Any CPU.Build.0 = Release|Any CPU
		{74F6BB6C-9D02-4512-A59A-21940E35C532}.Debug_Net20|Any CPU.ActiveCfg = Debug|Any CPU
		{74F6BB6C-9D02-4512-A59A-21940E35C532}.Debug_Net20|Any CPU.Build.0 = Debug|Any CPU
		{74F6BB6C-9D02-4512-A59A-21940E35C532}.Debug_Net35|Any CPU.ActiveCfg = Debug|Any CPU
		{74F6BB6C-9D02-4512-A59A-21940E35C532}.Debug_Net35|Any CPU.Build.0 = Debug|Any CPU
		{74F6BB6C-9D02-4512-A59A-21940E35C532}.Debug|Any CPU.ActiveCfg = Debug|Any CPU
		{74F6BB6C-9D02-4512-A59A-21940E35C532}.Debug|Any CPU.Build.0 = Debug|Any CPU
		{74F6BB6C-9D02-4512-A59A-21940E35C532}.Release_Net20|Any CPU.ActiveCfg = Release|Any CPU
		{74F6BB6C-9D02-4512-A59A-21940E35C532}.Release_Net20|Any CPU.Build.0 = Release|Any CPU
		{74F6BB6C-9D02-4512-A59A-21940E35C532}.Release_Net35|Any CPU.ActiveCfg = Release|Any CPU
		{74F6BB6C-9D02-4512-A59A-21940E35C532}.Release_Net35|Any CPU.Build.0 = Release|Any CPU
		{74F6BB6C-9D02-4512-A59A-21940E35C532}.Release|Any CPU.ActiveCfg = Release|Any CPU
		{74F6BB6C-9D02-4512-A59A-21940E35C532}.Release|Any CPU.Build.0 = Release|Any CPU
		{545B6912-77FF-4B34-BA76-6C3D6A32BE6A}.Debug_Net20|Any CPU.ActiveCfg = Debug|Any CPU
		{545B6912-77FF-4B34-BA76-6C3D6A32BE6A}.Debug_Net20|Any CPU.Build.0 = Debug|Any CPU
		{545B6912-77FF-4B34-BA76-6C3D6A32BE6A}.Debug_Net35|Any CPU.ActiveCfg = Debug|Any CPU
		{545B6912-77FF-4B34-BA76-6C3D6A32BE6A}.Debug_Net35|Any CPU.Build.0 = Debug|Any CPU
		{545B6912-77FF-4B34-BA76-6C3D6A32BE6A}.Debug|Any CPU.ActiveCfg = Debug|Any CPU
		{545B6912-77FF-4B34-BA76-6C3D6A32BE6A}.Debug|Any CPU.Build.0 = Debug|Any CPU
		{545B6912-77FF-4B34-BA76-6C3D6A32BE6A}.Release_Net20|Any CPU.ActiveCfg = Release|Any CPU
		{545B6912-77FF-4B34-BA76-6C3D6A32BE6A}.Release_Net20|Any CPU.Build.0 = Release|Any CPU
		{545B6912-77FF-4B34-BA76-6C3D6A32BE6A}.Release_Net35|Any CPU.ActiveCfg = Release|Any CPU
		{545B6912-77FF-4B34-BA76-6C3D6A32BE6A}.Release_Net35|Any CPU.Build.0 = Release|Any CPU
		{545B6912-77FF-4B34-BA76-6C3D6A32BE6A}.Release|Any CPU.ActiveCfg = Release|Any CPU
		{545B6912-77FF-4B34-BA76-6C3D6A32BE6A}.Release|Any CPU.Build.0 = Release|Any CPU
		{80825CFE-64FE-4417-948B-7F8E5A858E87}.Debug_Net20|Any CPU.ActiveCfg = Debug|Any CPU
		{80825CFE-64FE-4417-948B-7F8E5A858E87}.Debug_Net20|Any CPU.Build.0 = Debug|Any CPU
		{80825CFE-64FE-4417-948B-7F8E5A858E87}.Debug_Net35|Any CPU.ActiveCfg = Debug|Any CPU
		{80825CFE-64FE-4417-948B-7F8E5A858E87}.Debug_Net35|Any CPU.Build.0 = Debug|Any CPU
		{80825CFE-64FE-4417-948B-7F8E5A858E87}.Debug|Any CPU.ActiveCfg = Debug|Any CPU
		{80825CFE-64FE-4417-948B-7F8E5A858E87}.Debug|Any CPU.Build.0 = Debug|Any CPU
		{80825CFE-64FE-4417-948B-7F8E5A858E87}.Release_Net20|Any CPU.ActiveCfg = Release|Any CPU
		{80825CFE-64FE-4417-948B-7F8E5A858E87}.Release_Net20|Any CPU.Build.0 = Release|Any CPU
		{80825CFE-64FE-4417-948B-7F8E5A858E87}.Release_Net35|Any CPU.ActiveCfg = Release|Any CPU
		{80825CFE-64FE-4417-948B-7F8E5A858E87}.Release_Net35|Any CPU.Build.0 = Release|Any CPU
		{80825CFE-64FE-4417-948B-7F8E5A858E87}.Release|Any CPU.ActiveCfg = Release|Any CPU
		{80825CFE-64FE-4417-948B-7F8E5A858E87}.Release|Any CPU.Build.0 = Release|Any CPU
		{50237EE2-28DC-4F54-9E89-A8839A83AAE5}.Debug_Net20|Any CPU.ActiveCfg = Debug|Any CPU
		{50237EE2-28DC-4F54-9E89-A8839A83AAE5}.Debug_Net20|Any CPU.Build.0 = Debug|Any CPU
		{50237EE2-28DC-4F54-9E89-A8839A83AAE5}.Debug_Net35|Any CPU.ActiveCfg = Debug|Any CPU
		{50237EE2-28DC-4F54-9E89-A8839A83AAE5}.Debug_Net35|Any CPU.Build.0 = Debug|Any CPU
		{50237EE2-28DC-4F54-9E89-A8839A83AAE5}.Debug|Any CPU.ActiveCfg = Debug|Any CPU
		{50237EE2-28DC-4F54-9E89-A8839A83AAE5}.Debug|Any CPU.Build.0 = Debug|Any CPU
		{50237EE2-28DC-4F54-9E89-A8839A83AAE5}.Release_Net20|Any CPU.ActiveCfg = Release|Any CPU
		{50237EE2-28DC-4F54-9E89-A8839A83AAE5}.Release_Net20|Any CPU.Build.0 = Release|Any CPU
		{50237EE2-28DC-4F54-9E89-A8839A83AAE5}.Release_Net35|Any CPU.ActiveCfg = Release|Any CPU
		{50237EE2-28DC-4F54-9E89-A8839A83AAE5}.Release_Net35|Any CPU.Build.0 = Release|Any CPU
		{50237EE2-28DC-4F54-9E89-A8839A83AAE5}.Release|Any CPU.ActiveCfg = Release|Any CPU
		{50237EE2-28DC-4F54-9E89-A8839A83AAE5}.Release|Any CPU.Build.0 = Release|Any CPU
		{D1562E89-00E2-44D6-BC1E-9B017E0212B4}.Debug_Net20|Any CPU.ActiveCfg = Debug|Any CPU
		{D1562E89-00E2-44D6-BC1E-9B017E0212B4}.Debug_Net20|Any CPU.Build.0 = Debug|Any CPU
		{D1562E89-00E2-44D6-BC1E-9B017E0212B4}.Debug_Net35|Any CPU.ActiveCfg = Debug|Any CPU
		{D1562E89-00E2-44D6-BC1E-9B017E0212B4}.Debug_Net35|Any CPU.Build.0 = Debug|Any CPU
		{D1562E89-00E2-44D6-BC1E-9B017E0212B4}.Debug|Any CPU.ActiveCfg = Debug|Any CPU
		{D1562E89-00E2-44D6-BC1E-9B017E0212B4}.Debug|Any CPU.Build.0 = Debug|Any CPU
		{D1562E89-00E2-44D6-BC1E-9B017E0212B4}.Release_Net20|Any CPU.ActiveCfg = Release|Any CPU
		{D1562E89-00E2-44D6-BC1E-9B017E0212B4}.Release_Net20|Any CPU.Build.0 = Release|Any CPU
		{D1562E89-00E2-44D6-BC1E-9B017E0212B4}.Release_Net35|Any CPU.ActiveCfg = Release|Any CPU
		{D1562E89-00E2-44D6-BC1E-9B017E0212B4}.Release_Net35|Any CPU.Build.0 = Release|Any CPU
		{D1562E89-00E2-44D6-BC1E-9B017E0212B4}.Release|Any CPU.ActiveCfg = Release|Any CPU
		{D1562E89-00E2-44D6-BC1E-9B017E0212B4}.Release|Any CPU.Build.0 = Release|Any CPU
		{79741A18-3523-41BE-93DB-EECBEF515591}.Debug_Net20|Any CPU.ActiveCfg = Debug|Any CPU
		{79741A18-3523-41BE-93DB-EECBEF515591}.Debug_Net20|Any CPU.Build.0 = Debug|Any CPU
		{79741A18-3523-41BE-93DB-EECBEF515591}.Debug_Net35|Any CPU.ActiveCfg = Debug|Any CPU
		{79741A18-3523-41BE-93DB-EECBEF515591}.Debug_Net35|Any CPU.Build.0 = Debug|Any CPU
		{79741A18-3523-41BE-93DB-EECBEF515591}.Debug|Any CPU.ActiveCfg = Debug|Any CPU
		{79741A18-3523-41BE-93DB-EECBEF515591}.Debug|Any CPU.Build.0 = Debug|Any CPU
		{79741A18-3523-41BE-93DB-EECBEF515591}.Release_Net20|Any CPU.ActiveCfg = Release|Any CPU
		{79741A18-3523-41BE-93DB-EECBEF515591}.Release_Net20|Any CPU.Build.0 = Release|Any CPU
		{79741A18-3523-41BE-93DB-EECBEF515591}.Release_Net35|Any CPU.ActiveCfg = Release|Any CPU
		{79741A18-3523-41BE-93DB-EECBEF515591}.Release_Net35|Any CPU.Build.0 = Release|Any CPU
		{79741A18-3523-41BE-93DB-EECBEF515591}.Release|Any CPU.ActiveCfg = Release|Any CPU
		{79741A18-3523-41BE-93DB-EECBEF515591}.Release|Any CPU.Build.0 = Release|Any CPU
		{43254794-FC6F-4B7C-A840-64261F736C82}.Debug_Net20|Any CPU.ActiveCfg = Debug|Any CPU
		{43254794-FC6F-4B7C-A840-64261F736C82}.Debug_Net20|Any CPU.Build.0 = Debug|Any CPU
		{43254794-FC6F-4B7C-A840-64261F736C82}.Debug_Net35|Any CPU.ActiveCfg = Debug|Any CPU
		{43254794-FC6F-4B7C-A840-64261F736C82}.Debug_Net35|Any CPU.Build.0 = Debug|Any CPU
		{43254794-FC6F-4B7C-A840-64261F736C82}.Debug|Any CPU.ActiveCfg = Debug|Any CPU
		{43254794-FC6F-4B7C-A840-64261F736C82}.Debug|Any CPU.Build.0 = Debug|Any CPU
		{43254794-FC6F-4B7C-A840-64261F736C82}.Release_Net20|Any CPU.ActiveCfg = Release|Any CPU
		{43254794-FC6F-4B7C-A840-64261F736C82}.Release_Net20|Any CPU.Build.0 = Release|Any CPU
		{43254794-FC6F-4B7C-A840-64261F736C82}.Release_Net35|Any CPU.ActiveCfg = Release|Any CPU
		{43254794-FC6F-4B7C-A840-64261F736C82}.Release_Net35|Any CPU.Build.0 = Release|Any CPU
		{43254794-FC6F-4B7C-A840-64261F736C82}.Release|Any CPU.ActiveCfg = Release|Any CPU
		{43254794-FC6F-4B7C-A840-64261F736C82}.Release|Any CPU.Build.0 = Release|Any CPU
		{F237AE63-0021-4873-AC36-5B75C5F4DD1A}.Debug_Net20|Any CPU.ActiveCfg = Debug|Any CPU
		{F237AE63-0021-4873-AC36-5B75C5F4DD1A}.Debug_Net20|Any CPU.Build.0 = Debug|Any CPU
		{F237AE63-0021-4873-AC36-5B75C5F4DD1A}.Debug_Net35|Any CPU.ActiveCfg = Debug|Any CPU
		{F237AE63-0021-4873-AC36-5B75C5F4DD1A}.Debug_Net35|Any CPU.Build.0 = Debug|Any CPU
		{F237AE63-0021-4873-AC36-5B75C5F4DD1A}.Debug|Any CPU.ActiveCfg = Debug|Any CPU
		{F237AE63-0021-4873-AC36-5B75C5F4DD1A}.Debug|Any CPU.Build.0 = Debug|Any CPU
		{F237AE63-0021-4873-AC36-5B75C5F4DD1A}.Release_Net20|Any CPU.ActiveCfg = Release|Any CPU
		{F237AE63-0021-4873-AC36-5B75C5F4DD1A}.Release_Net20|Any CPU.Build.0 = Release|Any CPU
		{F237AE63-0021-4873-AC36-5B75C5F4DD1A}.Release_Net35|Any CPU.ActiveCfg = Release|Any CPU
		{F237AE63-0021-4873-AC36-5B75C5F4DD1A}.Release_Net35|Any CPU.Build.0 = Release|Any CPU
		{F237AE63-0021-4873-AC36-5B75C5F4DD1A}.Release|Any CPU.ActiveCfg = Release|Any CPU
		{F237AE63-0021-4873-AC36-5B75C5F4DD1A}.Release|Any CPU.Build.0 = Release|Any CPU
		{636B92E8-D491-4066-BDD2-7954E8B0BE1A}.Debug_Net20|Any CPU.ActiveCfg = Debug|Any CPU
		{636B92E8-D491-4066-BDD2-7954E8B0BE1A}.Debug_Net20|Any CPU.Build.0 = Debug|Any CPU
		{636B92E8-D491-4066-BDD2-7954E8B0BE1A}.Debug_Net35|Any CPU.ActiveCfg = Debug|Any CPU
		{636B92E8-D491-4066-BDD2-7954E8B0BE1A}.Debug_Net35|Any CPU.Build.0 = Debug|Any CPU
		{636B92E8-D491-4066-BDD2-7954E8B0BE1A}.Debug|Any CPU.ActiveCfg = Debug|Any CPU
		{636B92E8-D491-4066-BDD2-7954E8B0BE1A}.Debug|Any CPU.Build.0 = Debug|Any CPU
		{636B92E8-D491-4066-BDD2-7954E8B0BE1A}.Release_Net20|Any CPU.ActiveCfg = Release|Any CPU
		{636B92E8-D491-4066-BDD2-7954E8B0BE1A}.Release_Net20|Any CPU.Build.0 = Release|Any CPU
		{636B92E8-D491-4066-BDD2-7954E8B0BE1A}.Release_Net35|Any CPU.ActiveCfg = Release|Any CPU
		{636B92E8-D491-4066-BDD2-7954E8B0BE1A}.Release_Net35|Any CPU.Build.0 = Release|Any CPU
		{636B92E8-D491-4066-BDD2-7954E8B0BE1A}.Release|Any CPU.ActiveCfg = Release|Any CPU
		{636B92E8-D491-4066-BDD2-7954E8B0BE1A}.Release|Any CPU.Build.0 = Release|Any CPU
		{AE37DE1F-22F7-49EE-8732-FC6BC8DC58D9}.Debug_Net20|Any CPU.ActiveCfg = Debug|Any CPU
		{AE37DE1F-22F7-49EE-8732-FC6BC8DC58D9}.Debug_Net20|Any CPU.Build.0 = Debug|Any CPU
		{AE37DE1F-22F7-49EE-8732-FC6BC8DC58D9}.Debug_Net35|Any CPU.ActiveCfg = Debug|Any CPU
		{AE37DE1F-22F7-49EE-8732-FC6BC8DC58D9}.Debug_Net35|Any CPU.Build.0 = Debug|Any CPU
		{AE37DE1F-22F7-49EE-8732-FC6BC8DC58D9}.Debug|Any CPU.ActiveCfg = Debug|Any CPU
		{AE37DE1F-22F7-49EE-8732-FC6BC8DC58D9}.Debug|Any CPU.Build.0 = Debug|Any CPU
		{AE37DE1F-22F7-49EE-8732-FC6BC8DC58D9}.Release_Net20|Any CPU.ActiveCfg = Release|Any CPU
		{AE37DE1F-22F7-49EE-8732-FC6BC8DC58D9}.Release_Net20|Any CPU.Build.0 = Release|Any CPU
		{AE37DE1F-22F7-49EE-8732-FC6BC8DC58D9}.Release_Net35|Any CPU.ActiveCfg = Release|Any CPU
		{AE37DE1F-22F7-49EE-8732-FC6BC8DC58D9}.Release_Net35|Any CPU.Build.0 = Release|Any CPU
		{AE37DE1F-22F7-49EE-8732-FC6BC8DC58D9}.Release|Any CPU.ActiveCfg = Release|Any CPU
		{AE37DE1F-22F7-49EE-8732-FC6BC8DC58D9}.Release|Any CPU.Build.0 = Release|Any CPU
		{9142B0A3-44AD-4CDB-8F71-E54DE2BA7D9B}.Debug_Net20|Any CPU.ActiveCfg = Debug|Any CPU
		{9142B0A3-44AD-4CDB-8F71-E54DE2BA7D9B}.Debug_Net20|Any CPU.Build.0 = Debug|Any CPU
		{9142B0A3-44AD-4CDB-8F71-E54DE2BA7D9B}.Debug_Net35|Any CPU.ActiveCfg = Debug|Any CPU
		{9142B0A3-44AD-4CDB-8F71-E54DE2BA7D9B}.Debug_Net35|Any CPU.Build.0 = Debug|Any CPU
		{9142B0A3-44AD-4CDB-8F71-E54DE2BA7D9B}.Debug|Any CPU.ActiveCfg = Debug|Any CPU
		{9142B0A3-44AD-4CDB-8F71-E54DE2BA7D9B}.Debug|Any CPU.Build.0 = Debug|Any CPU
		{9142B0A3-44AD-4CDB-8F71-E54DE2BA7D9B}.Release_Net20|Any CPU.ActiveCfg = Release|Any CPU
		{9142B0A3-44AD-4CDB-8F71-E54DE2BA7D9B}.Release_Net20|Any CPU.Build.0 = Release|Any CPU
		{9142B0A3-44AD-4CDB-8F71-E54DE2BA7D9B}.Release_Net35|Any CPU.ActiveCfg = Release|Any CPU
		{9142B0A3-44AD-4CDB-8F71-E54DE2BA7D9B}.Release_Net35|Any CPU.Build.0 = Release|Any CPU
		{9142B0A3-44AD-4CDB-8F71-E54DE2BA7D9B}.Release|Any CPU.ActiveCfg = Release|Any CPU
		{9142B0A3-44AD-4CDB-8F71-E54DE2BA7D9B}.Release|Any CPU.Build.0 = Release|Any CPU
		{711A537B-BAE4-41CC-9B46-80DD0741D9D6}.Debug_Net20|Any CPU.ActiveCfg = Debug|Any CPU
		{711A537B-BAE4-41CC-9B46-80DD0741D9D6}.Debug_Net20|Any CPU.Build.0 = Debug|Any CPU
		{711A537B-BAE4-41CC-9B46-80DD0741D9D6}.Debug_Net35|Any CPU.ActiveCfg = Debug|Any CPU
		{711A537B-BAE4-41CC-9B46-80DD0741D9D6}.Debug_Net35|Any CPU.Build.0 = Debug|Any CPU
		{711A537B-BAE4-41CC-9B46-80DD0741D9D6}.Debug|Any CPU.ActiveCfg = Debug|Any CPU
		{711A537B-BAE4-41CC-9B46-80DD0741D9D6}.Debug|Any CPU.Build.0 = Debug|Any CPU
		{711A537B-BAE4-41CC-9B46-80DD0741D9D6}.Release_Net20|Any CPU.ActiveCfg = Release|Any CPU
		{711A537B-BAE4-41CC-9B46-80DD0741D9D6}.Release_Net20|Any CPU.Build.0 = Release|Any CPU
		{711A537B-BAE4-41CC-9B46-80DD0741D9D6}.Release_Net35|Any CPU.ActiveCfg = Release|Any CPU
		{711A537B-BAE4-41CC-9B46-80DD0741D9D6}.Release_Net35|Any CPU.Build.0 = Release|Any CPU
		{711A537B-BAE4-41CC-9B46-80DD0741D9D6}.Release|Any CPU.ActiveCfg = Release|Any CPU
		{711A537B-BAE4-41CC-9B46-80DD0741D9D6}.Release|Any CPU.Build.0 = Release|Any CPU
		{B139E1D5-091B-40D2-B7A2-7D7D82E13019}.Debug_Net20|Any CPU.ActiveCfg = Debug_Net20|Any CPU
		{B139E1D5-091B-40D2-B7A2-7D7D82E13019}.Debug_Net20|Any CPU.Build.0 = Debug_Net20|Any CPU
		{B139E1D5-091B-40D2-B7A2-7D7D82E13019}.Debug_Net35|Any CPU.ActiveCfg = Debug_Net35|Any CPU
		{B139E1D5-091B-40D2-B7A2-7D7D82E13019}.Debug_Net35|Any CPU.Build.0 = Debug_Net35|Any CPU
		{B139E1D5-091B-40D2-B7A2-7D7D82E13019}.Debug|Any CPU.ActiveCfg = Debug_Net35|Any CPU
		{B139E1D5-091B-40D2-B7A2-7D7D82E13019}.Debug|Any CPU.Build.0 = Debug_Net35|Any CPU
		{B139E1D5-091B-40D2-B7A2-7D7D82E13019}.Release_Net20|Any CPU.ActiveCfg = Release_Net20|Any CPU
		{B139E1D5-091B-40D2-B7A2-7D7D82E13019}.Release_Net20|Any CPU.Build.0 = Release_Net20|Any CPU
		{B139E1D5-091B-40D2-B7A2-7D7D82E13019}.Release_Net35|Any CPU.ActiveCfg = Release_Net35|Any CPU
		{B139E1D5-091B-40D2-B7A2-7D7D82E13019}.Release_Net35|Any CPU.Build.0 = Release_Net35|Any CPU
		{B139E1D5-091B-40D2-B7A2-7D7D82E13019}.Release|Any CPU.ActiveCfg = Release_Net35|Any CPU
		{B139E1D5-091B-40D2-B7A2-7D7D82E13019}.Release|Any CPU.Build.0 = Release_Net35|Any CPU
	EndGlobalSection
	GlobalSection(SolutionProperties) = preSolution
		HideSolutionNode = FALSE
	EndGlobalSection
EndGlobal
