
Microsoft Visual Studio Solution File, Format Version 10.00
# Visual Studio 2008
Project("{FAE04EC0-301F-11D3-BF4B-00C04F79EFBC}") = "SharpMap.Presentation.AspNet", "SharpMap.Presentation\AspNet\SharpMap.Presentation.AspNet.csproj", "{1677C565-FA87-419F-B925-02A5CAA97E8D}"
EndProject
Project("{FAE04EC0-301F-11D3-BF4B-00C04F79EFBC}") = "GeoAPI.Net", "GeoAPI\src\GeoAPI\GeoAPI.Net.csproj", "{FFB69466-79DE-466A-ADA7-5C47C5C5CA3A}"
EndProject
Project("{FAE04EC0-301F-11D3-BF4B-00C04F79EFBC}") = "SharpMap", "SharpMap\SharpMap.csproj", "{C83777FC-AABB-47D9-911F-D76255D4D541}"
EndProject
Project("{FAE04EC0-301F-11D3-BF4B-00C04F79EFBC}") = "NPack", "NPack\NPack\NPack.csproj", "{B139E1D5-091B-40D2-B7A2-7D7D82E13019}"
EndProject
Project("{FAE04EC0-301F-11D3-BF4B-00C04F79EFBC}") = "ProjNet", "Proj.Net\ProjNet\ProjNet.csproj", "{E028BDD2-55E1-4E5F-BE31-35FAEC8D6428}"
EndProject
Project("{FAE04EC0-301F-11D3-BF4B-00C04F79EFBC}") = "SharpMap.Rendering.Gdi", "SharpMap.Rendering\Gdi\SharpMap.Rendering.Gdi.csproj", "{EC29E6E4-CE31-4989-BAA7-0125F1F8910A}"
EndProject
Project("{FAE04EC0-301F-11D3-BF4B-00C04F79EFBC}") = "SharpMap.Rendering.Web.Gdi", "SharpMap.Rendering\Web.Gdi\SharpMap.Rendering.Web.Gdi.csproj", "{E49D450A-86DA-4CDE-8FC7-5A645165B615}"
EndProject
Project("{FAE04EC0-301F-11D3-BF4B-00C04F79EFBC}") = "SharpMap.Presentation.AspNet.Demo", "Demos\WebSite\SharpMap.Presentation.AspNet.Demo.csproj", "{62E2FE54-8B03-4CC8-B348-DBB1C9D1E6F7}"
EndProject
Project("{FAE04EC0-301F-11D3-BF4B-00C04F79EFBC}") = "SharpMap.Data.Providers.Db", "SharpMap.Data.Providers\DbProviderBase\SharpMap.Data.Providers.Db.csproj", "{FEE2753F-DCC2-4DC6-9651-FA2CED8A2974}"
EndProject
Project("{FAE04EC0-301F-11D3-BF4B-00C04F79EFBC}") = "SharpMap.Data.Providers.MsSqlServer2008", "SharpMap.Data.Providers\MsSqlServer2008\SharpMap.Data.Providers.MsSqlServer2008.csproj", "{184C9D40-7999-46E4-8407-AD6480F75D87}"
EndProject
Project("{FAE04EC0-301F-11D3-BF4B-00C04F79EFBC}") = "SharpMap.Data.Providers.MsSqlSpatial", "SharpMap.Data.Providers\MsSqlSpatial\SharpMap.Data.Providers.MsSqlSpatial.csproj", "{CEADC931-47FB-483C-A849-8B890FD6F0E1}"
EndProject
Project("{FAE04EC0-301F-11D3-BF4B-00C04F79EFBC}") = "SharpMap.Rendering.Web.GeoJson", "SharpMap.Rendering\Web.GeoJson\SharpMap.Rendering.Web.GeoJson.csproj", "{B60BBA75-4204-4202-84B0-BCE771E02A9F}"
EndProject
Project("{FAE04EC0-301F-11D3-BF4B-00C04F79EFBC}") = "SharpMap.Presentation.AspNet.WmsServer", "SharpMap.Presentation\AspNet\WmsServer\SharpMap.Presentation.AspNet.WmsServer.csproj", "{952DAB9D-38D8-45E6-A089-84AB5A3D8A62}"
EndProject
Project("{FAE04EC0-301F-11D3-BF4B-00C04F79EFBC}") = "SharpMap.Data.Providers.ShapeFile", "SharpMap.Data.Providers\ShapeFileProvider\SharpMap.Data.Providers.ShapeFile.csproj", "{4D5343CE-7E0E-46B5-9F80-A31BDA78D609}"
EndProject
Project("{FAE04EC0-301F-11D3-BF4B-00C04F79EFBC}") = "SharpMap.Rendering.GeoJson", "SharpMap.Rendering\GeoJSON\SharpMap.Rendering.GeoJson.csproj", "{019FE8B5-5822-4272-B75C-8BDDAB479284}"
EndProject
Project("{FAE04EC0-301F-11D3-BF4B-00C04F79EFBC}") = "SharpLayers", "SharpLayers\SharpLayers\SharpLayers.csproj", "{55D8CA16-5284-45F3-8B6D-55DE4901D133}"
EndProject
Project("{FAE04EC0-301F-11D3-BF4B-00C04F79EFBC}") = "NetTopologySuite", "NTS\NetTopologySuite\NetTopologySuite.csproj", "{5770DAA9-84E5-4770-AF43-F6B815894368}"
EndProject
Project("{FAE04EC0-301F-11D3-BF4B-00C04F79EFBC}") = "ManagedBufferedCoordinate", "NTS\ManagedBufferedCoordinate\ManagedBufferedCoordinate.csproj", "{8A1C8DC2-9E24-47E9-A51C-AA46E0B0260C}"
EndProject
Project("{FAE04EC0-301F-11D3-BF4B-00C04F79EFBC}") = "ManagedBufferedCoordinateTests", "NTS\ManagedBufferedCoordinateTests\ManagedBufferedCoordinateTests.csproj", "{66EF7231-2966-4FCA-8113-D1B2686447FF}"
EndProject
Project("{FAE04EC0-301F-11D3-BF4B-00C04F79EFBC}") = "NetTopologySuite.Tests", "NTS\NetTopologySuite.Tests\NetTopologySuite.Tests.csproj", "{595A5015-A2FC-41C9-8ED4-FE1B72C235B6}"
EndProject
Project("{FAE04EC0-301F-11D3-BF4B-00C04F79EFBC}") = "NetTopologySuite.TestRunner", "NTS\NetTopologySuite.TestRunner\NetTopologySuite.TestRunner.csproj", "{13669184-2446-404F-8894-5E20B6C3FCC6}"
EndProject
Project("{FAE04EC0-301F-11D3-BF4B-00C04F79EFBC}") = "GeoAPI.Tests", "GeoAPI\src\GeoAPI.Tests\GeoAPI.Tests.csproj", "{0761C598-52C7-4ABA-B024-64B31022E573}"
EndProject
Project("{FAE04EC0-301F-11D3-BF4B-00C04F79EFBC}") = "TestSharpLayers", "SharpLayers\TestSharpLayers\TestSharpLayers.csproj", "{B0CA0EB9-7F7C-4C55-98D5-EAE3D285189D}"
EndProject
Global
	GlobalSection(SolutionConfigurationPlatforms) = preSolution
		Debug_Net20|Any CPU = Debug_Net20|Any CPU
		Debug_Net35|Any CPU = Debug_Net35|Any CPU
		Release_Net20|Any CPU = Release_Net20|Any CPU
		Release_Net35|Any CPU = Release_Net35|Any CPU
	EndGlobalSection
	GlobalSection(ProjectConfigurationPlatforms) = postSolution
		{1677C565-FA87-419F-B925-02A5CAA97E8D}.Debug_Net20|Any CPU.ActiveCfg = Debug_Net20|Any CPU
		{1677C565-FA87-419F-B925-02A5CAA97E8D}.Debug_Net20|Any CPU.Build.0 = Debug_Net20|Any CPU
		{1677C565-FA87-419F-B925-02A5CAA97E8D}.Debug_Net35|Any CPU.ActiveCfg = Debug_Net35|Any CPU
		{1677C565-FA87-419F-B925-02A5CAA97E8D}.Debug_Net35|Any CPU.Build.0 = Debug_Net35|Any CPU
		{1677C565-FA87-419F-B925-02A5CAA97E8D}.Release_Net20|Any CPU.ActiveCfg = Release_Net20|Any CPU
		{1677C565-FA87-419F-B925-02A5CAA97E8D}.Release_Net20|Any CPU.Build.0 = Release_Net20|Any CPU
		{1677C565-FA87-419F-B925-02A5CAA97E8D}.Release_Net35|Any CPU.ActiveCfg = Release_Net35|Any CPU
		{1677C565-FA87-419F-B925-02A5CAA97E8D}.Release_Net35|Any CPU.Build.0 = Release_Net35|Any CPU
		{FFB69466-79DE-466A-ADA7-5C47C5C5CA3A}.Debug_Net20|Any CPU.ActiveCfg = Debug_Net20|Any CPU
		{FFB69466-79DE-466A-ADA7-5C47C5C5CA3A}.Debug_Net20|Any CPU.Build.0 = Debug_Net20|Any CPU
		{FFB69466-79DE-466A-ADA7-5C47C5C5CA3A}.Debug_Net35|Any CPU.ActiveCfg = Debug_Net35|Any CPU
		{FFB69466-79DE-466A-ADA7-5C47C5C5CA3A}.Debug_Net35|Any CPU.Build.0 = Debug_Net35|Any CPU
		{FFB69466-79DE-466A-ADA7-5C47C5C5CA3A}.Release_Net20|Any CPU.ActiveCfg = Release_Net20|Any CPU
		{FFB69466-79DE-466A-ADA7-5C47C5C5CA3A}.Release_Net20|Any CPU.Build.0 = Release_Net20|Any CPU
		{FFB69466-79DE-466A-ADA7-5C47C5C5CA3A}.Release_Net35|Any CPU.ActiveCfg = Release_Net35|Any CPU
		{FFB69466-79DE-466A-ADA7-5C47C5C5CA3A}.Release_Net35|Any CPU.Build.0 = Release_Net35|Any CPU
		{C83777FC-AABB-47D9-911F-D76255D4D541}.Debug_Net20|Any CPU.ActiveCfg = Debug_Net20|Any CPU
		{C83777FC-AABB-47D9-911F-D76255D4D541}.Debug_Net20|Any CPU.Build.0 = Debug_Net20|Any CPU
		{C83777FC-AABB-47D9-911F-D76255D4D541}.Debug_Net35|Any CPU.ActiveCfg = Debug_Net35|Any CPU
		{C83777FC-AABB-47D9-911F-D76255D4D541}.Debug_Net35|Any CPU.Build.0 = Debug_Net35|Any CPU
		{C83777FC-AABB-47D9-911F-D76255D4D541}.Release_Net20|Any CPU.ActiveCfg = Release_Net20|Any CPU
		{C83777FC-AABB-47D9-911F-D76255D4D541}.Release_Net20|Any CPU.Build.0 = Release_Net20|Any CPU
		{C83777FC-AABB-47D9-911F-D76255D4D541}.Release_Net35|Any CPU.ActiveCfg = Release_Net35|Any CPU
		{C83777FC-AABB-47D9-911F-D76255D4D541}.Release_Net35|Any CPU.Build.0 = Release_Net35|Any CPU
		{B139E1D5-091B-40D2-B7A2-7D7D82E13019}.Debug_Net20|Any CPU.ActiveCfg = Debug_Net20|Any CPU
		{B139E1D5-091B-40D2-B7A2-7D7D82E13019}.Debug_Net20|Any CPU.Build.0 = Debug_Net20|Any CPU
		{B139E1D5-091B-40D2-B7A2-7D7D82E13019}.Debug_Net35|Any CPU.ActiveCfg = Debug_Net35|Any CPU
		{B139E1D5-091B-40D2-B7A2-7D7D82E13019}.Debug_Net35|Any CPU.Build.0 = Debug_Net35|Any CPU
		{B139E1D5-091B-40D2-B7A2-7D7D82E13019}.Release_Net20|Any CPU.ActiveCfg = Release_Net20|Any CPU
		{B139E1D5-091B-40D2-B7A2-7D7D82E13019}.Release_Net20|Any CPU.Build.0 = Release_Net20|Any CPU
		{B139E1D5-091B-40D2-B7A2-7D7D82E13019}.Release_Net35|Any CPU.ActiveCfg = Release_Net35|Any CPU
		{B139E1D5-091B-40D2-B7A2-7D7D82E13019}.Release_Net35|Any CPU.Build.0 = Release_Net35|Any CPU
		{E028BDD2-55E1-4E5F-BE31-35FAEC8D6428}.Debug_Net20|Any CPU.ActiveCfg = Debug_Net20|Any CPU
		{E028BDD2-55E1-4E5F-BE31-35FAEC8D6428}.Debug_Net20|Any CPU.Build.0 = Debug_Net20|Any CPU
		{E028BDD2-55E1-4E5F-BE31-35FAEC8D6428}.Debug_Net35|Any CPU.ActiveCfg = Debug_Net35|Any CPU
		{E028BDD2-55E1-4E5F-BE31-35FAEC8D6428}.Debug_Net35|Any CPU.Build.0 = Debug_Net35|Any CPU
		{E028BDD2-55E1-4E5F-BE31-35FAEC8D6428}.Release_Net20|Any CPU.ActiveCfg = Release_Net20|Any CPU
		{E028BDD2-55E1-4E5F-BE31-35FAEC8D6428}.Release_Net20|Any CPU.Build.0 = Release_Net20|Any CPU
		{E028BDD2-55E1-4E5F-BE31-35FAEC8D6428}.Release_Net35|Any CPU.ActiveCfg = Release_Net35|Any CPU
		{E028BDD2-55E1-4E5F-BE31-35FAEC8D6428}.Release_Net35|Any CPU.Build.0 = Release_Net35|Any CPU
		{EC29E6E4-CE31-4989-BAA7-0125F1F8910A}.Debug_Net20|Any CPU.ActiveCfg = Debug_Net20|Any CPU
		{EC29E6E4-CE31-4989-BAA7-0125F1F8910A}.Debug_Net20|Any CPU.Build.0 = Debug_Net20|Any CPU
		{EC29E6E4-CE31-4989-BAA7-0125F1F8910A}.Debug_Net35|Any CPU.ActiveCfg = Debug_Net35|Any CPU
		{EC29E6E4-CE31-4989-BAA7-0125F1F8910A}.Debug_Net35|Any CPU.Build.0 = Debug_Net35|Any CPU
		{EC29E6E4-CE31-4989-BAA7-0125F1F8910A}.Release_Net20|Any CPU.ActiveCfg = Release_Net20|Any CPU
		{EC29E6E4-CE31-4989-BAA7-0125F1F8910A}.Release_Net20|Any CPU.Build.0 = Release_Net20|Any CPU
		{EC29E6E4-CE31-4989-BAA7-0125F1F8910A}.Release_Net35|Any CPU.ActiveCfg = Release_Net35|Any CPU
		{EC29E6E4-CE31-4989-BAA7-0125F1F8910A}.Release_Net35|Any CPU.Build.0 = Release_Net35|Any CPU
		{E49D450A-86DA-4CDE-8FC7-5A645165B615}.Debug_Net20|Any CPU.ActiveCfg = Debug_Net20|Any CPU
		{E49D450A-86DA-4CDE-8FC7-5A645165B615}.Debug_Net20|Any CPU.Build.0 = Debug_Net20|Any CPU
		{E49D450A-86DA-4CDE-8FC7-5A645165B615}.Debug_Net35|Any CPU.ActiveCfg = Debug_Net35|Any CPU
		{E49D450A-86DA-4CDE-8FC7-5A645165B615}.Debug_Net35|Any CPU.Build.0 = Debug_Net35|Any CPU
		{E49D450A-86DA-4CDE-8FC7-5A645165B615}.Release_Net20|Any CPU.ActiveCfg = Release_Net20|Any CPU
		{E49D450A-86DA-4CDE-8FC7-5A645165B615}.Release_Net20|Any CPU.Build.0 = Release_Net20|Any CPU
		{E49D450A-86DA-4CDE-8FC7-5A645165B615}.Release_Net35|Any CPU.ActiveCfg = Release_Net35|Any CPU
		{E49D450A-86DA-4CDE-8FC7-5A645165B615}.Release_Net35|Any CPU.Build.0 = Release_Net35|Any CPU
		{62E2FE54-8B03-4CC8-B348-DBB1C9D1E6F7}.Debug_Net20|Any CPU.ActiveCfg = Debug_Net20|Any CPU
		{62E2FE54-8B03-4CC8-B348-DBB1C9D1E6F7}.Debug_Net20|Any CPU.Build.0 = Debug_Net20|Any CPU
		{62E2FE54-8B03-4CC8-B348-DBB1C9D1E6F7}.Debug_Net35|Any CPU.ActiveCfg = Debug_Net35|Any CPU
		{62E2FE54-8B03-4CC8-B348-DBB1C9D1E6F7}.Debug_Net35|Any CPU.Build.0 = Debug_Net35|Any CPU
		{62E2FE54-8B03-4CC8-B348-DBB1C9D1E6F7}.Release_Net20|Any CPU.ActiveCfg = Release_Net20|Any CPU
		{62E2FE54-8B03-4CC8-B348-DBB1C9D1E6F7}.Release_Net20|Any CPU.Build.0 = Release_Net20|Any CPU
		{62E2FE54-8B03-4CC8-B348-DBB1C9D1E6F7}.Release_Net35|Any CPU.ActiveCfg = Release_Net35|Any CPU
		{62E2FE54-8B03-4CC8-B348-DBB1C9D1E6F7}.Release_Net35|Any CPU.Build.0 = Release_Net35|Any CPU
		{FEE2753F-DCC2-4DC6-9651-FA2CED8A2974}.Debug_Net20|Any CPU.ActiveCfg = Debug_Net20|Any CPU
		{FEE2753F-DCC2-4DC6-9651-FA2CED8A2974}.Debug_Net20|Any CPU.Build.0 = Debug_Net20|Any CPU
		{FEE2753F-DCC2-4DC6-9651-FA2CED8A2974}.Debug_Net35|Any CPU.ActiveCfg = Debug_Net35|Any CPU
		{FEE2753F-DCC2-4DC6-9651-FA2CED8A2974}.Debug_Net35|Any CPU.Build.0 = Debug_Net35|Any CPU
		{FEE2753F-DCC2-4DC6-9651-FA2CED8A2974}.Release_Net20|Any CPU.ActiveCfg = Release_Net20|Any CPU
		{FEE2753F-DCC2-4DC6-9651-FA2CED8A2974}.Release_Net20|Any CPU.Build.0 = Release_Net20|Any CPU
		{FEE2753F-DCC2-4DC6-9651-FA2CED8A2974}.Release_Net35|Any CPU.ActiveCfg = Release_Net35|Any CPU
		{FEE2753F-DCC2-4DC6-9651-FA2CED8A2974}.Release_Net35|Any CPU.Build.0 = Release_Net35|Any CPU
		{184C9D40-7999-46E4-8407-AD6480F75D87}.Debug_Net20|Any CPU.ActiveCfg = Debug_Net20|Any CPU
		{184C9D40-7999-46E4-8407-AD6480F75D87}.Debug_Net20|Any CPU.Build.0 = Debug_Net20|Any CPU
		{184C9D40-7999-46E4-8407-AD6480F75D87}.Debug_Net35|Any CPU.ActiveCfg = Debug_Net35|Any CPU
		{184C9D40-7999-46E4-8407-AD6480F75D87}.Debug_Net35|Any CPU.Build.0 = Debug_Net35|Any CPU
		{184C9D40-7999-46E4-8407-AD6480F75D87}.Release_Net20|Any CPU.ActiveCfg = Release_Net20|Any CPU
		{184C9D40-7999-46E4-8407-AD6480F75D87}.Release_Net20|Any CPU.Build.0 = Release_Net20|Any CPU
		{184C9D40-7999-46E4-8407-AD6480F75D87}.Release_Net35|Any CPU.ActiveCfg = Release_Net35|Any CPU
		{184C9D40-7999-46E4-8407-AD6480F75D87}.Release_Net35|Any CPU.Build.0 = Release_Net35|Any CPU
		{CEADC931-47FB-483C-A849-8B890FD6F0E1}.Debug_Net20|Any CPU.ActiveCfg = Debug_Net20|Any CPU
		{CEADC931-47FB-483C-A849-8B890FD6F0E1}.Debug_Net20|Any CPU.Build.0 = Debug_Net20|Any CPU
		{CEADC931-47FB-483C-A849-8B890FD6F0E1}.Debug_Net35|Any CPU.ActiveCfg = Debug_Net35|Any CPU
		{CEADC931-47FB-483C-A849-8B890FD6F0E1}.Debug_Net35|Any CPU.Build.0 = Debug_Net35|Any CPU
		{CEADC931-47FB-483C-A849-8B890FD6F0E1}.Release_Net20|Any CPU.ActiveCfg = Release_Net20|Any CPU
		{CEADC931-47FB-483C-A849-8B890FD6F0E1}.Release_Net20|Any CPU.Build.0 = Release_Net20|Any CPU
		{CEADC931-47FB-483C-A849-8B890FD6F0E1}.Release_Net35|Any CPU.ActiveCfg = Release_Net35|Any CPU
		{CEADC931-47FB-483C-A849-8B890FD6F0E1}.Release_Net35|Any CPU.Build.0 = Release_Net35|Any CPU
		{B60BBA75-4204-4202-84B0-BCE771E02A9F}.Debug_Net20|Any CPU.ActiveCfg = Debug_Net20|Any CPU
		{B60BBA75-4204-4202-84B0-BCE771E02A9F}.Debug_Net20|Any CPU.Build.0 = Debug_Net20|Any CPU
		{B60BBA75-4204-4202-84B0-BCE771E02A9F}.Debug_Net35|Any CPU.ActiveCfg = Debug_Net35|Any CPU
		{B60BBA75-4204-4202-84B0-BCE771E02A9F}.Debug_Net35|Any CPU.Build.0 = Debug_Net35|Any CPU
		{B60BBA75-4204-4202-84B0-BCE771E02A9F}.Release_Net20|Any CPU.ActiveCfg = Release_Net20|Any CPU
		{B60BBA75-4204-4202-84B0-BCE771E02A9F}.Release_Net20|Any CPU.Build.0 = Release_Net20|Any CPU
		{B60BBA75-4204-4202-84B0-BCE771E02A9F}.Release_Net35|Any CPU.ActiveCfg = Release_Net35|Any CPU
		{B60BBA75-4204-4202-84B0-BCE771E02A9F}.Release_Net35|Any CPU.Build.0 = Release_Net35|Any CPU
		{952DAB9D-38D8-45E6-A089-84AB5A3D8A62}.Debug_Net20|Any CPU.ActiveCfg = Debug_Net20|Any CPU
		{952DAB9D-38D8-45E6-A089-84AB5A3D8A62}.Debug_Net20|Any CPU.Build.0 = Debug_Net20|Any CPU
		{952DAB9D-38D8-45E6-A089-84AB5A3D8A62}.Debug_Net35|Any CPU.ActiveCfg = Debug_Net35|Any CPU
		{952DAB9D-38D8-45E6-A089-84AB5A3D8A62}.Debug_Net35|Any CPU.Build.0 = Debug_Net35|Any CPU
		{952DAB9D-38D8-45E6-A089-84AB5A3D8A62}.Release_Net20|Any CPU.ActiveCfg = Release_Net20|Any CPU
		{952DAB9D-38D8-45E6-A089-84AB5A3D8A62}.Release_Net20|Any CPU.Build.0 = Release_Net20|Any CPU
		{952DAB9D-38D8-45E6-A089-84AB5A3D8A62}.Release_Net35|Any CPU.ActiveCfg = Release_Net35|Any CPU
		{952DAB9D-38D8-45E6-A089-84AB5A3D8A62}.Release_Net35|Any CPU.Build.0 = Release_Net35|Any CPU
		{4D5343CE-7E0E-46B5-9F80-A31BDA78D609}.Debug_Net20|Any CPU.ActiveCfg = Debug_Net20|Any CPU
		{4D5343CE-7E0E-46B5-9F80-A31BDA78D609}.Debug_Net20|Any CPU.Build.0 = Debug_Net20|Any CPU
		{4D5343CE-7E0E-46B5-9F80-A31BDA78D609}.Debug_Net35|Any CPU.ActiveCfg = Debug_Net35|Any CPU
		{4D5343CE-7E0E-46B5-9F80-A31BDA78D609}.Debug_Net35|Any CPU.Build.0 = Debug_Net35|Any CPU
		{4D5343CE-7E0E-46B5-9F80-A31BDA78D609}.Release_Net20|Any CPU.ActiveCfg = Release_Net20|Any CPU
		{4D5343CE-7E0E-46B5-9F80-A31BDA78D609}.Release_Net20|Any CPU.Build.0 = Release_Net20|Any CPU
		{4D5343CE-7E0E-46B5-9F80-A31BDA78D609}.Release_Net35|Any CPU.ActiveCfg = Release_Net35|Any CPU
		{4D5343CE-7E0E-46B5-9F80-A31BDA78D609}.Release_Net35|Any CPU.Build.0 = Release_Net35|Any CPU
		{019FE8B5-5822-4272-B75C-8BDDAB479284}.Debug_Net20|Any CPU.ActiveCfg = Debug_Net20|Any CPU
		{019FE8B5-5822-4272-B75C-8BDDAB479284}.Debug_Net20|Any CPU.Build.0 = Debug_Net20|Any CPU
		{019FE8B5-5822-4272-B75C-8BDDAB479284}.Debug_Net35|Any CPU.ActiveCfg = Debug_Net35|Any CPU
		{019FE8B5-5822-4272-B75C-8BDDAB479284}.Debug_Net35|Any CPU.Build.0 = Debug_Net35|Any CPU
		{019FE8B5-5822-4272-B75C-8BDDAB479284}.Release_Net20|Any CPU.ActiveCfg = Release_Net20|Any CPU
		{019FE8B5-5822-4272-B75C-8BDDAB479284}.Release_Net20|Any CPU.Build.0 = Release_Net20|Any CPU
		{019FE8B5-5822-4272-B75C-8BDDAB479284}.Release_Net35|Any CPU.ActiveCfg = Release_Net35|Any CPU
		{019FE8B5-5822-4272-B75C-8BDDAB479284}.Release_Net35|Any CPU.Build.0 = Release_Net35|Any CPU
		{55D8CA16-5284-45F3-8B6D-55DE4901D133}.Debug_Net20|Any CPU.ActiveCfg = Debug|Any CPU
		{55D8CA16-5284-45F3-8B6D-55DE4901D133}.Debug_Net20|Any CPU.Build.0 = Debug|Any CPU
		{55D8CA16-5284-45F3-8B6D-55DE4901D133}.Debug_Net35|Any CPU.ActiveCfg = Debug|Any CPU
		{55D8CA16-5284-45F3-8B6D-55DE4901D133}.Debug_Net35|Any CPU.Build.0 = Debug|Any CPU
		{55D8CA16-5284-45F3-8B6D-55DE4901D133}.Release_Net20|Any CPU.ActiveCfg = Release|Any CPU
		{55D8CA16-5284-45F3-8B6D-55DE4901D133}.Release_Net20|Any CPU.Build.0 = Release|Any CPU
		{55D8CA16-5284-45F3-8B6D-55DE4901D133}.Release_Net35|Any CPU.ActiveCfg = Release|Any CPU
		{55D8CA16-5284-45F3-8B6D-55DE4901D133}.Release_Net35|Any CPU.Build.0 = Release|Any CPU
		{5770DAA9-84E5-4770-AF43-F6B815894368}.Debug_Net20|Any CPU.ActiveCfg = Debug_Net20|Any CPU
		{5770DAA9-84E5-4770-AF43-F6B815894368}.Debug_Net20|Any CPU.Build.0 = Debug_Net20|Any CPU
		{5770DAA9-84E5-4770-AF43-F6B815894368}.Debug_Net35|Any CPU.ActiveCfg = Debug_Net35|Any CPU
		{5770DAA9-84E5-4770-AF43-F6B815894368}.Debug_Net35|Any CPU.Build.0 = Debug_Net35|Any CPU
		{5770DAA9-84E5-4770-AF43-F6B815894368}.Release_Net20|Any CPU.ActiveCfg = Release_Net20|Any CPU
		{5770DAA9-84E5-4770-AF43-F6B815894368}.Release_Net20|Any CPU.Build.0 = Release_Net20|Any CPU
		{5770DAA9-84E5-4770-AF43-F6B815894368}.Release_Net35|Any CPU.ActiveCfg = Release_Net35|Any CPU
		{5770DAA9-84E5-4770-AF43-F6B815894368}.Release_Net35|Any CPU.Build.0 = Release_Net35|Any CPU
		{8A1C8DC2-9E24-47E9-A51C-AA46E0B0260C}.Debug_Net20|Any CPU.ActiveCfg = Debug_Net20|Any CPU
		{8A1C8DC2-9E24-47E9-A51C-AA46E0B0260C}.Debug_Net20|Any CPU.Build.0 = Debug_Net20|Any CPU
		{8A1C8DC2-9E24-47E9-A51C-AA46E0B0260C}.Debug_Net35|Any CPU.ActiveCfg = Debug_Net35|Any CPU
		{8A1C8DC2-9E24-47E9-A51C-AA46E0B0260C}.Debug_Net35|Any CPU.Build.0 = Debug_Net35|Any CPU
		{8A1C8DC2-9E24-47E9-A51C-AA46E0B0260C}.Release_Net20|Any CPU.ActiveCfg = Release_Net20|Any CPU
		{8A1C8DC2-9E24-47E9-A51C-AA46E0B0260C}.Release_Net20|Any CPU.Build.0 = Release_Net20|Any CPU
		{8A1C8DC2-9E24-47E9-A51C-AA46E0B0260C}.Release_Net35|Any CPU.ActiveCfg = Release_Net35|Any CPU
		{8A1C8DC2-9E24-47E9-A51C-AA46E0B0260C}.Release_Net35|Any CPU.Build.0 = Release_Net35|Any CPU
		{66EF7231-2966-4FCA-8113-D1B2686447FF}.Debug_Net20|Any CPU.ActiveCfg = Debug_Net20|Any CPU
		{66EF7231-2966-4FCA-8113-D1B2686447FF}.Debug_Net20|Any CPU.Build.0 = Debug_Net20|Any CPU
		{66EF7231-2966-4FCA-8113-D1B2686447FF}.Debug_Net35|Any CPU.ActiveCfg = Debug_Net35|Any CPU
		{66EF7231-2966-4FCA-8113-D1B2686447FF}.Debug_Net35|Any CPU.Build.0 = Debug_Net35|Any CPU
		{66EF7231-2966-4FCA-8113-D1B2686447FF}.Release_Net20|Any CPU.ActiveCfg = Release_Net20|Any CPU
		{66EF7231-2966-4FCA-8113-D1B2686447FF}.Release_Net20|Any CPU.Build.0 = Release_Net20|Any CPU
		{66EF7231-2966-4FCA-8113-D1B2686447FF}.Release_Net35|Any CPU.ActiveCfg = Release_Net35|Any CPU
		{66EF7231-2966-4FCA-8113-D1B2686447FF}.Release_Net35|Any CPU.Build.0 = Release_Net35|Any CPU
		{595A5015-A2FC-41C9-8ED4-FE1B72C235B6}.Debug_Net20|Any CPU.ActiveCfg = Debug_Net20|Any CPU
		{595A5015-A2FC-41C9-8ED4-FE1B72C235B6}.Debug_Net20|Any CPU.Build.0 = Debug_Net20|Any CPU
		{595A5015-A2FC-41C9-8ED4-FE1B72C235B6}.Debug_Net35|Any CPU.ActiveCfg = Debug_Net20|Any CPU
		{595A5015-A2FC-41C9-8ED4-FE1B72C235B6}.Debug_Net35|Any CPU.Build.0 = Debug_Net20|Any CPU
		{595A5015-A2FC-41C9-8ED4-FE1B72C235B6}.Release_Net20|Any CPU.ActiveCfg = Release_Net20|Any CPU
		{595A5015-A2FC-41C9-8ED4-FE1B72C235B6}.Release_Net20|Any CPU.Build.0 = Release_Net20|Any CPU
		{595A5015-A2FC-41C9-8ED4-FE1B72C235B6}.Release_Net35|Any CPU.ActiveCfg = Release_Net20|Any CPU
		{595A5015-A2FC-41C9-8ED4-FE1B72C235B6}.Release_Net35|Any CPU.Build.0 = Release_Net20|Any CPU
		{13669184-2446-404F-8894-5E20B6C3FCC6}.Debug_Net20|Any CPU.ActiveCfg = Debug_Net20|Any CPU
		{13669184-2446-404F-8894-5E20B6C3FCC6}.Debug_Net20|Any CPU.Build.0 = Debug_Net20|Any CPU
		{13669184-2446-404F-8894-5E20B6C3FCC6}.Debug_Net35|Any CPU.ActiveCfg = Debug_Net35|Any CPU
		{13669184-2446-404F-8894-5E20B6C3FCC6}.Debug_Net35|Any CPU.Build.0 = Debug_Net35|Any CPU
		{13669184-2446-404F-8894-5E20B6C3FCC6}.Release_Net20|Any CPU.ActiveCfg = Release_Net20|Any CPU
		{13669184-2446-404F-8894-5E20B6C3FCC6}.Release_Net20|Any CPU.Build.0 = Release_Net20|Any CPU
		{13669184-2446-404F-8894-5E20B6C3FCC6}.Release_Net35|Any CPU.ActiveCfg = Release_Net35|Any CPU
		{13669184-2446-404F-8894-5E20B6C3FCC6}.Release_Net35|Any CPU.Build.0 = Release_Net35|Any CPU
		{0761C598-52C7-4ABA-B024-64B31022E573}.Debug_Net20|Any CPU.ActiveCfg = Debug_Net20|Any CPU
		{0761C598-52C7-4ABA-B024-64B31022E573}.Debug_Net20|Any CPU.Build.0 = Debug_Net20|Any CPU
		{0761C598-52C7-4ABA-B024-64B31022E573}.Debug_Net35|Any CPU.ActiveCfg = Debug_Net35|Any CPU
		{0761C598-52C7-4ABA-B024-64B31022E573}.Debug_Net35|Any CPU.Build.0 = Debug_Net35|Any CPU
		{0761C598-52C7-4ABA-B024-64B31022E573}.Release_Net20|Any CPU.ActiveCfg = Release_Net20|Any CPU
		{0761C598-52C7-4ABA-B024-64B31022E573}.Release_Net20|Any CPU.Build.0 = Release_Net20|Any CPU
		{0761C598-52C7-4ABA-B024-64B31022E573}.Release_Net35|Any CPU.ActiveCfg = Release_Net35|Any CPU
		{0761C598-52C7-4ABA-B024-64B31022E573}.Release_Net35|Any CPU.Build.0 = Release_Net35|Any CPU
		{B0CA0EB9-7F7C-4C55-98D5-EAE3D285189D}.Debug_Net20|Any CPU.ActiveCfg = Debug|Any CPU
		{B0CA0EB9-7F7C-4C55-98D5-EAE3D285189D}.Debug_Net20|Any CPU.Build.0 = Debug|Any CPU
		{B0CA0EB9-7F7C-4C55-98D5-EAE3D285189D}.Debug_Net35|Any CPU.ActiveCfg = Debug|Any CPU
		{B0CA0EB9-7F7C-4C55-98D5-EAE3D285189D}.Debug_Net35|Any CPU.Build.0 = Debug|Any CPU
		{B0CA0EB9-7F7C-4C55-98D5-EAE3D285189D}.Release_Net20|Any CPU.ActiveCfg = Release|Any CPU
		{B0CA0EB9-7F7C-4C55-98D5-EAE3D285189D}.Release_Net20|Any CPU.Build.0 = Release|Any CPU
		{B0CA0EB9-7F7C-4C55-98D5-EAE3D285189D}.Release_Net35|Any CPU.ActiveCfg = Release|Any CPU
		{B0CA0EB9-7F7C-4C55-98D5-EAE3D285189D}.Release_Net35|Any CPU.Build.0 = Release|Any CPU
	EndGlobalSection
	GlobalSection(SolutionProperties) = preSolution
		HideSolutionNode = FALSE
	EndGlobalSection
EndGlobal
