
Microsoft Visual Studio Solution File, Format Version 10.00
# Visual Studio 2008
Project("{FAE04EC0-301F-11D3-BF4B-00C04F79EFBC}") = "SharpMap", "SharpMap\SharpMap.csproj", "{C83777FC-AABB-47D9-911F-D76255D4D541}"
EndProject
Project("{FAE04EC0-301F-11D3-BF4B-00C04F79EFBC}") = "SharpMap.Rendering.Gdi", "SharpMap.Rendering.Gdi\SharpMap.Rendering.Gdi.csproj", "{EC29E6E4-CE31-4989-BAA7-0125F1F8910A}"
EndProject
Project("{FAE04EC0-301F-11D3-BF4B-00C04F79EFBC}") = "SharpMap.Presentation.WinForms", "SharpMap.Presentation.WinForms\SharpMap.Presentation.WinForms.csproj", "{E7E3A53F-6B4D-423B-A10E-F0580B87FB81}"
EndProject
Project("{FAE04EC0-301F-11D3-BF4B-00C04F79EFBC}") = "SharpMap.Tests", "SharpMap.Tests\SharpMap.Tests.csproj", "{96AD10C7-AAB9-49AB-B7F6-F7AD15778F0D}"
EndProject
Project("{FAE04EC0-301F-11D3-BF4B-00C04F79EFBC}") = "SharpMap.Rendering.Gdi.Tests", "SharpMap.Rendering.Gdi.Tests\SharpMap.Rendering.Gdi.Tests.csproj", "{C8C6AF1D-5BF0-4A25-A641-68F9EEB61153}"
EndProject
Project("{FAE04EC0-301F-11D3-BF4B-00C04F79EFBC}") = "DemoWinForm", "DemoWinForm\DemoWinForm.csproj", "{73A45373-6307-4D39-9FE9-E8803F95FAB6}"
EndProject
Project("{FAE04EC0-301F-11D3-BF4B-00C04F79EFBC}") = "SharpMap.Rendering.Wpf", "SharpMap.Rendering.Wpf\SharpMap.Rendering.Wpf.csproj", "{087DA4FD-AC7E-4F42-B6E2-2859FDA07BCA}"
EndProject
Project("{FAE04EC0-301F-11D3-BF4B-00C04F79EFBC}") = "SharpMap.Presentation.Windows", "SharpMap.Presentation.Windows\SharpMap.Presentation.Windows.csproj", "{718106C8-DE9D-421B-AD9B-4BF58CCC887C}"
EndProject
Project("{FAE04EC0-301F-11D3-BF4B-00C04F79EFBC}") = "SharpMap.Extensions.Data.Providers.PostGis", "SharpMap.Extensions\Data\Providers\PostGis\SharpMap.Extensions.Data.Providers.PostGis.csproj", "{141AB64A-46F5-4FA8-BD57-4284AB47C4AD}"
EndProject
Project("{FAE04EC0-301F-11D3-BF4B-00C04F79EFBC}") = "ProjNet", "Proj.Net\ProjNet\ProjNet.csproj", "{E028BDD2-55E1-4E5F-BE31-35FAEC8D6428}"
EndProject
Project("{FAE04EC0-301F-11D3-BF4B-00C04F79EFBC}") = "GeoAPINoTFS", "..\GeoAPI\src\GeoAPI\GeoAPINoTFS.csproj", "{FFB69466-79DE-466A-ADA7-5C47C5C5CA3A}"
EndProject
Project("{FAE04EC0-301F-11D3-BF4B-00C04F79EFBC}") = "NetTopologySuite", "..\NTS\NetTopologySuite\NetTopologySuite.csproj", "{5770DAA9-84E5-4770-AF43-F6B815894368}"
EndProject
Global
	GlobalSection(SolutionConfigurationPlatforms) = preSolution
		Debug|Any CPU = Debug|Any CPU
		Release|Any CPU = Release|Any CPU
	EndGlobalSection
	GlobalSection(ProjectConfigurationPlatforms) = postSolution
		{C83777FC-AABB-47D9-911F-D76255D4D541}.Debug|Any CPU.ActiveCfg = Debug|Any CPU
		{C83777FC-AABB-47D9-911F-D76255D4D541}.Debug|Any CPU.Build.0 = Debug|Any CPU
		{C83777FC-AABB-47D9-911F-D76255D4D541}.Release|Any CPU.ActiveCfg = Release|Any CPU
		{C83777FC-AABB-47D9-911F-D76255D4D541}.Release|Any CPU.Build.0 = Release|Any CPU
		{EC29E6E4-CE31-4989-BAA7-0125F1F8910A}.Debug|Any CPU.ActiveCfg = Debug|Any CPU
		{EC29E6E4-CE31-4989-BAA7-0125F1F8910A}.Debug|Any CPU.Build.0 = Debug|Any CPU
		{EC29E6E4-CE31-4989-BAA7-0125F1F8910A}.Release|Any CPU.ActiveCfg = Release|Any CPU
		{EC29E6E4-CE31-4989-BAA7-0125F1F8910A}.Release|Any CPU.Build.0 = Release|Any CPU
		{E7E3A53F-6B4D-423B-A10E-F0580B87FB81}.Debug|Any CPU.ActiveCfg = Debug|Any CPU
		{E7E3A53F-6B4D-423B-A10E-F0580B87FB81}.Debug|Any CPU.Build.0 = Debug|Any CPU
		{E7E3A53F-6B4D-423B-A10E-F0580B87FB81}.Release|Any CPU.ActiveCfg = Release|Any CPU
		{E7E3A53F-6B4D-423B-A10E-F0580B87FB81}.Release|Any CPU.Build.0 = Release|Any CPU
		{96AD10C7-AAB9-49AB-B7F6-F7AD15778F0D}.Debug|Any CPU.ActiveCfg = Debug|Any CPU
		{96AD10C7-AAB9-49AB-B7F6-F7AD15778F0D}.Debug|Any CPU.Build.0 = Debug|Any CPU
		{96AD10C7-AAB9-49AB-B7F6-F7AD15778F0D}.Release|Any CPU.ActiveCfg = Release|Any CPU
		{96AD10C7-AAB9-49AB-B7F6-F7AD15778F0D}.Release|Any CPU.Build.0 = Release|Any CPU
		{C8C6AF1D-5BF0-4A25-A641-68F9EEB61153}.Debug|Any CPU.ActiveCfg = Debug|Any CPU
		{C8C6AF1D-5BF0-4A25-A641-68F9EEB61153}.Debug|Any CPU.Build.0 = Debug|Any CPU
		{C8C6AF1D-5BF0-4A25-A641-68F9EEB61153}.Release|Any CPU.ActiveCfg = Release|Any CPU
		{C8C6AF1D-5BF0-4A25-A641-68F9EEB61153}.Release|Any CPU.Build.0 = Release|Any CPU
		{73A45373-6307-4D39-9FE9-E8803F95FAB6}.Debug|Any CPU.ActiveCfg = Debug|Any CPU
		{73A45373-6307-4D39-9FE9-E8803F95FAB6}.Debug|Any CPU.Build.0 = Debug|Any CPU
		{73A45373-6307-4D39-9FE9-E8803F95FAB6}.Release|Any CPU.ActiveCfg = Release|Any CPU
		{73A45373-6307-4D39-9FE9-E8803F95FAB6}.Release|Any CPU.Build.0 = Release|Any CPU
		{087DA4FD-AC7E-4F42-B6E2-2859FDA07BCA}.Debug|Any CPU.ActiveCfg = Debug|Any CPU
		{087DA4FD-AC7E-4F42-B6E2-2859FDA07BCA}.Debug|Any CPU.Build.0 = Debug|Any CPU
		{087DA4FD-AC7E-4F42-B6E2-2859FDA07BCA}.Release|Any CPU.ActiveCfg = Release|Any CPU
		{087DA4FD-AC7E-4F42-B6E2-2859FDA07BCA}.Release|Any CPU.Build.0 = Release|Any CPU
		{718106C8-DE9D-421B-AD9B-4BF58CCC887C}.Debug|Any CPU.ActiveCfg = Debug|Any CPU
		{718106C8-DE9D-421B-AD9B-4BF58CCC887C}.Debug|Any CPU.Build.0 = Debug|Any CPU
		{718106C8-DE9D-421B-AD9B-4BF58CCC887C}.Release|Any CPU.ActiveCfg = Release|Any CPU
		{718106C8-DE9D-421B-AD9B-4BF58CCC887C}.Release|Any CPU.Build.0 = Release|Any CPU
		{141AB64A-46F5-4FA8-BD57-4284AB47C4AD}.Debug|Any CPU.ActiveCfg = Debug|Any CPU
		{141AB64A-46F5-4FA8-BD57-4284AB47C4AD}.Debug|Any CPU.Build.0 = Debug|Any CPU
		{141AB64A-46F5-4FA8-BD57-4284AB47C4AD}.Release|Any CPU.ActiveCfg = Release|Any CPU
		{141AB64A-46F5-4FA8-BD57-4284AB47C4AD}.Release|Any CPU.Build.0 = Release|Any CPU
		{E028BDD2-55E1-4E5F-BE31-35FAEC8D6428}.Debug|Any CPU.ActiveCfg = Debug|Any CPU
		{E028BDD2-55E1-4E5F-BE31-35FAEC8D6428}.Debug|Any CPU.Build.0 = Debug|Any CPU
		{E028BDD2-55E1-4E5F-BE31-35FAEC8D6428}.Release|Any CPU.ActiveCfg = Release|Any CPU
		{E028BDD2-55E1-4E5F-BE31-35FAEC8D6428}.Release|Any CPU.Build.0 = Release|Any CPU
		{FFB69466-79DE-466A-ADA7-5C47C5C5CA3A}.Debug|Any CPU.ActiveCfg = v20_Debug|Any CPU
		{FFB69466-79DE-466A-ADA7-5C47C5C5CA3A}.Debug|Any CPU.Build.0 = v20_Debug|Any CPU
		{FFB69466-79DE-466A-ADA7-5C47C5C5CA3A}.Release|Any CPU.ActiveCfg = v35_Release|Any CPU
		{FFB69466-79DE-466A-ADA7-5C47C5C5CA3A}.Release|Any CPU.Build.0 = v35_Release|Any CPU
		{5770DAA9-84E5-4770-AF43-F6B815894368}.Debug|Any CPU.ActiveCfg = Debug|Any CPU
		{5770DAA9-84E5-4770-AF43-F6B815894368}.Debug|Any CPU.Build.0 = Debug|Any CPU
		{5770DAA9-84E5-4770-AF43-F6B815894368}.Release|Any CPU.ActiveCfg = Release|Any CPU
		{5770DAA9-84E5-4770-AF43-F6B815894368}.Release|Any CPU.Build.0 = Release|Any CPU
	EndGlobalSection
	GlobalSection(SolutionProperties) = preSolution
		HideSolutionNode = FALSE
	EndGlobalSection
	GlobalSection(TextTemplating) = postSolution
		TextTemplating = 1
	EndGlobalSection
EndGlobal
