
Microsoft Visual Studio Solution File, Format Version 11.00
# Visual Studio 2010
Project("{2150E333-8FDC-42A3-9474-1A3956D46DE8}") = "Demo Projects", "Demo Projects", "{C4E00EF9-D274-4D44-914C-7F871C755734}"
EndProject
Project("{2150E333-8FDC-42A3-9474-1A3956D46DE8}") = "Web", "Web", "{BDE2BFBD-FD53-405D-B004-D03A42A2BA10}"
EndProject
Project("{2150E333-8FDC-42A3-9474-1A3956D46DE8}") = "WinForms", "WinForms", "{187C6524-E36F-477E-A6DD-AEEF83316903}"
EndProject
Project("{2150E333-8FDC-42A3-9474-1A3956D46DE8}") = "Console", "Console", "{11EA7250-D5DD-47B5-A172-0B00F0B5882A}"
EndProject
Project("{2150E333-8FDC-42A3-9474-1A3956D46DE8}") = "Providers", "Providers", "{42AA19DF-EB80-4F26-A463-77F930F46BA3}"
EndProject
Project("{2150E333-8FDC-42A3-9474-1A3956D46DE8}") = "Presentation", "Presentation", "{21B1484A-5EA0-43E9-8455-7219734E4268}"
EndProject
Project("{2150E333-8FDC-42A3-9474-1A3956D46DE8}") = "Rendering", "Rendering", "{6DCFEC79-094D-447F-8DC1-EBABE8F7C896}"
EndProject
Project("{2150E333-8FDC-42A3-9474-1A3956D46DE8}") = "Tests", "Tests", "{66704095-A5F2-49D4-B4CC-DB50CB0C47FE}"
EndProject
Project("{2150E333-8FDC-42A3-9474-1A3956D46DE8}") = "FormatConverter", "FormatConverter", "{5C0B55B4-CE1B-47FB-97BC-E0379CB6BE2D}"
EndProject
Project("{2150E333-8FDC-42A3-9474-1A3956D46DE8}") = "Solution Items", "Solution Items", "{90BE5EAC-4A1B-4736-8CE0-E7558882C67A}"
	ProjectSection(SolutionItems) = preProject
		LocalTestRun.testrunconfig = LocalTestRun.testrunconfig
		SharpMap_v2_vs20081.vsmdi = SharpMap_v2_vs20081.vsmdi
	EndProjectSection
EndProject
Project("{FAE04EC0-301F-11D3-BF4B-00C04F79EFBC}") = "SharpMap.Presentation.AspNet", "SharpMap.Presentation\AspNet\SharpMap.Presentation.AspNet.csproj", "{1677C565-FA87-419F-B925-02A5CAA97E8D}"
EndProject
Project("{FAE04EC0-301F-11D3-BF4B-00C04F79EFBC}") = "SharpMap", "SharpMap\SharpMap.csproj", "{C83777FC-AABB-47D9-911F-D76255D4D541}"
EndProject
Project("{FAE04EC0-301F-11D3-BF4B-00C04F79EFBC}") = "SharpMap.Rendering.Gdi", "SharpMap.Rendering\Gdi\SharpMap.Rendering.Gdi.csproj", "{EC29E6E4-CE31-4989-BAA7-0125F1F8910A}"
EndProject
Project("{FAE04EC0-301F-11D3-BF4B-00C04F79EFBC}") = "SharpMap.Rendering.Web.Gdi", "SharpMap.Rendering\Web.Gdi\SharpMap.Rendering.Web.Gdi.csproj", "{E49D450A-86DA-4CDE-8FC7-5A645165B615}"
EndProject
Project("{FAE04EC0-301F-11D3-BF4B-00C04F79EFBC}") = "SharpMap.Demo.AspNet", "Demos\WebSite\SharpMap.Demo.AspNet.csproj", "{62E2FE54-8B03-4CC8-B348-DBB1C9D1E6F7}"
EndProject
Project("{FAE04EC0-301F-11D3-BF4B-00C04F79EFBC}") = "SharpMap.Data.Providers.Db", "SharpMap.Data.Providers\DbProviderBase\SharpMap.Data.Providers.Db.csproj", "{FEE2753F-DCC2-4DC6-9651-FA2CED8A2974}"
EndProject
Project("{FAE04EC0-301F-11D3-BF4B-00C04F79EFBC}") = "SharpMap.Data.Providers.MsSqlServer2008", "SharpMap.Data.Providers\MsSqlServer2008\SharpMap.Data.Providers.MsSqlServer2008.csproj", "{184C9D40-7999-46E4-8407-AD6480F75D87}"
EndProject
Project("{FAE04EC0-301F-11D3-BF4B-00C04F79EFBC}") = "SharpMap.Data.Providers.MsSqlSpatial", "SharpMap.Data.Providers\MsSqlSpatial\SharpMap.Data.Providers.MsSqlSpatial.csproj", "{CEADC931-47FB-483C-A849-8B890FD6F0E1}"
EndProject
Project("{FAE04EC0-301F-11D3-BF4B-00C04F79EFBC}") = "SharpMap.Rendering.Web.GeoJson", "SharpMap.Rendering\Web.GeoJson\SharpMap.Rendering.Web.GeoJson.csproj", "{B60BBA75-4204-4202-84B0-BCE771E02A9F}"
EndProject
Project("{FAE04EC0-301F-11D3-BF4B-00C04F79EFBC}") = "SharpMap.Presentation.AspNet.WmsServer", "SharpMap.Presentation\AspNet\WmsServer\SharpMap.Presentation.AspNet.WmsServer.csproj", "{952DAB9D-38D8-45E6-A089-84AB5A3D8A62}"
EndProject
Project("{FAE04EC0-301F-11D3-BF4B-00C04F79EFBC}") = "SharpMap.Data.Providers.ShapeFile", "SharpMap.Data.Providers\ShapeFileProvider\SharpMap.Data.Providers.ShapeFile.csproj", "{4D5343CE-7E0E-46B5-9F80-A31BDA78D609}"
EndProject
Project("{FAE04EC0-301F-11D3-BF4B-00C04F79EFBC}") = "SharpMap.Rendering.GeoJson", "SharpMap.Rendering\GeoJSON\SharpMap.Rendering.GeoJson.csproj", "{019FE8B5-5822-4272-B75C-8BDDAB479284}"
EndProject
Project("{FAE04EC0-301F-11D3-BF4B-00C04F79EFBC}") = "SharpMap.Demo.SharpLayers", "SharpLayers\TestSharpLayers\SharpMap.Demo.SharpLayers.csproj", "{B0CA0EB9-7F7C-4C55-98D5-EAE3D285189D}"
EndProject
Project("{FAE04EC0-301F-11D3-BF4B-00C04F79EFBC}") = "SharpMap.Demo.MapViewer", "Demos\SharpMapWinFormsDemo\SharpMap.Demo.MapViewer.csproj", "{74FFC63E-9E93-47E0-B634-D39801ED9A71}"
EndProject
Project("{FAE04EC0-301F-11D3-BF4B-00C04F79EFBC}") = "SharpMap.Presentation.WinForms", "SharpMap.Presentation\WinForms\SharpMap.Presentation.WinForms.csproj", "{E7E3A53F-6B4D-423B-A10E-F0580B87FB81}"
EndProject
Project("{FAE04EC0-301F-11D3-BF4B-00C04F79EFBC}") = "SharpMap.Data.Providers.Db.Test", "SharpMap.Data.Providers\SharpMap.Data.Providers.Db.Test\SharpMap.Data.Providers.Db.Test.csproj", "{E1E27E77-C153-4C29-AE44-D68121A2CAF6}"
EndProject
Project("{FAE04EC0-301F-11D3-BF4B-00C04F79EFBC}") = "SharpMap.Utilities", "SharpMap.Utilities\SharpMap.Utilities.csproj", "{011439C1-A53D-4DA1-AF8E-18D9D61121F4}"
EndProject
Project("{FAE04EC0-301F-11D3-BF4B-00C04F79EFBC}") = "SharpMap.Data.Providers.SpatiaLite2", "SharpMap.Data.Providers\SharpMap.Data.Providers.SpatialLite2\SharpMap.Data.Providers.SpatiaLite2.csproj", "{1BDB6244-385F-4482-8AE7-CECE83508DE1}"
EndProject
Project("{FAE04EC0-301F-11D3-BF4B-00C04F79EFBC}") = "SharpMapSymbology", "SharpMap\Symbology\SharpMapSymbology.csproj", "{C0E364F7-3A86-4DC4-865A-34ADAE4BAA7E}"
EndProject
Project("{FAE04EC0-301F-11D3-BF4B-00C04F79EFBC}") = "SharpMap.Data.Providers.PostGis", "SharpMap.Data.Providers\SharpMap.Data.Providers.PostGis\SharpMap.Data.Providers.PostGis.csproj", "{7C533D86-BD73-4F55-AE8B-2D95D97C0436}"
EndProject
Project("{FAE04EC0-301F-11D3-BF4B-00C04F79EFBC}") = "SharpMap.Presentation.Web.SharpLayers", "SharpLayers\SharpMap.Presentation.Web.SharpLayers\SharpMap.Presentation.Web.SharpLayers.csproj", "{7B83D60D-7B44-4A10-BB86-CD8ACF6C1D8E}"
EndProject
Project("{FAE04EC0-301F-11D3-BF4B-00C04F79EFBC}") = "Proj4Utility", "Proj4Utility\Proj4Utility.csproj", "{4AAC52D4-D27B-4A3A-9660-73A4E796207C}"
EndProject
Project("{FAE04EC0-301F-11D3-BF4B-00C04F79EFBC}") = "SharpMap.Demo.FeatureExporter", "Demos\SharpMap.Demo.FeatureExporter\SharpMap.Demo.FeatureExporter.csproj", "{A5F2DF47-F99C-4134-B4EF-79E876ED764C}"
EndProject
Project("{FAE04EC0-301F-11D3-BF4B-00C04F79EFBC}") = "SharpMap.Data.Providers.DB2SpatialExtender", "SharpMap.Data.Providers\SharpMap.Data.Providers.Db.DB2SpatialExtender\SharpMap.Data.Providers.DB2SpatialExtender.csproj", "{01510274-B131-4F36-BBA8-98DACC58BDC5}"
EndProject
Project("{FAE04EC0-301F-11D3-BF4B-00C04F79EFBC}") = "SharpMap.Demo.FormatConverter", "Demos\FormatConverter\SharpMap.Demo.FormatConverter\SharpMap.Demo.FormatConverter.csproj", "{9BF70D47-05D2-4C64-A21B-1A326547E718}"
	ProjectSection(ProjectDependencies) = postProject
		{690A0E31-3060-471A-92EA-18C1FE4C91D4} = {690A0E31-3060-471A-92EA-18C1FE4C91D4}
		{DF5C9960-620A-4292-8B19-0387E37D20E0} = {DF5C9960-620A-4292-8B19-0387E37D20E0}
		{A91F2DA0-BCB5-45F6-B63C-607AF4247696} = {A91F2DA0-BCB5-45F6-B63C-607AF4247696}
		{0C3FE0C3-DD37-4827-8E17-3FA0D10D536E} = {0C3FE0C3-DD37-4827-8E17-3FA0D10D536E}
	EndProjectSection
EndProject
Project("{FAE04EC0-301F-11D3-BF4B-00C04F79EFBC}") = "SharpMap.Demo.FormatConverter.Common", "Demos\FormatConverter\SharpMap.Demo.FormatConverter.Common\SharpMap.Demo.FormatConverter.Common.csproj", "{AFEE85D5-3E41-4C72-8515-8063DB2B9FC4}"
EndProject
Project("{FAE04EC0-301F-11D3-BF4B-00C04F79EFBC}") = "SharpMap.Demo.FormatConverter.MsSqlSpatial", "Demos\FormatConverter\SharpMap.Demo.FormatConverter.MsSqlSpatial\SharpMap.Demo.FormatConverter.MsSqlSpatial.csproj", "{A91F2DA0-BCB5-45F6-B63C-607AF4247696}"
EndProject
Project("{FAE04EC0-301F-11D3-BF4B-00C04F79EFBC}") = "SharpMap.Demo.FormatConverter.ShapeFile", "Demos\FormatConverter\SharpMap.Demo.FormatConverter.ShapeFile\SharpMap.Demo.FormatConverter.ShapeFile.csproj", "{0C3FE0C3-DD37-4827-8E17-3FA0D10D536E}"
EndProject
Project("{FAE04EC0-301F-11D3-BF4B-00C04F79EFBC}") = "SharpMap.Demo.FormatConverter.SqlServer2008", "Demos\FormatConverter\SharpMap.Demo.FormatConverter.SqlServer2008\SharpMap.Demo.FormatConverter.SqlServer2008.csproj", "{690A0E31-3060-471A-92EA-18C1FE4C91D4}"
EndProject
Project("{FAE04EC0-301F-11D3-BF4B-00C04F79EFBC}") = "SharpMap.Rendering.Web.GdiTransGif", "SharpMap.Rendering\Web.GdiTransGif\SharpMap.Rendering.Web.GdiTransGif.csproj", "{91509592-D1B9-4DDB-9D2C-F13FAB7E6FD1}"
EndProject
Project("{FAE04EC0-301F-11D3-BF4B-00C04F79EFBC}") = "SharpMap.Demo.FormatConverter.SpatiaLite2", "Demos\FormatConverter\SharpMap.Demo.FormatConverter.SpatialLite2\SharpMap.Demo.FormatConverter.SpatiaLite2.csproj", "{DF5C9960-620A-4292-8B19-0387E37D20E0}"
EndProject
Project("{FAE04EC0-301F-11D3-BF4B-00C04F79EFBC}") = "SharpMap.Demo.FormatConverter.PostGis", "Demos\FormatConverter\SharpMap.Demo.FormatConverter.PostGis\SharpMap.Demo.FormatConverter.PostGis.csproj", "{E8B95470-E24D-4708-8EF3-4C2E7AAF03F4}"
EndProject
Project("{FAE04EC0-301F-11D3-BF4B-00C04F79EFBC}") = "SharpMap.Data.Providers.PostGis.Tests", "SharpMap.Data.Providers\SharpMap.Data.Providers.PostGis\Tests\SharpMap.Data.Providers.PostGis.Tests.csproj", "{427384FB-A4EC-4CAB-AE72-C1A3D6835201}"
EndProject
Project("{FAE04EC0-301F-11D3-BF4B-00C04F79EFBC}") = "SharpMap.Tests", "SharpMap.Tests\SharpMap.Tests.csproj", "{96AD10C7-AAB9-49AB-B7F6-F7AD15778F0D}"
EndProject
Project("{FAE04EC0-301F-11D3-BF4B-00C04F79EFBC}") = "SharpMap.Data.Providers.Kml", "SharpMap.Data.Providers\SharpMap.Data.Providers.Kml\SharpMap.Data.Providers.Kml.csproj", "{D64968A4-5CE1-4ECC-89C6-C1A2449BC2BE}"
EndProject
Project("{FAE04EC0-301F-11D3-BF4B-00C04F79EFBC}") = "SharpMap.Data.Providers.Gml", "SharpMap.Data.Providers\SharpMap.Data.Providers.Gml\SharpMap.Data.Providers.Gml.csproj", "{CF70D069-7445-4ED2-B3D0-F4B2EFC2D814}"
EndProject
Project("{FAE04EC0-301F-11D3-BF4B-00C04F79EFBC}") = "SharpMap.Data.Providers.OpenStreetMap", "SharpMap.Data.Providers\SharpMap.Data.Providers.OpenStreetMap\SharpMap.Data.Providers.OpenStreetMap.csproj", "{6CB8B851-3EF1-4F5D-AF9F-E5A2ADCC4F8C}"
EndProject
Project("{FAE04EC0-301F-11D3-BF4B-00C04F79EFBC}") = "SharpMap.Rendering.Cairo.Tests", "SharpMap.Rendering\Cairo\SharpMap.Rendering.Cairo.Tests\SharpMap.Rendering.Cairo.Tests.csproj", "{58A46AA8-FCF0-4581-9CC0-937B124A5329}"
EndProject
Project("{FAE04EC0-301F-11D3-BF4B-00C04F79EFBC}") = "SharpMap.Rendering.Web.Cairo", "SharpMap.Rendering\Cairo\SharpMap.Rendering.Web.Cairo\SharpMap.Rendering.Web.Cairo.csproj", "{8E824CF1-A906-48C0-83E1-468823D10EFB}"
EndProject
Project("{FAE04EC0-301F-11D3-BF4B-00C04F79EFBC}") = "SharpMap.Rendering.Cairo", "SharpMap.Rendering\Cairo\SharpMap.Rendering.Cairo\SharpMap.Rendering.Cairo.csproj", "{132D6D22-8BC6-4D1C-A57C-04EF01C92456}"
EndProject
Project("{FAE04EC0-301F-11D3-BF4B-00C04F79EFBC}") = "GeoAPI.Net.vs2010.Net40", "NTS\GeoAPI\src\GeoAPI\GeoAPI.Net.vs2010.Net40.csproj", "{FFB69466-79DE-466A-ADA7-5C47C5C5CA3A}"
EndProject
Project("{FAE04EC0-301F-11D3-BF4B-00C04F79EFBC}") = "NPack.VS2010.Net40", "NTS\NPack\NPack\NPack.VS2010.Net40.csproj", "{B139E1D5-091B-40D2-B7A2-7D7D82E13019}"
EndProject
Project("{FAE04EC0-301F-11D3-BF4B-00C04F79EFBC}") = "NPack.Matrix.VS2010.Net40", "NTS\NPack\NPack.Matrix\NPack.Matrix.VS2010.Net40.csproj", "{D03CD20F-5081-4974-82E4-291577169B46}"
EndProject
Project("{FAE04EC0-301F-11D3-BF4B-00C04F79EFBC}") = "ManagedBufferedCoordinate.VS2010.Net40", "NTS\ManagedBufferedCoordinate\ManagedBufferedCoordinate.VS2010.Net40.csproj", "{8A1C8DC2-9E24-47E9-A51C-AA46E0B0260C}"
EndProject
Project("{FAE04EC0-301F-11D3-BF4B-00C04F79EFBC}") = "Coordinates.Simple.VS2010.Net40", "NTS\SimpleCoordinate\Coordinates.Simple.VS2010.Net40.csproj", "{FA286D16-E405-4FCB-95EA-BE1F9A4A83A4}"
EndProject
Project("{FAE04EC0-301F-11D3-BF4B-00C04F79EFBC}") = "NetTopologySuite.VS2010.Net40", "NTS\NetTopologySuite\NetTopologySuite.VS2010.Net40.csproj", "{5770DAA9-84E5-4770-AF43-F6B815894368}"
EndProject
Global
	GlobalSection(TestCaseManagementSettings) = postSolution
		CategoryFile = SharpMap_v2_vs20081.vsmdi
	EndGlobalSection
	GlobalSection(SolutionConfigurationPlatforms) = preSolution
		Debug_Net40|Any CPU = Debug_Net40|Any CPU
		Debug_Net40|x64 = Debug_Net40|x64
		Debug_Net40|x86 = Debug_Net40|x86
		Debug|Any CPU = Debug|Any CPU
		Debug|x64 = Debug|x64
		Debug|x86 = Debug|x86
		Release_Net40|Any CPU = Release_Net40|Any CPU
		Release_Net40|x64 = Release_Net40|x64
		Release_Net40|x86 = Release_Net40|x86
		Release|Any CPU = Release|Any CPU
		Release|x64 = Release|x64
		Release|x86 = Release|x86
	EndGlobalSection
	GlobalSection(ProjectConfigurationPlatforms) = postSolution
		{1677C565-FA87-419F-B925-02A5CAA97E8D}.Debug_Net40|Any CPU.ActiveCfg = Debug_Net40|Any CPU
		{1677C565-FA87-419F-B925-02A5CAA97E8D}.Debug_Net40|Any CPU.Build.0 = Debug_Net40|Any CPU
		{1677C565-FA87-419F-B925-02A5CAA97E8D}.Debug_Net40|x64.ActiveCfg = Debug_Net40|x64
		{1677C565-FA87-419F-B925-02A5CAA97E8D}.Debug_Net40|x64.Build.0 = Debug_Net40|x64
		{1677C565-FA87-419F-B925-02A5CAA97E8D}.Debug_Net40|x86.ActiveCfg = Debug_Net40|x86
		{1677C565-FA87-419F-B925-02A5CAA97E8D}.Debug_Net40|x86.Build.0 = Debug_Net40|x86
		{1677C565-FA87-419F-B925-02A5CAA97E8D}.Debug|Any CPU.ActiveCfg = Debug_Net35|Any CPU
		{1677C565-FA87-419F-B925-02A5CAA97E8D}.Debug|Any CPU.Build.0 = Debug_Net35|Any CPU
		{1677C565-FA87-419F-B925-02A5CAA97E8D}.Debug|x64.ActiveCfg = Debug_Net35|Any CPU
		{1677C565-FA87-419F-B925-02A5CAA97E8D}.Debug|x86.ActiveCfg = Debug_Net35|Any CPU
		{1677C565-FA87-419F-B925-02A5CAA97E8D}.Release_Net40|Any CPU.ActiveCfg = Release_Net40|Any CPU
		{1677C565-FA87-419F-B925-02A5CAA97E8D}.Release_Net40|Any CPU.Build.0 = Release_Net40|Any CPU
		{1677C565-FA87-419F-B925-02A5CAA97E8D}.Release_Net40|x64.ActiveCfg = Release_Net40|x64
		{1677C565-FA87-419F-B925-02A5CAA97E8D}.Release_Net40|x64.Build.0 = Release_Net40|x64
		{1677C565-FA87-419F-B925-02A5CAA97E8D}.Release_Net40|x86.ActiveCfg = Release_Net40|x86
		{1677C565-FA87-419F-B925-02A5CAA97E8D}.Release_Net40|x86.Build.0 = Release_Net40|x86
		{1677C565-FA87-419F-B925-02A5CAA97E8D}.Release|Any CPU.ActiveCfg = Release_Net35|Any CPU
		{1677C565-FA87-419F-B925-02A5CAA97E8D}.Release|Any CPU.Build.0 = Release_Net35|Any CPU
		{1677C565-FA87-419F-B925-02A5CAA97E8D}.Release|x64.ActiveCfg = Release_Net35|Any CPU
		{1677C565-FA87-419F-B925-02A5CAA97E8D}.Release|x86.ActiveCfg = Release_Net35|Any CPU
		{C83777FC-AABB-47D9-911F-D76255D4D541}.Debug_Net40|Any CPU.ActiveCfg = Debug_Net40|Any CPU
		{C83777FC-AABB-47D9-911F-D76255D4D541}.Debug_Net40|Any CPU.Build.0 = Debug_Net40|Any CPU
		{C83777FC-AABB-47D9-911F-D76255D4D541}.Debug_Net40|x64.ActiveCfg = Debug_Net40|x64
		{C83777FC-AABB-47D9-911F-D76255D4D541}.Debug_Net40|x64.Build.0 = Debug_Net40|x64
		{C83777FC-AABB-47D9-911F-D76255D4D541}.Debug_Net40|x86.ActiveCfg = Debug_Net40|x86
		{C83777FC-AABB-47D9-911F-D76255D4D541}.Debug_Net40|x86.Build.0 = Debug_Net40|x86
		{C83777FC-AABB-47D9-911F-D76255D4D541}.Debug|Any CPU.ActiveCfg = Debug_Net35|Any CPU
		{C83777FC-AABB-47D9-911F-D76255D4D541}.Debug|Any CPU.Build.0 = Debug_Net35|Any CPU
		{C83777FC-AABB-47D9-911F-D76255D4D541}.Debug|x64.ActiveCfg = Debug_Net35|Any CPU
		{C83777FC-AABB-47D9-911F-D76255D4D541}.Debug|x86.ActiveCfg = Debug_Net35|Any CPU
		{C83777FC-AABB-47D9-911F-D76255D4D541}.Release_Net40|Any CPU.ActiveCfg = Release_Net40|Any CPU
		{C83777FC-AABB-47D9-911F-D76255D4D541}.Release_Net40|Any CPU.Build.0 = Release_Net40|Any CPU
		{C83777FC-AABB-47D9-911F-D76255D4D541}.Release_Net40|x64.ActiveCfg = Release_Net40|x64
		{C83777FC-AABB-47D9-911F-D76255D4D541}.Release_Net40|x64.Build.0 = Release_Net40|x64
		{C83777FC-AABB-47D9-911F-D76255D4D541}.Release_Net40|x86.ActiveCfg = Release_Net40|x86
		{C83777FC-AABB-47D9-911F-D76255D4D541}.Release_Net40|x86.Build.0 = Release_Net40|x86
		{C83777FC-AABB-47D9-911F-D76255D4D541}.Release|Any CPU.ActiveCfg = Release_Net35|Any CPU
		{C83777FC-AABB-47D9-911F-D76255D4D541}.Release|Any CPU.Build.0 = Release_Net35|Any CPU
		{C83777FC-AABB-47D9-911F-D76255D4D541}.Release|x64.ActiveCfg = Release_Net35|Any CPU
		{C83777FC-AABB-47D9-911F-D76255D4D541}.Release|x86.ActiveCfg = Release_Net35|Any CPU
		{EC29E6E4-CE31-4989-BAA7-0125F1F8910A}.Debug_Net40|Any CPU.ActiveCfg = Debug_Net40|Any CPU
		{EC29E6E4-CE31-4989-BAA7-0125F1F8910A}.Debug_Net40|Any CPU.Build.0 = Debug_Net40|Any CPU
		{EC29E6E4-CE31-4989-BAA7-0125F1F8910A}.Debug_Net40|x64.ActiveCfg = Debug_Net40|x64
		{EC29E6E4-CE31-4989-BAA7-0125F1F8910A}.Debug_Net40|x64.Build.0 = Debug_Net40|x64
		{EC29E6E4-CE31-4989-BAA7-0125F1F8910A}.Debug_Net40|x86.ActiveCfg = Debug_Net40|x86
		{EC29E6E4-CE31-4989-BAA7-0125F1F8910A}.Debug_Net40|x86.Build.0 = Debug_Net40|x86
		{EC29E6E4-CE31-4989-BAA7-0125F1F8910A}.Debug|Any CPU.ActiveCfg = Debug_Net35|Any CPU
		{EC29E6E4-CE31-4989-BAA7-0125F1F8910A}.Debug|Any CPU.Build.0 = Debug_Net35|Any CPU
		{EC29E6E4-CE31-4989-BAA7-0125F1F8910A}.Debug|x64.ActiveCfg = Debug_Net35|Any CPU
		{EC29E6E4-CE31-4989-BAA7-0125F1F8910A}.Debug|x86.ActiveCfg = Debug_Net35|Any CPU
		{EC29E6E4-CE31-4989-BAA7-0125F1F8910A}.Release_Net40|Any CPU.ActiveCfg = Release_Net40|Any CPU
		{EC29E6E4-CE31-4989-BAA7-0125F1F8910A}.Release_Net40|Any CPU.Build.0 = Release_Net40|Any CPU
		{EC29E6E4-CE31-4989-BAA7-0125F1F8910A}.Release_Net40|x64.ActiveCfg = Release_Net40|x64
		{EC29E6E4-CE31-4989-BAA7-0125F1F8910A}.Release_Net40|x64.Build.0 = Release_Net40|x64
		{EC29E6E4-CE31-4989-BAA7-0125F1F8910A}.Release_Net40|x86.ActiveCfg = Release_Net40|x86
		{EC29E6E4-CE31-4989-BAA7-0125F1F8910A}.Release_Net40|x86.Build.0 = Release_Net40|x86
		{EC29E6E4-CE31-4989-BAA7-0125F1F8910A}.Release|Any CPU.ActiveCfg = Release_Net35|Any CPU
		{EC29E6E4-CE31-4989-BAA7-0125F1F8910A}.Release|Any CPU.Build.0 = Release_Net35|Any CPU
		{EC29E6E4-CE31-4989-BAA7-0125F1F8910A}.Release|x64.ActiveCfg = Release_Net35|Any CPU
		{EC29E6E4-CE31-4989-BAA7-0125F1F8910A}.Release|x86.ActiveCfg = Release_Net35|Any CPU
		{E49D450A-86DA-4CDE-8FC7-5A645165B615}.Debug_Net40|Any CPU.ActiveCfg = Debug_Net40|Any CPU
		{E49D450A-86DA-4CDE-8FC7-5A645165B615}.Debug_Net40|Any CPU.Build.0 = Debug_Net40|Any CPU
		{E49D450A-86DA-4CDE-8FC7-5A645165B615}.Debug_Net40|x64.ActiveCfg = Debug_Net40|Any CPU
		{E49D450A-86DA-4CDE-8FC7-5A645165B615}.Debug_Net40|x86.ActiveCfg = Debug_Net40|Any CPU
		{E49D450A-86DA-4CDE-8FC7-5A645165B615}.Debug|Any CPU.ActiveCfg = Debug_Net35|Any CPU
		{E49D450A-86DA-4CDE-8FC7-5A645165B615}.Debug|Any CPU.Build.0 = Debug_Net35|Any CPU
		{E49D450A-86DA-4CDE-8FC7-5A645165B615}.Debug|x64.ActiveCfg = Debug_Net40|Any CPU
		{E49D450A-86DA-4CDE-8FC7-5A645165B615}.Debug|x86.ActiveCfg = Debug_Net40|Any CPU
		{E49D450A-86DA-4CDE-8FC7-5A645165B615}.Release_Net40|Any CPU.ActiveCfg = Release_Net40|Any CPU
		{E49D450A-86DA-4CDE-8FC7-5A645165B615}.Release_Net40|Any CPU.Build.0 = Release_Net40|Any CPU
		{E49D450A-86DA-4CDE-8FC7-5A645165B615}.Release_Net40|x64.ActiveCfg = Release_Net40|Any CPU
		{E49D450A-86DA-4CDE-8FC7-5A645165B615}.Release_Net40|x86.ActiveCfg = Release_Net40|Any CPU
		{E49D450A-86DA-4CDE-8FC7-5A645165B615}.Release|Any CPU.ActiveCfg = Release_Net35|Any CPU
		{E49D450A-86DA-4CDE-8FC7-5A645165B615}.Release|Any CPU.Build.0 = Release_Net35|Any CPU
		{E49D450A-86DA-4CDE-8FC7-5A645165B615}.Release|x64.ActiveCfg = Release_Net35|Any CPU
		{E49D450A-86DA-4CDE-8FC7-5A645165B615}.Release|x86.ActiveCfg = Release_Net35|Any CPU
		{62E2FE54-8B03-4CC8-B348-DBB1C9D1E6F7}.Debug_Net40|Any CPU.ActiveCfg = Debug_Net40|Any CPU
		{62E2FE54-8B03-4CC8-B348-DBB1C9D1E6F7}.Debug_Net40|Any CPU.Build.0 = Debug_Net40|Any CPU
		{62E2FE54-8B03-4CC8-B348-DBB1C9D1E6F7}.Debug_Net40|x64.ActiveCfg = Debug_Net40|x64
		{62E2FE54-8B03-4CC8-B348-DBB1C9D1E6F7}.Debug_Net40|x64.Build.0 = Debug_Net40|x64
		{62E2FE54-8B03-4CC8-B348-DBB1C9D1E6F7}.Debug_Net40|x86.ActiveCfg = Debug_Net40|x86
		{62E2FE54-8B03-4CC8-B348-DBB1C9D1E6F7}.Debug_Net40|x86.Build.0 = Debug_Net40|x86
		{62E2FE54-8B03-4CC8-B348-DBB1C9D1E6F7}.Debug|Any CPU.ActiveCfg = Debug_Net35|Any CPU
		{62E2FE54-8B03-4CC8-B348-DBB1C9D1E6F7}.Debug|Any CPU.Build.0 = Debug_Net35|Any CPU
		{62E2FE54-8B03-4CC8-B348-DBB1C9D1E6F7}.Debug|x64.ActiveCfg = Debug_Net35|Any CPU
		{62E2FE54-8B03-4CC8-B348-DBB1C9D1E6F7}.Debug|x86.ActiveCfg = Debug_Net35|Any CPU
		{62E2FE54-8B03-4CC8-B348-DBB1C9D1E6F7}.Release_Net40|Any CPU.ActiveCfg = Release_Net40|Any CPU
		{62E2FE54-8B03-4CC8-B348-DBB1C9D1E6F7}.Release_Net40|Any CPU.Build.0 = Release_Net40|Any CPU
		{62E2FE54-8B03-4CC8-B348-DBB1C9D1E6F7}.Release_Net40|x64.ActiveCfg = Release_Net40|x64
		{62E2FE54-8B03-4CC8-B348-DBB1C9D1E6F7}.Release_Net40|x64.Build.0 = Release_Net40|x64
		{62E2FE54-8B03-4CC8-B348-DBB1C9D1E6F7}.Release_Net40|x86.ActiveCfg = Release_Net40|x86
		{62E2FE54-8B03-4CC8-B348-DBB1C9D1E6F7}.Release_Net40|x86.Build.0 = Release_Net40|x86
		{62E2FE54-8B03-4CC8-B348-DBB1C9D1E6F7}.Release|Any CPU.ActiveCfg = Release_Net35|Any CPU
		{62E2FE54-8B03-4CC8-B348-DBB1C9D1E6F7}.Release|Any CPU.Build.0 = Release_Net35|Any CPU
		{62E2FE54-8B03-4CC8-B348-DBB1C9D1E6F7}.Release|x64.ActiveCfg = Release_Net35|Any CPU
		{62E2FE54-8B03-4CC8-B348-DBB1C9D1E6F7}.Release|x86.ActiveCfg = Release_Net35|Any CPU
		{FEE2753F-DCC2-4DC6-9651-FA2CED8A2974}.Debug_Net40|Any CPU.ActiveCfg = Debug_Net40|Any CPU
		{FEE2753F-DCC2-4DC6-9651-FA2CED8A2974}.Debug_Net40|Any CPU.Build.0 = Debug_Net40|Any CPU
		{FEE2753F-DCC2-4DC6-9651-FA2CED8A2974}.Debug_Net40|x64.ActiveCfg = Debug_Net40|x64
		{FEE2753F-DCC2-4DC6-9651-FA2CED8A2974}.Debug_Net40|x64.Build.0 = Debug_Net40|x64
		{FEE2753F-DCC2-4DC6-9651-FA2CED8A2974}.Debug_Net40|x86.ActiveCfg = Debug_Net40|x86
		{FEE2753F-DCC2-4DC6-9651-FA2CED8A2974}.Debug_Net40|x86.Build.0 = Debug_Net40|x86
		{FEE2753F-DCC2-4DC6-9651-FA2CED8A2974}.Debug|Any CPU.ActiveCfg = Debug_Net35|Any CPU
		{FEE2753F-DCC2-4DC6-9651-FA2CED8A2974}.Debug|Any CPU.Build.0 = Debug_Net35|Any CPU
		{FEE2753F-DCC2-4DC6-9651-FA2CED8A2974}.Debug|x64.ActiveCfg = Debug_Net35|Any CPU
		{FEE2753F-DCC2-4DC6-9651-FA2CED8A2974}.Debug|x86.ActiveCfg = Debug_Net35|Any CPU
		{FEE2753F-DCC2-4DC6-9651-FA2CED8A2974}.Release_Net40|Any CPU.ActiveCfg = Release_Net40|Any CPU
		{FEE2753F-DCC2-4DC6-9651-FA2CED8A2974}.Release_Net40|Any CPU.Build.0 = Release_Net40|Any CPU
		{FEE2753F-DCC2-4DC6-9651-FA2CED8A2974}.Release_Net40|x64.ActiveCfg = Release_Net40|x64
		{FEE2753F-DCC2-4DC6-9651-FA2CED8A2974}.Release_Net40|x64.Build.0 = Release_Net40|x64
		{FEE2753F-DCC2-4DC6-9651-FA2CED8A2974}.Release_Net40|x86.ActiveCfg = Release_Net40|x86
		{FEE2753F-DCC2-4DC6-9651-FA2CED8A2974}.Release_Net40|x86.Build.0 = Release_Net40|x86
		{FEE2753F-DCC2-4DC6-9651-FA2CED8A2974}.Release|Any CPU.ActiveCfg = Release_Net35|Any CPU
		{FEE2753F-DCC2-4DC6-9651-FA2CED8A2974}.Release|Any CPU.Build.0 = Release_Net35|Any CPU
		{FEE2753F-DCC2-4DC6-9651-FA2CED8A2974}.Release|x64.ActiveCfg = Release_Net35|Any CPU
		{FEE2753F-DCC2-4DC6-9651-FA2CED8A2974}.Release|x86.ActiveCfg = Release_Net35|Any CPU
		{184C9D40-7999-46E4-8407-AD6480F75D87}.Debug_Net40|Any CPU.ActiveCfg = Debug_Net40|Any CPU
		{184C9D40-7999-46E4-8407-AD6480F75D87}.Debug_Net40|Any CPU.Build.0 = Debug_Net40|Any CPU
		{184C9D40-7999-46E4-8407-AD6480F75D87}.Debug_Net40|x64.ActiveCfg = Debug_Net40|x64
		{184C9D40-7999-46E4-8407-AD6480F75D87}.Debug_Net40|x64.Build.0 = Debug_Net40|x64
		{184C9D40-7999-46E4-8407-AD6480F75D87}.Debug_Net40|x86.ActiveCfg = Debug_Net40|x86
		{184C9D40-7999-46E4-8407-AD6480F75D87}.Debug_Net40|x86.Build.0 = Debug_Net40|x86
		{184C9D40-7999-46E4-8407-AD6480F75D87}.Debug|Any CPU.ActiveCfg = Debug_Net35|Any CPU
		{184C9D40-7999-46E4-8407-AD6480F75D87}.Debug|Any CPU.Build.0 = Debug_Net35|Any CPU
		{184C9D40-7999-46E4-8407-AD6480F75D87}.Debug|x64.ActiveCfg = Debug_Net35|Any CPU
		{184C9D40-7999-46E4-8407-AD6480F75D87}.Debug|x86.ActiveCfg = Debug_Net35|Any CPU
		{184C9D40-7999-46E4-8407-AD6480F75D87}.Release_Net40|Any CPU.ActiveCfg = Release_Net40|Any CPU
		{184C9D40-7999-46E4-8407-AD6480F75D87}.Release_Net40|Any CPU.Build.0 = Release_Net40|Any CPU
		{184C9D40-7999-46E4-8407-AD6480F75D87}.Release_Net40|x64.ActiveCfg = Release_Net40|x64
		{184C9D40-7999-46E4-8407-AD6480F75D87}.Release_Net40|x64.Build.0 = Release_Net40|x64
		{184C9D40-7999-46E4-8407-AD6480F75D87}.Release_Net40|x86.ActiveCfg = Release_Net40|x86
		{184C9D40-7999-46E4-8407-AD6480F75D87}.Release_Net40|x86.Build.0 = Release_Net40|x86
		{184C9D40-7999-46E4-8407-AD6480F75D87}.Release|Any CPU.ActiveCfg = Release_Net35|Any CPU
		{184C9D40-7999-46E4-8407-AD6480F75D87}.Release|Any CPU.Build.0 = Release_Net35|Any CPU
		{184C9D40-7999-46E4-8407-AD6480F75D87}.Release|x64.ActiveCfg = Release_Net35|Any CPU
		{184C9D40-7999-46E4-8407-AD6480F75D87}.Release|x86.ActiveCfg = Release_Net35|Any CPU
		{CEADC931-47FB-483C-A849-8B890FD6F0E1}.Debug_Net40|Any CPU.ActiveCfg = Debug_Net40|Any CPU
		{CEADC931-47FB-483C-A849-8B890FD6F0E1}.Debug_Net40|Any CPU.Build.0 = Debug_Net40|Any CPU
		{CEADC931-47FB-483C-A849-8B890FD6F0E1}.Debug_Net40|x64.ActiveCfg = Debug_Net40|x64
		{CEADC931-47FB-483C-A849-8B890FD6F0E1}.Debug_Net40|x64.Build.0 = Debug_Net40|x64
		{CEADC931-47FB-483C-A849-8B890FD6F0E1}.Debug_Net40|x86.ActiveCfg = Debug_Net40|x86
		{CEADC931-47FB-483C-A849-8B890FD6F0E1}.Debug_Net40|x86.Build.0 = Debug_Net40|x86
		{CEADC931-47FB-483C-A849-8B890FD6F0E1}.Debug|Any CPU.ActiveCfg = Debug_Net35|Any CPU
		{CEADC931-47FB-483C-A849-8B890FD6F0E1}.Debug|Any CPU.Build.0 = Debug_Net35|Any CPU
		{CEADC931-47FB-483C-A849-8B890FD6F0E1}.Debug|x64.ActiveCfg = Debug_Net35|Any CPU
		{CEADC931-47FB-483C-A849-8B890FD6F0E1}.Debug|x86.ActiveCfg = Debug_Net35|Any CPU
		{CEADC931-47FB-483C-A849-8B890FD6F0E1}.Release_Net40|Any CPU.ActiveCfg = Release_Net40|Any CPU
		{CEADC931-47FB-483C-A849-8B890FD6F0E1}.Release_Net40|Any CPU.Build.0 = Release_Net40|Any CPU
		{CEADC931-47FB-483C-A849-8B890FD6F0E1}.Release_Net40|x64.ActiveCfg = Release_Net40|x64
		{CEADC931-47FB-483C-A849-8B890FD6F0E1}.Release_Net40|x64.Build.0 = Release_Net40|x64
		{CEADC931-47FB-483C-A849-8B890FD6F0E1}.Release_Net40|x86.ActiveCfg = Release_Net40|x86
		{CEADC931-47FB-483C-A849-8B890FD6F0E1}.Release_Net40|x86.Build.0 = Release_Net40|x86
		{CEADC931-47FB-483C-A849-8B890FD6F0E1}.Release|Any CPU.ActiveCfg = Release_Net35|Any CPU
		{CEADC931-47FB-483C-A849-8B890FD6F0E1}.Release|Any CPU.Build.0 = Release_Net35|Any CPU
		{CEADC931-47FB-483C-A849-8B890FD6F0E1}.Release|x64.ActiveCfg = Release_Net35|Any CPU
		{CEADC931-47FB-483C-A849-8B890FD6F0E1}.Release|x86.ActiveCfg = Release_Net35|Any CPU
		{B60BBA75-4204-4202-84B0-BCE771E02A9F}.Debug_Net40|Any CPU.ActiveCfg = Debug_Net40|Any CPU
		{B60BBA75-4204-4202-84B0-BCE771E02A9F}.Debug_Net40|Any CPU.Build.0 = Debug_Net40|Any CPU
		{B60BBA75-4204-4202-84B0-BCE771E02A9F}.Debug_Net40|x64.ActiveCfg = Debug_Net40|Any CPU
		{B60BBA75-4204-4202-84B0-BCE771E02A9F}.Debug_Net40|x86.ActiveCfg = Debug_Net40|Any CPU
		{B60BBA75-4204-4202-84B0-BCE771E02A9F}.Debug|Any CPU.ActiveCfg = Debug_Net35|Any CPU
		{B60BBA75-4204-4202-84B0-BCE771E02A9F}.Debug|Any CPU.Build.0 = Debug_Net35|Any CPU
		{B60BBA75-4204-4202-84B0-BCE771E02A9F}.Debug|x64.ActiveCfg = Debug_Net40|Any CPU
		{B60BBA75-4204-4202-84B0-BCE771E02A9F}.Debug|x86.ActiveCfg = Debug_Net40|Any CPU
		{B60BBA75-4204-4202-84B0-BCE771E02A9F}.Release_Net40|Any CPU.ActiveCfg = Release_Net40|Any CPU
		{B60BBA75-4204-4202-84B0-BCE771E02A9F}.Release_Net40|Any CPU.Build.0 = Release_Net40|Any CPU
		{B60BBA75-4204-4202-84B0-BCE771E02A9F}.Release_Net40|x64.ActiveCfg = Release_Net40|Any CPU
		{B60BBA75-4204-4202-84B0-BCE771E02A9F}.Release_Net40|x86.ActiveCfg = Release_Net40|Any CPU
		{B60BBA75-4204-4202-84B0-BCE771E02A9F}.Release|Any CPU.ActiveCfg = Release_Net35|Any CPU
		{B60BBA75-4204-4202-84B0-BCE771E02A9F}.Release|Any CPU.Build.0 = Release_Net35|Any CPU
		{B60BBA75-4204-4202-84B0-BCE771E02A9F}.Release|x64.ActiveCfg = Release_Net35|Any CPU
		{B60BBA75-4204-4202-84B0-BCE771E02A9F}.Release|x86.ActiveCfg = Release_Net35|Any CPU
		{952DAB9D-38D8-45E6-A089-84AB5A3D8A62}.Debug_Net40|Any CPU.ActiveCfg = Debug_Net40|Any CPU
		{952DAB9D-38D8-45E6-A089-84AB5A3D8A62}.Debug_Net40|Any CPU.Build.0 = Debug_Net40|Any CPU
		{952DAB9D-38D8-45E6-A089-84AB5A3D8A62}.Debug_Net40|x64.ActiveCfg = Debug_Net40|x64
		{952DAB9D-38D8-45E6-A089-84AB5A3D8A62}.Debug_Net40|x64.Build.0 = Debug_Net40|x64
		{952DAB9D-38D8-45E6-A089-84AB5A3D8A62}.Debug_Net40|x86.ActiveCfg = Debug_Net40|x86
		{952DAB9D-38D8-45E6-A089-84AB5A3D8A62}.Debug_Net40|x86.Build.0 = Debug_Net40|x86
		{952DAB9D-38D8-45E6-A089-84AB5A3D8A62}.Debug|Any CPU.ActiveCfg = Debug_Net35|Any CPU
		{952DAB9D-38D8-45E6-A089-84AB5A3D8A62}.Debug|Any CPU.Build.0 = Debug_Net35|Any CPU
		{952DAB9D-38D8-45E6-A089-84AB5A3D8A62}.Debug|x64.ActiveCfg = Debug_Net35|Any CPU
		{952DAB9D-38D8-45E6-A089-84AB5A3D8A62}.Debug|x86.ActiveCfg = Debug_Net35|Any CPU
		{952DAB9D-38D8-45E6-A089-84AB5A3D8A62}.Release_Net40|Any CPU.ActiveCfg = Release_Net40|Any CPU
		{952DAB9D-38D8-45E6-A089-84AB5A3D8A62}.Release_Net40|Any CPU.Build.0 = Release_Net40|Any CPU
		{952DAB9D-38D8-45E6-A089-84AB5A3D8A62}.Release_Net40|x64.ActiveCfg = Release_Net40|x64
		{952DAB9D-38D8-45E6-A089-84AB5A3D8A62}.Release_Net40|x64.Build.0 = Release_Net40|x64
		{952DAB9D-38D8-45E6-A089-84AB5A3D8A62}.Release_Net40|x86.ActiveCfg = Release_Net40|x86
		{952DAB9D-38D8-45E6-A089-84AB5A3D8A62}.Release_Net40|x86.Build.0 = Release_Net40|x86
		{952DAB9D-38D8-45E6-A089-84AB5A3D8A62}.Release|Any CPU.ActiveCfg = Release_Net35|Any CPU
		{952DAB9D-38D8-45E6-A089-84AB5A3D8A62}.Release|Any CPU.Build.0 = Release_Net35|Any CPU
		{952DAB9D-38D8-45E6-A089-84AB5A3D8A62}.Release|x64.ActiveCfg = Release_Net35|Any CPU
		{952DAB9D-38D8-45E6-A089-84AB5A3D8A62}.Release|x86.ActiveCfg = Release_Net35|Any CPU
		{4D5343CE-7E0E-46B5-9F80-A31BDA78D609}.Debug_Net40|Any CPU.ActiveCfg = Debug_Net40|Any CPU
		{4D5343CE-7E0E-46B5-9F80-A31BDA78D609}.Debug_Net40|Any CPU.Build.0 = Debug_Net40|Any CPU
		{4D5343CE-7E0E-46B5-9F80-A31BDA78D609}.Debug_Net40|x64.ActiveCfg = Debug_Net40|x64
		{4D5343CE-7E0E-46B5-9F80-A31BDA78D609}.Debug_Net40|x64.Build.0 = Debug_Net40|x64
		{4D5343CE-7E0E-46B5-9F80-A31BDA78D609}.Debug_Net40|x86.ActiveCfg = Debug_Net40|x86
		{4D5343CE-7E0E-46B5-9F80-A31BDA78D609}.Debug_Net40|x86.Build.0 = Debug_Net40|x86
		{4D5343CE-7E0E-46B5-9F80-A31BDA78D609}.Debug|Any CPU.ActiveCfg = Debug_Net35|Any CPU
		{4D5343CE-7E0E-46B5-9F80-A31BDA78D609}.Debug|Any CPU.Build.0 = Debug_Net35|Any CPU
		{4D5343CE-7E0E-46B5-9F80-A31BDA78D609}.Debug|x64.ActiveCfg = Debug_Net35|Any CPU
		{4D5343CE-7E0E-46B5-9F80-A31BDA78D609}.Debug|x86.ActiveCfg = Debug_Net35|Any CPU
		{4D5343CE-7E0E-46B5-9F80-A31BDA78D609}.Release_Net40|Any CPU.ActiveCfg = Release_Net40|Any CPU
		{4D5343CE-7E0E-46B5-9F80-A31BDA78D609}.Release_Net40|Any CPU.Build.0 = Release_Net40|Any CPU
		{4D5343CE-7E0E-46B5-9F80-A31BDA78D609}.Release_Net40|x64.ActiveCfg = Release_Net40|x64
		{4D5343CE-7E0E-46B5-9F80-A31BDA78D609}.Release_Net40|x64.Build.0 = Release_Net40|x64
		{4D5343CE-7E0E-46B5-9F80-A31BDA78D609}.Release_Net40|x86.ActiveCfg = Release_Net40|x86
		{4D5343CE-7E0E-46B5-9F80-A31BDA78D609}.Release_Net40|x86.Build.0 = Release_Net40|x86
		{4D5343CE-7E0E-46B5-9F80-A31BDA78D609}.Release|Any CPU.ActiveCfg = Release_Net35|Any CPU
		{4D5343CE-7E0E-46B5-9F80-A31BDA78D609}.Release|Any CPU.Build.0 = Release_Net35|Any CPU
		{4D5343CE-7E0E-46B5-9F80-A31BDA78D609}.Release|x64.ActiveCfg = Release_Net35|Any CPU
		{4D5343CE-7E0E-46B5-9F80-A31BDA78D609}.Release|x86.ActiveCfg = Release_Net35|Any CPU
		{019FE8B5-5822-4272-B75C-8BDDAB479284}.Debug_Net40|Any CPU.ActiveCfg = Debug_Net40|Any CPU
		{019FE8B5-5822-4272-B75C-8BDDAB479284}.Debug_Net40|Any CPU.Build.0 = Debug_Net40|Any CPU
		{019FE8B5-5822-4272-B75C-8BDDAB479284}.Debug_Net40|x64.ActiveCfg = Debug_Net40|x64
		{019FE8B5-5822-4272-B75C-8BDDAB479284}.Debug_Net40|x64.Build.0 = Debug_Net40|x64
		{019FE8B5-5822-4272-B75C-8BDDAB479284}.Debug_Net40|x86.ActiveCfg = Debug_Net40|x86
		{019FE8B5-5822-4272-B75C-8BDDAB479284}.Debug_Net40|x86.Build.0 = Debug_Net40|x86
		{019FE8B5-5822-4272-B75C-8BDDAB479284}.Debug|Any CPU.ActiveCfg = Debug_Net35|Any CPU
		{019FE8B5-5822-4272-B75C-8BDDAB479284}.Debug|Any CPU.Build.0 = Debug_Net35|Any CPU
		{019FE8B5-5822-4272-B75C-8BDDAB479284}.Debug|x64.ActiveCfg = Debug_Net35|Any CPU
		{019FE8B5-5822-4272-B75C-8BDDAB479284}.Debug|x86.ActiveCfg = Debug_Net35|Any CPU
		{019FE8B5-5822-4272-B75C-8BDDAB479284}.Release_Net40|Any CPU.ActiveCfg = Release_Net40|Any CPU
		{019FE8B5-5822-4272-B75C-8BDDAB479284}.Release_Net40|Any CPU.Build.0 = Release_Net40|Any CPU
		{019FE8B5-5822-4272-B75C-8BDDAB479284}.Release_Net40|x64.ActiveCfg = Release_Net40|x64
		{019FE8B5-5822-4272-B75C-8BDDAB479284}.Release_Net40|x64.Build.0 = Release_Net40|x64
		{019FE8B5-5822-4272-B75C-8BDDAB479284}.Release_Net40|x86.ActiveCfg = Release_Net40|x86
		{019FE8B5-5822-4272-B75C-8BDDAB479284}.Release_Net40|x86.Build.0 = Release_Net40|x86
		{019FE8B5-5822-4272-B75C-8BDDAB479284}.Release|Any CPU.ActiveCfg = Release_Net20|Any CPU
		{019FE8B5-5822-4272-B75C-8BDDAB479284}.Release|Any CPU.Build.0 = Release_Net20|Any CPU
		{019FE8B5-5822-4272-B75C-8BDDAB479284}.Release|x64.ActiveCfg = Release_Net20|Any CPU
		{019FE8B5-5822-4272-B75C-8BDDAB479284}.Release|x86.ActiveCfg = Release_Net20|Any CPU
		{B0CA0EB9-7F7C-4C55-98D5-EAE3D285189D}.Debug_Net40|Any CPU.ActiveCfg = Debug_Net40|Any CPU
		{B0CA0EB9-7F7C-4C55-98D5-EAE3D285189D}.Debug_Net40|Any CPU.Build.0 = Debug_Net40|Any CPU
		{B0CA0EB9-7F7C-4C55-98D5-EAE3D285189D}.Debug_Net40|x64.ActiveCfg = Debug_Net40|x64
		{B0CA0EB9-7F7C-4C55-98D5-EAE3D285189D}.Debug_Net40|x64.Build.0 = Debug_Net40|x64
		{B0CA0EB9-7F7C-4C55-98D5-EAE3D285189D}.Debug_Net40|x86.ActiveCfg = Debug_Net40|x86
		{B0CA0EB9-7F7C-4C55-98D5-EAE3D285189D}.Debug_Net40|x86.Build.0 = Debug_Net40|x86
		{B0CA0EB9-7F7C-4C55-98D5-EAE3D285189D}.Debug|Any CPU.ActiveCfg = Debug_Net35|x86
		{B0CA0EB9-7F7C-4C55-98D5-EAE3D285189D}.Debug|x64.ActiveCfg = Debug_Net35|x86
		{B0CA0EB9-7F7C-4C55-98D5-EAE3D285189D}.Debug|x86.ActiveCfg = Debug_Net35|x86
		{B0CA0EB9-7F7C-4C55-98D5-EAE3D285189D}.Debug|x86.Build.0 = Debug_Net35|x86
		{B0CA0EB9-7F7C-4C55-98D5-EAE3D285189D}.Release_Net40|Any CPU.ActiveCfg = Release_Net40|Any CPU
		{B0CA0EB9-7F7C-4C55-98D5-EAE3D285189D}.Release_Net40|Any CPU.Build.0 = Release_Net40|Any CPU
		{B0CA0EB9-7F7C-4C55-98D5-EAE3D285189D}.Release_Net40|x64.ActiveCfg = Release_Net40|x64
		{B0CA0EB9-7F7C-4C55-98D5-EAE3D285189D}.Release_Net40|x64.Build.0 = Release_Net40|x64
		{B0CA0EB9-7F7C-4C55-98D5-EAE3D285189D}.Release_Net40|x86.ActiveCfg = Release_Net40|x86
		{B0CA0EB9-7F7C-4C55-98D5-EAE3D285189D}.Release_Net40|x86.Build.0 = Release_Net40|x86
		{B0CA0EB9-7F7C-4C55-98D5-EAE3D285189D}.Release|Any CPU.ActiveCfg = Release_Net35|x86
		{B0CA0EB9-7F7C-4C55-98D5-EAE3D285189D}.Release|x64.ActiveCfg = Release_Net35|x86
		{B0CA0EB9-7F7C-4C55-98D5-EAE3D285189D}.Release|x86.ActiveCfg = Release_Net35|x86
		{B0CA0EB9-7F7C-4C55-98D5-EAE3D285189D}.Release|x86.Build.0 = Release_Net35|x86
		{74FFC63E-9E93-47E0-B634-D39801ED9A71}.Debug_Net40|Any CPU.ActiveCfg = Debug_Net40|Any CPU
		{74FFC63E-9E93-47E0-B634-D39801ED9A71}.Debug_Net40|Any CPU.Build.0 = Debug_Net40|Any CPU
		{74FFC63E-9E93-47E0-B634-D39801ED9A71}.Debug_Net40|x64.ActiveCfg = Debug_Net40|x64
		{74FFC63E-9E93-47E0-B634-D39801ED9A71}.Debug_Net40|x64.Build.0 = Debug_Net40|x64
		{74FFC63E-9E93-47E0-B634-D39801ED9A71}.Debug_Net40|x86.ActiveCfg = Debug_Net40|x86
		{74FFC63E-9E93-47E0-B634-D39801ED9A71}.Debug_Net40|x86.Build.0 = Debug_Net40|x86
		{74FFC63E-9E93-47E0-B634-D39801ED9A71}.Debug|Any CPU.ActiveCfg = Debug_Net35|Any CPU
		{74FFC63E-9E93-47E0-B634-D39801ED9A71}.Debug|Any CPU.Build.0 = Debug_Net35|Any CPU
		{74FFC63E-9E93-47E0-B634-D39801ED9A71}.Debug|x64.ActiveCfg = Debug_Net35|Any CPU
		{74FFC63E-9E93-47E0-B634-D39801ED9A71}.Debug|x86.ActiveCfg = Debug_Net35|Any CPU
		{74FFC63E-9E93-47E0-B634-D39801ED9A71}.Release_Net40|Any CPU.ActiveCfg = Release_Net40|Any CPU
		{74FFC63E-9E93-47E0-B634-D39801ED9A71}.Release_Net40|Any CPU.Build.0 = Release_Net40|Any CPU
		{74FFC63E-9E93-47E0-B634-D39801ED9A71}.Release_Net40|x64.ActiveCfg = Release_Net40|x64
		{74FFC63E-9E93-47E0-B634-D39801ED9A71}.Release_Net40|x64.Build.0 = Release_Net40|x64
		{74FFC63E-9E93-47E0-B634-D39801ED9A71}.Release_Net40|x86.ActiveCfg = Release_Net40|x86
		{74FFC63E-9E93-47E0-B634-D39801ED9A71}.Release_Net40|x86.Build.0 = Release_Net40|x86
		{74FFC63E-9E93-47E0-B634-D39801ED9A71}.Release|Any CPU.ActiveCfg = Release_Net35|Any CPU
		{74FFC63E-9E93-47E0-B634-D39801ED9A71}.Release|Any CPU.Build.0 = Release_Net35|Any CPU
		{74FFC63E-9E93-47E0-B634-D39801ED9A71}.Release|x64.ActiveCfg = Release_Net35|Any CPU
		{74FFC63E-9E93-47E0-B634-D39801ED9A71}.Release|x86.ActiveCfg = Release_Net35|Any CPU
		{E7E3A53F-6B4D-423B-A10E-F0580B87FB81}.Debug_Net40|Any CPU.ActiveCfg = Debug_Net40|Any CPU
		{E7E3A53F-6B4D-423B-A10E-F0580B87FB81}.Debug_Net40|Any CPU.Build.0 = Debug_Net40|Any CPU
		{E7E3A53F-6B4D-423B-A10E-F0580B87FB81}.Debug_Net40|x64.ActiveCfg = Debug_Net40|x64
		{E7E3A53F-6B4D-423B-A10E-F0580B87FB81}.Debug_Net40|x64.Build.0 = Debug_Net40|x64
		{E7E3A53F-6B4D-423B-A10E-F0580B87FB81}.Debug_Net40|x86.ActiveCfg = Debug_Net40|x86
		{E7E3A53F-6B4D-423B-A10E-F0580B87FB81}.Debug_Net40|x86.Build.0 = Debug_Net40|x86
		{E7E3A53F-6B4D-423B-A10E-F0580B87FB81}.Debug|Any CPU.ActiveCfg = Debug_Net35|Any CPU
		{E7E3A53F-6B4D-423B-A10E-F0580B87FB81}.Debug|Any CPU.Build.0 = Debug_Net35|Any CPU
		{E7E3A53F-6B4D-423B-A10E-F0580B87FB81}.Debug|x64.ActiveCfg = Debug_Net35|Any CPU
		{E7E3A53F-6B4D-423B-A10E-F0580B87FB81}.Debug|x86.ActiveCfg = Debug_Net35|Any CPU
		{E7E3A53F-6B4D-423B-A10E-F0580B87FB81}.Release_Net40|Any CPU.ActiveCfg = Release_Net40|Any CPU
		{E7E3A53F-6B4D-423B-A10E-F0580B87FB81}.Release_Net40|Any CPU.Build.0 = Release_Net40|Any CPU
		{E7E3A53F-6B4D-423B-A10E-F0580B87FB81}.Release_Net40|x64.ActiveCfg = Release_Net40|x64
		{E7E3A53F-6B4D-423B-A10E-F0580B87FB81}.Release_Net40|x64.Build.0 = Release_Net40|x64
		{E7E3A53F-6B4D-423B-A10E-F0580B87FB81}.Release_Net40|x86.ActiveCfg = Release_Net40|x86
		{E7E3A53F-6B4D-423B-A10E-F0580B87FB81}.Release_Net40|x86.Build.0 = Release_Net40|x86
		{E7E3A53F-6B4D-423B-A10E-F0580B87FB81}.Release|Any CPU.ActiveCfg = Release_Net35|Any CPU
		{E7E3A53F-6B4D-423B-A10E-F0580B87FB81}.Release|Any CPU.Build.0 = Release_Net35|Any CPU
		{E7E3A53F-6B4D-423B-A10E-F0580B87FB81}.Release|x64.ActiveCfg = Release_Net35|Any CPU
		{E7E3A53F-6B4D-423B-A10E-F0580B87FB81}.Release|x86.ActiveCfg = Release_Net35|Any CPU
		{E1E27E77-C153-4C29-AE44-D68121A2CAF6}.Debug_Net40|Any CPU.ActiveCfg = Debug_Net40|Any CPU
		{E1E27E77-C153-4C29-AE44-D68121A2CAF6}.Debug_Net40|Any CPU.Build.0 = Debug_Net40|Any CPU
		{E1E27E77-C153-4C29-AE44-D68121A2CAF6}.Debug_Net40|x64.ActiveCfg = Debug_Net40|x64
		{E1E27E77-C153-4C29-AE44-D68121A2CAF6}.Debug_Net40|x64.Build.0 = Debug_Net40|x64
		{E1E27E77-C153-4C29-AE44-D68121A2CAF6}.Debug_Net40|x86.ActiveCfg = Debug_Net40|x86
		{E1E27E77-C153-4C29-AE44-D68121A2CAF6}.Debug_Net40|x86.Build.0 = Debug_Net40|x86
		{E1E27E77-C153-4C29-AE44-D68121A2CAF6}.Debug|Any CPU.ActiveCfg = Debug|Any CPU
		{E1E27E77-C153-4C29-AE44-D68121A2CAF6}.Debug|Any CPU.Build.0 = Debug|Any CPU
		{E1E27E77-C153-4C29-AE44-D68121A2CAF6}.Debug|x64.ActiveCfg = Debug|Any CPU
		{E1E27E77-C153-4C29-AE44-D68121A2CAF6}.Debug|x86.ActiveCfg = Debug|Any CPU
		{E1E27E77-C153-4C29-AE44-D68121A2CAF6}.Release_Net40|Any CPU.ActiveCfg = Release_Net40|Any CPU
		{E1E27E77-C153-4C29-AE44-D68121A2CAF6}.Release_Net40|Any CPU.Build.0 = Release_Net40|Any CPU
		{E1E27E77-C153-4C29-AE44-D68121A2CAF6}.Release_Net40|x64.ActiveCfg = Release_Net40|x64
		{E1E27E77-C153-4C29-AE44-D68121A2CAF6}.Release_Net40|x64.Build.0 = Release_Net40|x64
		{E1E27E77-C153-4C29-AE44-D68121A2CAF6}.Release_Net40|x86.ActiveCfg = Release_Net40|x86
		{E1E27E77-C153-4C29-AE44-D68121A2CAF6}.Release_Net40|x86.Build.0 = Release_Net40|x86
		{E1E27E77-C153-4C29-AE44-D68121A2CAF6}.Release|Any CPU.ActiveCfg = Release|Any CPU
		{E1E27E77-C153-4C29-AE44-D68121A2CAF6}.Release|Any CPU.Build.0 = Release|Any CPU
		{E1E27E77-C153-4C29-AE44-D68121A2CAF6}.Release|x64.ActiveCfg = Release|Any CPU
		{E1E27E77-C153-4C29-AE44-D68121A2CAF6}.Release|x86.ActiveCfg = Release|Any CPU
		{011439C1-A53D-4DA1-AF8E-18D9D61121F4}.Debug_Net40|Any CPU.ActiveCfg = Debug_Net40|Any CPU
		{011439C1-A53D-4DA1-AF8E-18D9D61121F4}.Debug_Net40|Any CPU.Build.0 = Debug_Net40|Any CPU
		{011439C1-A53D-4DA1-AF8E-18D9D61121F4}.Debug_Net40|x64.ActiveCfg = Debug_Net40|Any CPU
		{011439C1-A53D-4DA1-AF8E-18D9D61121F4}.Debug_Net40|x86.ActiveCfg = Debug_Net40|Any CPU
		{011439C1-A53D-4DA1-AF8E-18D9D61121F4}.Debug|Any CPU.ActiveCfg = Debug_Net35|Any CPU
		{011439C1-A53D-4DA1-AF8E-18D9D61121F4}.Debug|Any CPU.Build.0 = Debug_Net35|Any CPU
		{011439C1-A53D-4DA1-AF8E-18D9D61121F4}.Debug|x64.ActiveCfg = Debug_Net35|Any CPU
		{011439C1-A53D-4DA1-AF8E-18D9D61121F4}.Debug|x86.ActiveCfg = Debug_Net35|Any CPU
		{011439C1-A53D-4DA1-AF8E-18D9D61121F4}.Release_Net40|Any CPU.ActiveCfg = Release_Net40|Any CPU
		{011439C1-A53D-4DA1-AF8E-18D9D61121F4}.Release_Net40|Any CPU.Build.0 = Release_Net40|Any CPU
		{011439C1-A53D-4DA1-AF8E-18D9D61121F4}.Release_Net40|x64.ActiveCfg = Release_Net40|Any CPU
		{011439C1-A53D-4DA1-AF8E-18D9D61121F4}.Release_Net40|x86.ActiveCfg = Release_Net40|Any CPU
		{011439C1-A53D-4DA1-AF8E-18D9D61121F4}.Release|Any CPU.ActiveCfg = Release_Net35|Any CPU
		{011439C1-A53D-4DA1-AF8E-18D9D61121F4}.Release|Any CPU.Build.0 = Release_Net35|Any CPU
		{011439C1-A53D-4DA1-AF8E-18D9D61121F4}.Release|x64.ActiveCfg = Release_Net35|Any CPU
		{011439C1-A53D-4DA1-AF8E-18D9D61121F4}.Release|x86.ActiveCfg = Release_Net35|Any CPU
		{1BDB6244-385F-4482-8AE7-CECE83508DE1}.Debug_Net40|Any CPU.ActiveCfg = Debug_Net40|Any CPU
		{1BDB6244-385F-4482-8AE7-CECE83508DE1}.Debug_Net40|Any CPU.Build.0 = Debug_Net40|Any CPU
		{1BDB6244-385F-4482-8AE7-CECE83508DE1}.Debug_Net40|x64.ActiveCfg = Debug_Net40|x64
		{1BDB6244-385F-4482-8AE7-CECE83508DE1}.Debug_Net40|x64.Build.0 = Debug_Net40|x64
		{1BDB6244-385F-4482-8AE7-CECE83508DE1}.Debug_Net40|x86.ActiveCfg = Debug_Net40|x86
		{1BDB6244-385F-4482-8AE7-CECE83508DE1}.Debug_Net40|x86.Build.0 = Debug_Net40|x86
		{1BDB6244-385F-4482-8AE7-CECE83508DE1}.Debug|Any CPU.ActiveCfg = Debug_Net35|Any CPU
		{1BDB6244-385F-4482-8AE7-CECE83508DE1}.Debug|Any CPU.Build.0 = Debug_Net35|Any CPU
		{1BDB6244-385F-4482-8AE7-CECE83508DE1}.Debug|x64.ActiveCfg = Debug_Net35|Any CPU
		{1BDB6244-385F-4482-8AE7-CECE83508DE1}.Debug|x86.ActiveCfg = Debug_Net35|Any CPU
		{1BDB6244-385F-4482-8AE7-CECE83508DE1}.Release_Net40|Any CPU.ActiveCfg = Release_Net40|Any CPU
		{1BDB6244-385F-4482-8AE7-CECE83508DE1}.Release_Net40|Any CPU.Build.0 = Release_Net40|Any CPU
		{1BDB6244-385F-4482-8AE7-CECE83508DE1}.Release_Net40|x64.ActiveCfg = Release_Net40|x64
		{1BDB6244-385F-4482-8AE7-CECE83508DE1}.Release_Net40|x64.Build.0 = Release_Net40|x64
		{1BDB6244-385F-4482-8AE7-CECE83508DE1}.Release_Net40|x86.ActiveCfg = Release_Net40|x86
		{1BDB6244-385F-4482-8AE7-CECE83508DE1}.Release_Net40|x86.Build.0 = Release_Net40|x86
		{1BDB6244-385F-4482-8AE7-CECE83508DE1}.Release|Any CPU.ActiveCfg = Release_Net35|Any CPU
		{1BDB6244-385F-4482-8AE7-CECE83508DE1}.Release|Any CPU.Build.0 = Release_Net35|Any CPU
		{1BDB6244-385F-4482-8AE7-CECE83508DE1}.Release|x64.ActiveCfg = Release_Net35|Any CPU
		{1BDB6244-385F-4482-8AE7-CECE83508DE1}.Release|x86.ActiveCfg = Release_Net35|Any CPU
		{C0E364F7-3A86-4DC4-865A-34ADAE4BAA7E}.Debug_Net40|Any CPU.ActiveCfg = Debug|Any CPU
		{C0E364F7-3A86-4DC4-865A-34ADAE4BAA7E}.Debug_Net40|Any CPU.Build.0 = Debug|Any CPU
		{C0E364F7-3A86-4DC4-865A-34ADAE4BAA7E}.Debug_Net40|x64.ActiveCfg = Debug_Net40|Any CPU
		{C0E364F7-3A86-4DC4-865A-34ADAE4BAA7E}.Debug_Net40|x86.ActiveCfg = Debug_Net40|Any CPU
		{C0E364F7-3A86-4DC4-865A-34ADAE4BAA7E}.Debug|Any CPU.ActiveCfg = Debug|Any CPU
		{C0E364F7-3A86-4DC4-865A-34ADAE4BAA7E}.Debug|Any CPU.Build.0 = Debug|Any CPU
		{C0E364F7-3A86-4DC4-865A-34ADAE4BAA7E}.Debug|x64.ActiveCfg = Debug|Any CPU
		{C0E364F7-3A86-4DC4-865A-34ADAE4BAA7E}.Debug|x86.ActiveCfg = Debug|Any CPU
		{C0E364F7-3A86-4DC4-865A-34ADAE4BAA7E}.Release_Net40|Any CPU.ActiveCfg = Release|Any CPU
		{C0E364F7-3A86-4DC4-865A-34ADAE4BAA7E}.Release_Net40|Any CPU.Build.0 = Release|Any CPU
		{C0E364F7-3A86-4DC4-865A-34ADAE4BAA7E}.Release_Net40|x64.ActiveCfg = Release_Net40|Any CPU
		{C0E364F7-3A86-4DC4-865A-34ADAE4BAA7E}.Release_Net40|x86.ActiveCfg = Release_Net40|Any CPU
		{C0E364F7-3A86-4DC4-865A-34ADAE4BAA7E}.Release|Any CPU.ActiveCfg = Release|Any CPU
		{C0E364F7-3A86-4DC4-865A-34ADAE4BAA7E}.Release|Any CPU.Build.0 = Release|Any CPU
		{C0E364F7-3A86-4DC4-865A-34ADAE4BAA7E}.Release|x64.ActiveCfg = Release|Any CPU
		{C0E364F7-3A86-4DC4-865A-34ADAE4BAA7E}.Release|x86.ActiveCfg = Release|Any CPU
		{7C533D86-BD73-4F55-AE8B-2D95D97C0436}.Debug_Net40|Any CPU.ActiveCfg = Debug_Net40|Any CPU
		{7C533D86-BD73-4F55-AE8B-2D95D97C0436}.Debug_Net40|Any CPU.Build.0 = Debug_Net40|Any CPU
		{7C533D86-BD73-4F55-AE8B-2D95D97C0436}.Debug_Net40|x64.ActiveCfg = Debug_Net40|x64
		{7C533D86-BD73-4F55-AE8B-2D95D97C0436}.Debug_Net40|x64.Build.0 = Debug_Net40|x64
		{7C533D86-BD73-4F55-AE8B-2D95D97C0436}.Debug_Net40|x86.ActiveCfg = Debug_Net40|x86
		{7C533D86-BD73-4F55-AE8B-2D95D97C0436}.Debug_Net40|x86.Build.0 = Debug_Net40|x86
		{7C533D86-BD73-4F55-AE8B-2D95D97C0436}.Debug|Any CPU.ActiveCfg = Debug_Net35|Any CPU
		{7C533D86-BD73-4F55-AE8B-2D95D97C0436}.Debug|Any CPU.Build.0 = Debug_Net35|Any CPU
		{7C533D86-BD73-4F55-AE8B-2D95D97C0436}.Debug|x64.ActiveCfg = Debug_Net35|Any CPU
		{7C533D86-BD73-4F55-AE8B-2D95D97C0436}.Debug|x86.ActiveCfg = Debug_Net35|Any CPU
		{7C533D86-BD73-4F55-AE8B-2D95D97C0436}.Release_Net40|Any CPU.ActiveCfg = Release_Net40|Any CPU
		{7C533D86-BD73-4F55-AE8B-2D95D97C0436}.Release_Net40|Any CPU.Build.0 = Release_Net40|Any CPU
		{7C533D86-BD73-4F55-AE8B-2D95D97C0436}.Release_Net40|x64.ActiveCfg = Release_Net40|x64
		{7C533D86-BD73-4F55-AE8B-2D95D97C0436}.Release_Net40|x64.Build.0 = Release_Net40|x64
		{7C533D86-BD73-4F55-AE8B-2D95D97C0436}.Release_Net40|x86.ActiveCfg = Release_Net40|x86
		{7C533D86-BD73-4F55-AE8B-2D95D97C0436}.Release_Net40|x86.Build.0 = Release_Net40|x86
		{7C533D86-BD73-4F55-AE8B-2D95D97C0436}.Release|Any CPU.ActiveCfg = Release_Net35|Any CPU
		{7C533D86-BD73-4F55-AE8B-2D95D97C0436}.Release|Any CPU.Build.0 = Release_Net35|Any CPU
		{7C533D86-BD73-4F55-AE8B-2D95D97C0436}.Release|x64.ActiveCfg = Release_Net35|Any CPU
		{7C533D86-BD73-4F55-AE8B-2D95D97C0436}.Release|x86.ActiveCfg = Release_Net35|Any CPU
		{7B83D60D-7B44-4A10-BB86-CD8ACF6C1D8E}.Debug_Net40|Any CPU.ActiveCfg = Debug_Net40|Any CPU
		{7B83D60D-7B44-4A10-BB86-CD8ACF6C1D8E}.Debug_Net40|Any CPU.Build.0 = Debug_Net40|Any CPU
		{7B83D60D-7B44-4A10-BB86-CD8ACF6C1D8E}.Debug_Net40|x64.ActiveCfg = Debug_Net40|Any CPU
		{7B83D60D-7B44-4A10-BB86-CD8ACF6C1D8E}.Debug_Net40|x86.ActiveCfg = Debug_Net40|Any CPU
		{7B83D60D-7B44-4A10-BB86-CD8ACF6C1D8E}.Debug|Any CPU.ActiveCfg = Debug_Net35|Any CPU
		{7B83D60D-7B44-4A10-BB86-CD8ACF6C1D8E}.Debug|Any CPU.Build.0 = Debug_Net35|Any CPU
		{7B83D60D-7B44-4A10-BB86-CD8ACF6C1D8E}.Debug|x64.ActiveCfg = Debug_Net35|Any CPU
		{7B83D60D-7B44-4A10-BB86-CD8ACF6C1D8E}.Debug|x86.ActiveCfg = Debug_Net35|Any CPU
		{7B83D60D-7B44-4A10-BB86-CD8ACF6C1D8E}.Release_Net40|Any CPU.ActiveCfg = Release_Net40|Any CPU
		{7B83D60D-7B44-4A10-BB86-CD8ACF6C1D8E}.Release_Net40|Any CPU.Build.0 = Release_Net40|Any CPU
		{7B83D60D-7B44-4A10-BB86-CD8ACF6C1D8E}.Release_Net40|x64.ActiveCfg = Release_Net40|Any CPU
		{7B83D60D-7B44-4A10-BB86-CD8ACF6C1D8E}.Release_Net40|x86.ActiveCfg = Release_Net40|Any CPU
		{7B83D60D-7B44-4A10-BB86-CD8ACF6C1D8E}.Release|Any CPU.ActiveCfg = Release_Net35|Any CPU
		{7B83D60D-7B44-4A10-BB86-CD8ACF6C1D8E}.Release|Any CPU.Build.0 = Release_Net35|Any CPU
		{7B83D60D-7B44-4A10-BB86-CD8ACF6C1D8E}.Release|x64.ActiveCfg = Release_Net35|Any CPU
		{7B83D60D-7B44-4A10-BB86-CD8ACF6C1D8E}.Release|x86.ActiveCfg = Release_Net35|Any CPU
		{4AAC52D4-D27B-4A3A-9660-73A4E796207C}.Debug_Net40|Any CPU.ActiveCfg = Debug|Any CPU
		{4AAC52D4-D27B-4A3A-9660-73A4E796207C}.Debug_Net40|Any CPU.Build.0 = Debug|Any CPU
		{4AAC52D4-D27B-4A3A-9660-73A4E796207C}.Debug_Net40|x64.ActiveCfg = Debug_Net40|x64
		{4AAC52D4-D27B-4A3A-9660-73A4E796207C}.Debug_Net40|x64.Build.0 = Debug_Net40|x64
		{4AAC52D4-D27B-4A3A-9660-73A4E796207C}.Debug_Net40|x86.ActiveCfg = Debug_Net40|x86
		{4AAC52D4-D27B-4A3A-9660-73A4E796207C}.Debug_Net40|x86.Build.0 = Debug_Net40|x86
		{4AAC52D4-D27B-4A3A-9660-73A4E796207C}.Debug|Any CPU.ActiveCfg = Debug|Any CPU
		{4AAC52D4-D27B-4A3A-9660-73A4E796207C}.Debug|Any CPU.Build.0 = Debug|Any CPU
		{4AAC52D4-D27B-4A3A-9660-73A4E796207C}.Debug|x64.ActiveCfg = Debug|Any CPU
		{4AAC52D4-D27B-4A3A-9660-73A4E796207C}.Debug|x86.ActiveCfg = Debug|Any CPU
		{4AAC52D4-D27B-4A3A-9660-73A4E796207C}.Release_Net40|Any CPU.ActiveCfg = Release|Any CPU
		{4AAC52D4-D27B-4A3A-9660-73A4E796207C}.Release_Net40|Any CPU.Build.0 = Release|Any CPU
		{4AAC52D4-D27B-4A3A-9660-73A4E796207C}.Release_Net40|x64.ActiveCfg = Release_Net40|x64
		{4AAC52D4-D27B-4A3A-9660-73A4E796207C}.Release_Net40|x64.Build.0 = Release_Net40|x64
		{4AAC52D4-D27B-4A3A-9660-73A4E796207C}.Release_Net40|x86.ActiveCfg = Release_Net40|x86
		{4AAC52D4-D27B-4A3A-9660-73A4E796207C}.Release_Net40|x86.Build.0 = Release_Net40|x86
		{4AAC52D4-D27B-4A3A-9660-73A4E796207C}.Release|Any CPU.ActiveCfg = Release|Any CPU
		{4AAC52D4-D27B-4A3A-9660-73A4E796207C}.Release|Any CPU.Build.0 = Release|Any CPU
		{4AAC52D4-D27B-4A3A-9660-73A4E796207C}.Release|x64.ActiveCfg = Release|Any CPU
		{4AAC52D4-D27B-4A3A-9660-73A4E796207C}.Release|x86.ActiveCfg = Release|Any CPU
		{A5F2DF47-F99C-4134-B4EF-79E876ED764C}.Debug_Net40|Any CPU.ActiveCfg = Debug|Any CPU
		{A5F2DF47-F99C-4134-B4EF-79E876ED764C}.Debug_Net40|Any CPU.Build.0 = Debug|Any CPU
		{A5F2DF47-F99C-4134-B4EF-79E876ED764C}.Debug_Net40|x64.ActiveCfg = Debug_Net40|x64
		{A5F2DF47-F99C-4134-B4EF-79E876ED764C}.Debug_Net40|x64.Build.0 = Debug_Net40|x64
		{A5F2DF47-F99C-4134-B4EF-79E876ED764C}.Debug_Net40|x86.ActiveCfg = Debug_Net40|x86
		{A5F2DF47-F99C-4134-B4EF-79E876ED764C}.Debug_Net40|x86.Build.0 = Debug_Net40|x86
		{A5F2DF47-F99C-4134-B4EF-79E876ED764C}.Debug|Any CPU.ActiveCfg = Debug|Any CPU
		{A5F2DF47-F99C-4134-B4EF-79E876ED764C}.Debug|Any CPU.Build.0 = Debug|Any CPU
		{A5F2DF47-F99C-4134-B4EF-79E876ED764C}.Debug|x64.ActiveCfg = Debug|Any CPU
		{A5F2DF47-F99C-4134-B4EF-79E876ED764C}.Debug|x86.ActiveCfg = Debug|Any CPU
		{A5F2DF47-F99C-4134-B4EF-79E876ED764C}.Release_Net40|Any CPU.ActiveCfg = Release|Any CPU
		{A5F2DF47-F99C-4134-B4EF-79E876ED764C}.Release_Net40|Any CPU.Build.0 = Release|Any CPU
		{A5F2DF47-F99C-4134-B4EF-79E876ED764C}.Release_Net40|x64.ActiveCfg = Release_Net40|x64
		{A5F2DF47-F99C-4134-B4EF-79E876ED764C}.Release_Net40|x64.Build.0 = Release_Net40|x64
		{A5F2DF47-F99C-4134-B4EF-79E876ED764C}.Release_Net40|x86.ActiveCfg = Release_Net40|x86
		{A5F2DF47-F99C-4134-B4EF-79E876ED764C}.Release_Net40|x86.Build.0 = Release_Net40|x86
		{A5F2DF47-F99C-4134-B4EF-79E876ED764C}.Release|Any CPU.ActiveCfg = Release|Any CPU
		{A5F2DF47-F99C-4134-B4EF-79E876ED764C}.Release|Any CPU.Build.0 = Release|Any CPU
		{A5F2DF47-F99C-4134-B4EF-79E876ED764C}.Release|x64.ActiveCfg = Release|Any CPU
		{A5F2DF47-F99C-4134-B4EF-79E876ED764C}.Release|x86.ActiveCfg = Release|Any CPU
		{01510274-B131-4F36-BBA8-98DACC58BDC5}.Debug_Net40|Any CPU.ActiveCfg = Debug_Net40|Any CPU
		{01510274-B131-4F36-BBA8-98DACC58BDC5}.Debug_Net40|Any CPU.Build.0 = Debug_Net40|Any CPU
		{01510274-B131-4F36-BBA8-98DACC58BDC5}.Debug_Net40|x64.ActiveCfg = Debug_Net40|x64
		{01510274-B131-4F36-BBA8-98DACC58BDC5}.Debug_Net40|x64.Build.0 = Debug_Net40|x64
		{01510274-B131-4F36-BBA8-98DACC58BDC5}.Debug_Net40|x86.ActiveCfg = Debug_Net40|x86
		{01510274-B131-4F36-BBA8-98DACC58BDC5}.Debug_Net40|x86.Build.0 = Debug_Net40|x86
		{01510274-B131-4F36-BBA8-98DACC58BDC5}.Debug|Any CPU.ActiveCfg = Debug_Net35|Any CPU
		{01510274-B131-4F36-BBA8-98DACC58BDC5}.Debug|Any CPU.Build.0 = Debug_Net35|Any CPU
		{01510274-B131-4F36-BBA8-98DACC58BDC5}.Debug|x64.ActiveCfg = Debug_Net35|Any CPU
		{01510274-B131-4F36-BBA8-98DACC58BDC5}.Debug|x86.ActiveCfg = Debug_Net35|Any CPU
		{01510274-B131-4F36-BBA8-98DACC58BDC5}.Release_Net40|Any CPU.ActiveCfg = Release_Net40|Any CPU
		{01510274-B131-4F36-BBA8-98DACC58BDC5}.Release_Net40|Any CPU.Build.0 = Release_Net40|Any CPU
		{01510274-B131-4F36-BBA8-98DACC58BDC5}.Release_Net40|x64.ActiveCfg = Release_Net40|x64
		{01510274-B131-4F36-BBA8-98DACC58BDC5}.Release_Net40|x64.Build.0 = Release_Net40|x64
		{01510274-B131-4F36-BBA8-98DACC58BDC5}.Release_Net40|x86.ActiveCfg = Release_Net40|x86
		{01510274-B131-4F36-BBA8-98DACC58BDC5}.Release_Net40|x86.Build.0 = Release_Net40|x86
		{01510274-B131-4F36-BBA8-98DACC58BDC5}.Release|Any CPU.ActiveCfg = Release_Net35|Any CPU
		{01510274-B131-4F36-BBA8-98DACC58BDC5}.Release|Any CPU.Build.0 = Release_Net35|Any CPU
		{01510274-B131-4F36-BBA8-98DACC58BDC5}.Release|x64.ActiveCfg = Release_Net35|Any CPU
		{01510274-B131-4F36-BBA8-98DACC58BDC5}.Release|x86.ActiveCfg = Release_Net35|Any CPU
		{9BF70D47-05D2-4C64-A21B-1A326547E718}.Debug_Net40|Any CPU.ActiveCfg = Debug_Net40|Any CPU
		{9BF70D47-05D2-4C64-A21B-1A326547E718}.Debug_Net40|Any CPU.Build.0 = Debug_Net40|Any CPU
		{9BF70D47-05D2-4C64-A21B-1A326547E718}.Debug_Net40|x64.ActiveCfg = Debug_Net40|Any CPU
		{9BF70D47-05D2-4C64-A21B-1A326547E718}.Debug_Net40|x86.ActiveCfg = Debug_Net40|Any CPU
		{9BF70D47-05D2-4C64-A21B-1A326547E718}.Debug|Any CPU.ActiveCfg = Debug_Net35|Any CPU
		{9BF70D47-05D2-4C64-A21B-1A326547E718}.Debug|Any CPU.Build.0 = Debug_Net35|Any CPU
		{9BF70D47-05D2-4C64-A21B-1A326547E718}.Debug|x64.ActiveCfg = Debug_Net40|Any CPU
		{9BF70D47-05D2-4C64-A21B-1A326547E718}.Debug|x86.ActiveCfg = Debug_Net40|Any CPU
		{9BF70D47-05D2-4C64-A21B-1A326547E718}.Release_Net40|Any CPU.ActiveCfg = Release_Net40|Any CPU
		{9BF70D47-05D2-4C64-A21B-1A326547E718}.Release_Net40|Any CPU.Build.0 = Release_Net40|Any CPU
		{9BF70D47-05D2-4C64-A21B-1A326547E718}.Release_Net40|x64.ActiveCfg = Release_Net40|Any CPU
		{9BF70D47-05D2-4C64-A21B-1A326547E718}.Release_Net40|x86.ActiveCfg = Release_Net40|Any CPU
		{9BF70D47-05D2-4C64-A21B-1A326547E718}.Release|Any CPU.ActiveCfg = Release_Net35|Any CPU
		{9BF70D47-05D2-4C64-A21B-1A326547E718}.Release|Any CPU.Build.0 = Release_Net35|Any CPU
		{9BF70D47-05D2-4C64-A21B-1A326547E718}.Release|x64.ActiveCfg = Release_Net35|Any CPU
		{9BF70D47-05D2-4C64-A21B-1A326547E718}.Release|x86.ActiveCfg = Release_Net35|Any CPU
		{AFEE85D5-3E41-4C72-8515-8063DB2B9FC4}.Debug_Net40|Any CPU.ActiveCfg = Debug_Net40|Any CPU
		{AFEE85D5-3E41-4C72-8515-8063DB2B9FC4}.Debug_Net40|Any CPU.Build.0 = Debug_Net40|Any CPU
		{AFEE85D5-3E41-4C72-8515-8063DB2B9FC4}.Debug_Net40|x64.ActiveCfg = Debug_Net40|Any CPU
		{AFEE85D5-3E41-4C72-8515-8063DB2B9FC4}.Debug_Net40|x86.ActiveCfg = Debug_Net40|Any CPU
		{AFEE85D5-3E41-4C72-8515-8063DB2B9FC4}.Debug|Any CPU.ActiveCfg = Debug_Net35|Any CPU
		{AFEE85D5-3E41-4C72-8515-8063DB2B9FC4}.Debug|Any CPU.Build.0 = Debug_Net35|Any CPU
		{AFEE85D5-3E41-4C72-8515-8063DB2B9FC4}.Debug|x64.ActiveCfg = Debug_Net40|Any CPU
		{AFEE85D5-3E41-4C72-8515-8063DB2B9FC4}.Debug|x86.ActiveCfg = Debug_Net40|Any CPU
		{AFEE85D5-3E41-4C72-8515-8063DB2B9FC4}.Release_Net40|Any CPU.ActiveCfg = Release_Net40|Any CPU
		{AFEE85D5-3E41-4C72-8515-8063DB2B9FC4}.Release_Net40|Any CPU.Build.0 = Release_Net40|Any CPU
		{AFEE85D5-3E41-4C72-8515-8063DB2B9FC4}.Release_Net40|x64.ActiveCfg = Release_Net40|Any CPU
		{AFEE85D5-3E41-4C72-8515-8063DB2B9FC4}.Release_Net40|x86.ActiveCfg = Release_Net40|Any CPU
		{AFEE85D5-3E41-4C72-8515-8063DB2B9FC4}.Release|Any CPU.ActiveCfg = Release_Net35|Any CPU
		{AFEE85D5-3E41-4C72-8515-8063DB2B9FC4}.Release|Any CPU.Build.0 = Release_Net35|Any CPU
		{AFEE85D5-3E41-4C72-8515-8063DB2B9FC4}.Release|x64.ActiveCfg = Release_Net35|Any CPU
		{AFEE85D5-3E41-4C72-8515-8063DB2B9FC4}.Release|x86.ActiveCfg = Release_Net35|Any CPU
		{A91F2DA0-BCB5-45F6-B63C-607AF4247696}.Debug_Net40|Any CPU.ActiveCfg = Debug_Net40|Any CPU
		{A91F2DA0-BCB5-45F6-B63C-607AF4247696}.Debug_Net40|Any CPU.Build.0 = Debug_Net40|Any CPU
		{A91F2DA0-BCB5-45F6-B63C-607AF4247696}.Debug_Net40|x64.ActiveCfg = Debug_Net40|Any CPU
		{A91F2DA0-BCB5-45F6-B63C-607AF4247696}.Debug_Net40|x86.ActiveCfg = Debug_Net40|Any CPU
		{A91F2DA0-BCB5-45F6-B63C-607AF4247696}.Debug|Any CPU.ActiveCfg = Debug_Net40|Any CPU
		{A91F2DA0-BCB5-45F6-B63C-607AF4247696}.Debug|Any CPU.Build.0 = Debug_Net40|Any CPU
		{A91F2DA0-BCB5-45F6-B63C-607AF4247696}.Debug|x64.ActiveCfg = Debug_Net40|Any CPU
		{A91F2DA0-BCB5-45F6-B63C-607AF4247696}.Debug|x86.ActiveCfg = Debug_Net40|Any CPU
		{A91F2DA0-BCB5-45F6-B63C-607AF4247696}.Release_Net40|Any CPU.ActiveCfg = Release_Net40|Any CPU
		{A91F2DA0-BCB5-45F6-B63C-607AF4247696}.Release_Net40|Any CPU.Build.0 = Release_Net40|Any CPU
		{A91F2DA0-BCB5-45F6-B63C-607AF4247696}.Release_Net40|x64.ActiveCfg = Release_Net40|Any CPU
		{A91F2DA0-BCB5-45F6-B63C-607AF4247696}.Release_Net40|x86.ActiveCfg = Release_Net40|Any CPU
		{A91F2DA0-BCB5-45F6-B63C-607AF4247696}.Release|Any CPU.ActiveCfg = Release_Net35|Any CPU
		{A91F2DA0-BCB5-45F6-B63C-607AF4247696}.Release|Any CPU.Build.0 = Release_Net35|Any CPU
		{A91F2DA0-BCB5-45F6-B63C-607AF4247696}.Release|x64.ActiveCfg = Release_Net35|Any CPU
		{A91F2DA0-BCB5-45F6-B63C-607AF4247696}.Release|x86.ActiveCfg = Release_Net35|Any CPU
		{0C3FE0C3-DD37-4827-8E17-3FA0D10D536E}.Debug_Net40|Any CPU.ActiveCfg = Debug_Net40|Any CPU
		{0C3FE0C3-DD37-4827-8E17-3FA0D10D536E}.Debug_Net40|Any CPU.Build.0 = Debug_Net40|Any CPU
		{0C3FE0C3-DD37-4827-8E17-3FA0D10D536E}.Debug_Net40|x64.ActiveCfg = Debug_Net40|Any CPU
		{0C3FE0C3-DD37-4827-8E17-3FA0D10D536E}.Debug_Net40|x86.ActiveCfg = Debug_Net40|Any CPU
		{0C3FE0C3-DD37-4827-8E17-3FA0D10D536E}.Debug|Any CPU.ActiveCfg = Debug_Net35|Any CPU
		{0C3FE0C3-DD37-4827-8E17-3FA0D10D536E}.Debug|Any CPU.Build.0 = Debug_Net35|Any CPU
		{0C3FE0C3-DD37-4827-8E17-3FA0D10D536E}.Debug|x64.ActiveCfg = Debug_Net40|Any CPU
		{0C3FE0C3-DD37-4827-8E17-3FA0D10D536E}.Debug|x86.ActiveCfg = Debug_Net40|Any CPU
		{0C3FE0C3-DD37-4827-8E17-3FA0D10D536E}.Release_Net40|Any CPU.ActiveCfg = Release_Net40|Any CPU
		{0C3FE0C3-DD37-4827-8E17-3FA0D10D536E}.Release_Net40|Any CPU.Build.0 = Release_Net40|Any CPU
		{0C3FE0C3-DD37-4827-8E17-3FA0D10D536E}.Release_Net40|x64.ActiveCfg = Release_Net40|Any CPU
		{0C3FE0C3-DD37-4827-8E17-3FA0D10D536E}.Release_Net40|x86.ActiveCfg = Release_Net40|Any CPU
		{0C3FE0C3-DD37-4827-8E17-3FA0D10D536E}.Release|Any CPU.ActiveCfg = Release_Net35|Any CPU
		{0C3FE0C3-DD37-4827-8E17-3FA0D10D536E}.Release|Any CPU.Build.0 = Release_Net35|Any CPU
		{0C3FE0C3-DD37-4827-8E17-3FA0D10D536E}.Release|x64.ActiveCfg = Release_Net35|Any CPU
		{0C3FE0C3-DD37-4827-8E17-3FA0D10D536E}.Release|x86.ActiveCfg = Release_Net35|Any CPU
		{690A0E31-3060-471A-92EA-18C1FE4C91D4}.Debug_Net40|Any CPU.ActiveCfg = Debug_Net40|Any CPU
		{690A0E31-3060-471A-92EA-18C1FE4C91D4}.Debug_Net40|Any CPU.Build.0 = Debug_Net40|Any CPU
		{690A0E31-3060-471A-92EA-18C1FE4C91D4}.Debug_Net40|x64.ActiveCfg = Debug_Net40|Any CPU
		{690A0E31-3060-471A-92EA-18C1FE4C91D4}.Debug_Net40|x86.ActiveCfg = Debug_Net40|Any CPU
		{690A0E31-3060-471A-92EA-18C1FE4C91D4}.Debug|Any CPU.ActiveCfg = Debug_Net35|Any CPU
		{690A0E31-3060-471A-92EA-18C1FE4C91D4}.Debug|Any CPU.Build.0 = Debug_Net35|Any CPU
		{690A0E31-3060-471A-92EA-18C1FE4C91D4}.Debug|x64.ActiveCfg = Debug_Net40|Any CPU
		{690A0E31-3060-471A-92EA-18C1FE4C91D4}.Debug|x86.ActiveCfg = Debug_Net40|Any CPU
		{690A0E31-3060-471A-92EA-18C1FE4C91D4}.Release_Net40|Any CPU.ActiveCfg = Release_Net40|Any CPU
		{690A0E31-3060-471A-92EA-18C1FE4C91D4}.Release_Net40|Any CPU.Build.0 = Release_Net40|Any CPU
		{690A0E31-3060-471A-92EA-18C1FE4C91D4}.Release_Net40|x64.ActiveCfg = Release_Net40|Any CPU
		{690A0E31-3060-471A-92EA-18C1FE4C91D4}.Release_Net40|x86.ActiveCfg = Release_Net40|Any CPU
		{690A0E31-3060-471A-92EA-18C1FE4C91D4}.Release|Any CPU.ActiveCfg = Release_Net35|Any CPU
		{690A0E31-3060-471A-92EA-18C1FE4C91D4}.Release|Any CPU.Build.0 = Release_Net35|Any CPU
		{690A0E31-3060-471A-92EA-18C1FE4C91D4}.Release|x64.ActiveCfg = Release_Net35|Any CPU
		{690A0E31-3060-471A-92EA-18C1FE4C91D4}.Release|x86.ActiveCfg = Release_Net35|Any CPU
		{91509592-D1B9-4DDB-9D2C-F13FAB7E6FD1}.Debug_Net40|Any CPU.ActiveCfg = Debug_Net40|Any CPU
		{91509592-D1B9-4DDB-9D2C-F13FAB7E6FD1}.Debug_Net40|Any CPU.Build.0 = Debug_Net40|Any CPU
		{91509592-D1B9-4DDB-9D2C-F13FAB7E6FD1}.Debug_Net40|x64.ActiveCfg = Debug_Net40|Any CPU
		{91509592-D1B9-4DDB-9D2C-F13FAB7E6FD1}.Debug_Net40|x86.ActiveCfg = Debug_Net40|Any CPU
		{91509592-D1B9-4DDB-9D2C-F13FAB7E6FD1}.Debug|Any CPU.ActiveCfg = Debug_Net35|Any CPU
		{91509592-D1B9-4DDB-9D2C-F13FAB7E6FD1}.Debug|Any CPU.Build.0 = Debug_Net35|Any CPU
		{91509592-D1B9-4DDB-9D2C-F13FAB7E6FD1}.Debug|x64.ActiveCfg = Debug_Net40|Any CPU
		{91509592-D1B9-4DDB-9D2C-F13FAB7E6FD1}.Debug|x86.ActiveCfg = Debug_Net40|Any CPU
		{91509592-D1B9-4DDB-9D2C-F13FAB7E6FD1}.Release_Net40|Any CPU.ActiveCfg = Release_Net40|Any CPU
		{91509592-D1B9-4DDB-9D2C-F13FAB7E6FD1}.Release_Net40|Any CPU.Build.0 = Release_Net40|Any CPU
		{91509592-D1B9-4DDB-9D2C-F13FAB7E6FD1}.Release_Net40|x64.ActiveCfg = Release_Net40|Any CPU
		{91509592-D1B9-4DDB-9D2C-F13FAB7E6FD1}.Release_Net40|x86.ActiveCfg = Release_Net40|Any CPU
		{91509592-D1B9-4DDB-9D2C-F13FAB7E6FD1}.Release|Any CPU.ActiveCfg = Release_Net35|Any CPU
		{91509592-D1B9-4DDB-9D2C-F13FAB7E6FD1}.Release|Any CPU.Build.0 = Release_Net35|Any CPU
		{91509592-D1B9-4DDB-9D2C-F13FAB7E6FD1}.Release|x64.ActiveCfg = Release_Net35|Any CPU
		{91509592-D1B9-4DDB-9D2C-F13FAB7E6FD1}.Release|x86.ActiveCfg = Release_Net35|Any CPU
		{DF5C9960-620A-4292-8B19-0387E37D20E0}.Debug_Net40|Any CPU.ActiveCfg = Debug_Net40|Any CPU
		{DF5C9960-620A-4292-8B19-0387E37D20E0}.Debug_Net40|Any CPU.Build.0 = Debug_Net40|Any CPU
		{DF5C9960-620A-4292-8B19-0387E37D20E0}.Debug_Net40|x64.ActiveCfg = Debug_Net40|Any CPU
		{DF5C9960-620A-4292-8B19-0387E37D20E0}.Debug_Net40|x86.ActiveCfg = Debug_Net40|Any CPU
		{DF5C9960-620A-4292-8B19-0387E37D20E0}.Debug|Any CPU.ActiveCfg = Debug_Net35|Any CPU
		{DF5C9960-620A-4292-8B19-0387E37D20E0}.Debug|Any CPU.Build.0 = Debug_Net35|Any CPU
		{DF5C9960-620A-4292-8B19-0387E37D20E0}.Debug|x64.ActiveCfg = Debug_Net40|Any CPU
		{DF5C9960-620A-4292-8B19-0387E37D20E0}.Debug|x86.ActiveCfg = Debug_Net40|Any CPU
		{DF5C9960-620A-4292-8B19-0387E37D20E0}.Release_Net40|Any CPU.ActiveCfg = Release_Net40|Any CPU
		{DF5C9960-620A-4292-8B19-0387E37D20E0}.Release_Net40|Any CPU.Build.0 = Release_Net40|Any CPU
		{DF5C9960-620A-4292-8B19-0387E37D20E0}.Release_Net40|x64.ActiveCfg = Release_Net40|Any CPU
		{DF5C9960-620A-4292-8B19-0387E37D20E0}.Release_Net40|x86.ActiveCfg = Release_Net40|Any CPU
		{DF5C9960-620A-4292-8B19-0387E37D20E0}.Release|Any CPU.ActiveCfg = Release_Net35|Any CPU
		{DF5C9960-620A-4292-8B19-0387E37D20E0}.Release|Any CPU.Build.0 = Release_Net35|Any CPU
		{DF5C9960-620A-4292-8B19-0387E37D20E0}.Release|x64.ActiveCfg = Release_Net35|Any CPU
		{DF5C9960-620A-4292-8B19-0387E37D20E0}.Release|x86.ActiveCfg = Release_Net35|Any CPU
		{E8B95470-E24D-4708-8EF3-4C2E7AAF03F4}.Debug_Net40|Any CPU.ActiveCfg = Debug_Net40|Any CPU
		{E8B95470-E24D-4708-8EF3-4C2E7AAF03F4}.Debug_Net40|Any CPU.Build.0 = Debug_Net40|Any CPU
		{E8B95470-E24D-4708-8EF3-4C2E7AAF03F4}.Debug_Net40|x64.ActiveCfg = Debug_Net40|Any CPU
		{E8B95470-E24D-4708-8EF3-4C2E7AAF03F4}.Debug_Net40|x86.ActiveCfg = Debug_Net40|Any CPU
		{E8B95470-E24D-4708-8EF3-4C2E7AAF03F4}.Debug|Any CPU.ActiveCfg = Debug_Net35|Any CPU
		{E8B95470-E24D-4708-8EF3-4C2E7AAF03F4}.Debug|Any CPU.Build.0 = Debug_Net35|Any CPU
		{E8B95470-E24D-4708-8EF3-4C2E7AAF03F4}.Debug|x64.ActiveCfg = Debug_Net40|Any CPU
		{E8B95470-E24D-4708-8EF3-4C2E7AAF03F4}.Debug|x86.ActiveCfg = Debug_Net40|Any CPU
		{E8B95470-E24D-4708-8EF3-4C2E7AAF03F4}.Release_Net40|Any CPU.ActiveCfg = Release_Net40|Any CPU
		{E8B95470-E24D-4708-8EF3-4C2E7AAF03F4}.Release_Net40|Any CPU.Build.0 = Release_Net40|Any CPU
		{E8B95470-E24D-4708-8EF3-4C2E7AAF03F4}.Release_Net40|x64.ActiveCfg = Release_Net40|Any CPU
		{E8B95470-E24D-4708-8EF3-4C2E7AAF03F4}.Release_Net40|x86.ActiveCfg = Release_Net40|Any CPU
		{E8B95470-E24D-4708-8EF3-4C2E7AAF03F4}.Release|Any CPU.ActiveCfg = Release_Net35|Any CPU
		{E8B95470-E24D-4708-8EF3-4C2E7AAF03F4}.Release|Any CPU.Build.0 = Release_Net35|Any CPU
		{E8B95470-E24D-4708-8EF3-4C2E7AAF03F4}.Release|x64.ActiveCfg = Release_Net35|Any CPU
		{E8B95470-E24D-4708-8EF3-4C2E7AAF03F4}.Release|x86.ActiveCfg = Release_Net35|Any CPU
		{427384FB-A4EC-4CAB-AE72-C1A3D6835201}.Debug_Net40|Any CPU.ActiveCfg = Debug_Net40|Any CPU
		{427384FB-A4EC-4CAB-AE72-C1A3D6835201}.Debug_Net40|Any CPU.Build.0 = Debug_Net40|Any CPU
		{427384FB-A4EC-4CAB-AE72-C1A3D6835201}.Debug_Net40|x64.ActiveCfg = Debug_Net40|x64
		{427384FB-A4EC-4CAB-AE72-C1A3D6835201}.Debug_Net40|x64.Build.0 = Debug_Net40|x64
		{427384FB-A4EC-4CAB-AE72-C1A3D6835201}.Debug_Net40|x86.ActiveCfg = Debug_Net40|x86
		{427384FB-A4EC-4CAB-AE72-C1A3D6835201}.Debug_Net40|x86.Build.0 = Debug_Net40|x86
		{427384FB-A4EC-4CAB-AE72-C1A3D6835201}.Debug|Any CPU.ActiveCfg = Debug_Net35|Any CPU
		{427384FB-A4EC-4CAB-AE72-C1A3D6835201}.Debug|Any CPU.Build.0 = Debug_Net35|Any CPU
		{427384FB-A4EC-4CAB-AE72-C1A3D6835201}.Debug|x64.ActiveCfg = Debug_Net35|Any CPU
		{427384FB-A4EC-4CAB-AE72-C1A3D6835201}.Debug|x86.ActiveCfg = Debug_Net35|Any CPU
		{427384FB-A4EC-4CAB-AE72-C1A3D6835201}.Release_Net40|Any CPU.ActiveCfg = Release_Net40|Any CPU
		{427384FB-A4EC-4CAB-AE72-C1A3D6835201}.Release_Net40|Any CPU.Build.0 = Release_Net40|Any CPU
		{427384FB-A4EC-4CAB-AE72-C1A3D6835201}.Release_Net40|x64.ActiveCfg = Release_Net40|x64
		{427384FB-A4EC-4CAB-AE72-C1A3D6835201}.Release_Net40|x64.Build.0 = Release_Net40|x64
		{427384FB-A4EC-4CAB-AE72-C1A3D6835201}.Release_Net40|x86.ActiveCfg = Release_Net40|x86
		{427384FB-A4EC-4CAB-AE72-C1A3D6835201}.Release_Net40|x86.Build.0 = Release_Net40|x86
		{427384FB-A4EC-4CAB-AE72-C1A3D6835201}.Release|Any CPU.ActiveCfg = Release_Net35|Any CPU
		{427384FB-A4EC-4CAB-AE72-C1A3D6835201}.Release|Any CPU.Build.0 = Release_Net35|Any CPU
		{427384FB-A4EC-4CAB-AE72-C1A3D6835201}.Release|x64.ActiveCfg = Release_Net35|Any CPU
		{427384FB-A4EC-4CAB-AE72-C1A3D6835201}.Release|x86.ActiveCfg = Release_Net35|Any CPU
		{96AD10C7-AAB9-49AB-B7F6-F7AD15778F0D}.Debug_Net40|Any CPU.ActiveCfg = Debug_Net40|Any CPU
		{96AD10C7-AAB9-49AB-B7F6-F7AD15778F0D}.Debug_Net40|Any CPU.Build.0 = Debug_Net40|Any CPU
		{96AD10C7-AAB9-49AB-B7F6-F7AD15778F0D}.Debug_Net40|x64.ActiveCfg = Debug_Net40|x64
		{96AD10C7-AAB9-49AB-B7F6-F7AD15778F0D}.Debug_Net40|x64.Build.0 = Debug_Net40|x64
		{96AD10C7-AAB9-49AB-B7F6-F7AD15778F0D}.Debug_Net40|x86.ActiveCfg = Debug_Net40|x86
		{96AD10C7-AAB9-49AB-B7F6-F7AD15778F0D}.Debug_Net40|x86.Build.0 = Debug_Net40|x86
		{96AD10C7-AAB9-49AB-B7F6-F7AD15778F0D}.Debug|Any CPU.ActiveCfg = Debug_Net35|Any CPU
		{96AD10C7-AAB9-49AB-B7F6-F7AD15778F0D}.Debug|Any CPU.Build.0 = Debug_Net35|Any CPU
		{96AD10C7-AAB9-49AB-B7F6-F7AD15778F0D}.Debug|x64.ActiveCfg = Debug_Net35|Any CPU
		{96AD10C7-AAB9-49AB-B7F6-F7AD15778F0D}.Debug|x86.ActiveCfg = Debug_Net35|Any CPU
		{96AD10C7-AAB9-49AB-B7F6-F7AD15778F0D}.Release_Net40|Any CPU.ActiveCfg = Release_Net40|Any CPU
		{96AD10C7-AAB9-49AB-B7F6-F7AD15778F0D}.Release_Net40|Any CPU.Build.0 = Release_Net40|Any CPU
		{96AD10C7-AAB9-49AB-B7F6-F7AD15778F0D}.Release_Net40|x64.ActiveCfg = Release_Net40|x64
		{96AD10C7-AAB9-49AB-B7F6-F7AD15778F0D}.Release_Net40|x64.Build.0 = Release_Net40|x64
		{96AD10C7-AAB9-49AB-B7F6-F7AD15778F0D}.Release_Net40|x86.ActiveCfg = Release_Net40|x86
		{96AD10C7-AAB9-49AB-B7F6-F7AD15778F0D}.Release_Net40|x86.Build.0 = Release_Net40|x86
		{96AD10C7-AAB9-49AB-B7F6-F7AD15778F0D}.Release|Any CPU.ActiveCfg = Release_Net35|Any CPU
		{96AD10C7-AAB9-49AB-B7F6-F7AD15778F0D}.Release|Any CPU.Build.0 = Release_Net35|Any CPU
		{96AD10C7-AAB9-49AB-B7F6-F7AD15778F0D}.Release|x64.ActiveCfg = Release_Net35|Any CPU
		{96AD10C7-AAB9-49AB-B7F6-F7AD15778F0D}.Release|x86.ActiveCfg = Release_Net35|Any CPU
		{D64968A4-5CE1-4ECC-89C6-C1A2449BC2BE}.Debug_Net40|Any CPU.ActiveCfg = Debug|Any CPU
		{D64968A4-5CE1-4ECC-89C6-C1A2449BC2BE}.Debug_Net40|Any CPU.Build.0 = Debug|Any CPU
		{D64968A4-5CE1-4ECC-89C6-C1A2449BC2BE}.Debug_Net40|x64.ActiveCfg = Debug_Net40|Any CPU
		{D64968A4-5CE1-4ECC-89C6-C1A2449BC2BE}.Debug_Net40|x86.ActiveCfg = Debug_Net40|Any CPU
		{D64968A4-5CE1-4ECC-89C6-C1A2449BC2BE}.Debug|Any CPU.ActiveCfg = Debug|Any CPU
		{D64968A4-5CE1-4ECC-89C6-C1A2449BC2BE}.Debug|Any CPU.Build.0 = Debug|Any CPU
		{D64968A4-5CE1-4ECC-89C6-C1A2449BC2BE}.Debug|x64.ActiveCfg = Debug|Any CPU
		{D64968A4-5CE1-4ECC-89C6-C1A2449BC2BE}.Debug|x86.ActiveCfg = Debug|Any CPU
		{D64968A4-5CE1-4ECC-89C6-C1A2449BC2BE}.Release_Net40|Any CPU.ActiveCfg = Release|Any CPU
		{D64968A4-5CE1-4ECC-89C6-C1A2449BC2BE}.Release_Net40|Any CPU.Build.0 = Release|Any CPU
		{D64968A4-5CE1-4ECC-89C6-C1A2449BC2BE}.Release_Net40|x64.ActiveCfg = Release_Net40|Any CPU
		{D64968A4-5CE1-4ECC-89C6-C1A2449BC2BE}.Release_Net40|x86.ActiveCfg = Release_Net40|Any CPU
		{D64968A4-5CE1-4ECC-89C6-C1A2449BC2BE}.Release|Any CPU.ActiveCfg = Release|Any CPU
		{D64968A4-5CE1-4ECC-89C6-C1A2449BC2BE}.Release|Any CPU.Build.0 = Release|Any CPU
		{D64968A4-5CE1-4ECC-89C6-C1A2449BC2BE}.Release|x64.ActiveCfg = Release|Any CPU
		{D64968A4-5CE1-4ECC-89C6-C1A2449BC2BE}.Release|x86.ActiveCfg = Release|Any CPU
		{CF70D069-7445-4ED2-B3D0-F4B2EFC2D814}.Debug_Net40|Any CPU.ActiveCfg = Debug|Any CPU
		{CF70D069-7445-4ED2-B3D0-F4B2EFC2D814}.Debug_Net40|Any CPU.Build.0 = Debug|Any CPU
		{CF70D069-7445-4ED2-B3D0-F4B2EFC2D814}.Debug_Net40|x64.ActiveCfg = Debug_Net40|Any CPU
		{CF70D069-7445-4ED2-B3D0-F4B2EFC2D814}.Debug_Net40|x86.ActiveCfg = Debug_Net40|Any CPU
		{CF70D069-7445-4ED2-B3D0-F4B2EFC2D814}.Debug|Any CPU.ActiveCfg = Debug|Any CPU
		{CF70D069-7445-4ED2-B3D0-F4B2EFC2D814}.Debug|Any CPU.Build.0 = Debug|Any CPU
		{CF70D069-7445-4ED2-B3D0-F4B2EFC2D814}.Debug|x64.ActiveCfg = Debug|Any CPU
		{CF70D069-7445-4ED2-B3D0-F4B2EFC2D814}.Debug|x86.ActiveCfg = Debug|Any CPU
		{CF70D069-7445-4ED2-B3D0-F4B2EFC2D814}.Release_Net40|Any CPU.ActiveCfg = Release|Any CPU
		{CF70D069-7445-4ED2-B3D0-F4B2EFC2D814}.Release_Net40|Any CPU.Build.0 = Release|Any CPU
		{CF70D069-7445-4ED2-B3D0-F4B2EFC2D814}.Release_Net40|x64.ActiveCfg = Release_Net40|Any CPU
		{CF70D069-7445-4ED2-B3D0-F4B2EFC2D814}.Release_Net40|x86.ActiveCfg = Release_Net40|Any CPU
		{CF70D069-7445-4ED2-B3D0-F4B2EFC2D814}.Release|Any CPU.ActiveCfg = Release|Any CPU
		{CF70D069-7445-4ED2-B3D0-F4B2EFC2D814}.Release|Any CPU.Build.0 = Release|Any CPU
		{CF70D069-7445-4ED2-B3D0-F4B2EFC2D814}.Release|x64.ActiveCfg = Release|Any CPU
		{CF70D069-7445-4ED2-B3D0-F4B2EFC2D814}.Release|x86.ActiveCfg = Release|Any CPU
		{6CB8B851-3EF1-4F5D-AF9F-E5A2ADCC4F8C}.Debug_Net40|Any CPU.ActiveCfg = Debug|Any CPU
		{6CB8B851-3EF1-4F5D-AF9F-E5A2ADCC4F8C}.Debug_Net40|Any CPU.Build.0 = Debug|Any CPU
		{6CB8B851-3EF1-4F5D-AF9F-E5A2ADCC4F8C}.Debug_Net40|x64.ActiveCfg = Debug_Net40|Any CPU
		{6CB8B851-3EF1-4F5D-AF9F-E5A2ADCC4F8C}.Debug_Net40|x86.ActiveCfg = Debug_Net40|Any CPU
		{6CB8B851-3EF1-4F5D-AF9F-E5A2ADCC4F8C}.Debug|Any CPU.ActiveCfg = Debug|Any CPU
		{6CB8B851-3EF1-4F5D-AF9F-E5A2ADCC4F8C}.Debug|Any CPU.Build.0 = Debug|Any CPU
		{6CB8B851-3EF1-4F5D-AF9F-E5A2ADCC4F8C}.Debug|x64.ActiveCfg = Debug|Any CPU
		{6CB8B851-3EF1-4F5D-AF9F-E5A2ADCC4F8C}.Debug|x86.ActiveCfg = Debug|Any CPU
		{6CB8B851-3EF1-4F5D-AF9F-E5A2ADCC4F8C}.Release_Net40|Any CPU.ActiveCfg = Release|Any CPU
		{6CB8B851-3EF1-4F5D-AF9F-E5A2ADCC4F8C}.Release_Net40|Any CPU.Build.0 = Release|Any CPU
		{6CB8B851-3EF1-4F5D-AF9F-E5A2ADCC4F8C}.Release_Net40|x64.ActiveCfg = Release_Net40|Any CPU
		{6CB8B851-3EF1-4F5D-AF9F-E5A2ADCC4F8C}.Release_Net40|x86.ActiveCfg = Release_Net40|Any CPU
		{6CB8B851-3EF1-4F5D-AF9F-E5A2ADCC4F8C}.Release|Any CPU.ActiveCfg = Release|Any CPU
		{6CB8B851-3EF1-4F5D-AF9F-E5A2ADCC4F8C}.Release|Any CPU.Build.0 = Release|Any CPU
		{6CB8B851-3EF1-4F5D-AF9F-E5A2ADCC4F8C}.Release|x64.ActiveCfg = Release|Any CPU
		{6CB8B851-3EF1-4F5D-AF9F-E5A2ADCC4F8C}.Release|x86.ActiveCfg = Release|Any CPU
		{58A46AA8-FCF0-4581-9CC0-937B124A5329}.Debug_Net40|Any CPU.ActiveCfg = Debug|Any CPU
		{58A46AA8-FCF0-4581-9CC0-937B124A5329}.Debug_Net40|Any CPU.Build.0 = Debug|Any CPU
		{58A46AA8-FCF0-4581-9CC0-937B124A5329}.Debug_Net40|x64.ActiveCfg = Debug_Net40|x64
		{58A46AA8-FCF0-4581-9CC0-937B124A5329}.Debug_Net40|x64.Build.0 = Debug_Net40|x64
		{58A46AA8-FCF0-4581-9CC0-937B124A5329}.Debug_Net40|x86.ActiveCfg = Debug_Net40|x86
		{58A46AA8-FCF0-4581-9CC0-937B124A5329}.Debug_Net40|x86.Build.0 = Debug_Net40|x86
		{58A46AA8-FCF0-4581-9CC0-937B124A5329}.Debug|Any CPU.ActiveCfg = Debug|Any CPU
		{58A46AA8-FCF0-4581-9CC0-937B124A5329}.Debug|Any CPU.Build.0 = Debug|Any CPU
		{58A46AA8-FCF0-4581-9CC0-937B124A5329}.Debug|x64.ActiveCfg = Debug|x64
		{58A46AA8-FCF0-4581-9CC0-937B124A5329}.Debug|x64.Build.0 = Debug|x64
		{58A46AA8-FCF0-4581-9CC0-937B124A5329}.Debug|x86.ActiveCfg = Debug|x86
		{58A46AA8-FCF0-4581-9CC0-937B124A5329}.Debug|x86.Build.0 = Debug|x86
		{58A46AA8-FCF0-4581-9CC0-937B124A5329}.Release_Net40|Any CPU.ActiveCfg = Release|Any CPU
		{58A46AA8-FCF0-4581-9CC0-937B124A5329}.Release_Net40|Any CPU.Build.0 = Release|Any CPU
		{58A46AA8-FCF0-4581-9CC0-937B124A5329}.Release_Net40|x64.ActiveCfg = Release_Net40|x64
		{58A46AA8-FCF0-4581-9CC0-937B124A5329}.Release_Net40|x64.Build.0 = Release_Net40|x64
		{58A46AA8-FCF0-4581-9CC0-937B124A5329}.Release_Net40|x86.ActiveCfg = Release_Net40|x86
		{58A46AA8-FCF0-4581-9CC0-937B124A5329}.Release_Net40|x86.Build.0 = Release_Net40|x86
		{58A46AA8-FCF0-4581-9CC0-937B124A5329}.Release|Any CPU.ActiveCfg = Release|Any CPU
		{58A46AA8-FCF0-4581-9CC0-937B124A5329}.Release|Any CPU.Build.0 = Release|Any CPU
		{58A46AA8-FCF0-4581-9CC0-937B124A5329}.Release|x64.ActiveCfg = Release|x64
		{58A46AA8-FCF0-4581-9CC0-937B124A5329}.Release|x64.Build.0 = Release|x64
		{58A46AA8-FCF0-4581-9CC0-937B124A5329}.Release|x86.ActiveCfg = Release|x86
		{58A46AA8-FCF0-4581-9CC0-937B124A5329}.Release|x86.Build.0 = Release|x86
		{8E824CF1-A906-48C0-83E1-468823D10EFB}.Debug_Net40|Any CPU.ActiveCfg = Debug|Any CPU
		{8E824CF1-A906-48C0-83E1-468823D10EFB}.Debug_Net40|Any CPU.Build.0 = Debug|Any CPU
		{8E824CF1-A906-48C0-83E1-468823D10EFB}.Debug_Net40|x64.ActiveCfg = Debug_Net40|x64
		{8E824CF1-A906-48C0-83E1-468823D10EFB}.Debug_Net40|x64.Build.0 = Debug_Net40|x64
		{8E824CF1-A906-48C0-83E1-468823D10EFB}.Debug_Net40|x86.ActiveCfg = Debug_Net40|x86
		{8E824CF1-A906-48C0-83E1-468823D10EFB}.Debug_Net40|x86.Build.0 = Debug_Net40|x86
		{8E824CF1-A906-48C0-83E1-468823D10EFB}.Debug|Any CPU.ActiveCfg = Debug|Any CPU
		{8E824CF1-A906-48C0-83E1-468823D10EFB}.Debug|Any CPU.Build.0 = Debug|Any CPU
		{8E824CF1-A906-48C0-83E1-468823D10EFB}.Debug|x64.ActiveCfg = Debug|Any CPU
		{8E824CF1-A906-48C0-83E1-468823D10EFB}.Debug|x86.ActiveCfg = Debug|Any CPU
		{8E824CF1-A906-48C0-83E1-468823D10EFB}.Release_Net40|Any CPU.ActiveCfg = Release|Any CPU
		{8E824CF1-A906-48C0-83E1-468823D10EFB}.Release_Net40|Any CPU.Build.0 = Release|Any CPU
		{8E824CF1-A906-48C0-83E1-468823D10EFB}.Release_Net40|x64.ActiveCfg = Release_Net40|x64
		{8E824CF1-A906-48C0-83E1-468823D10EFB}.Release_Net40|x64.Build.0 = Release_Net40|x64
		{8E824CF1-A906-48C0-83E1-468823D10EFB}.Release_Net40|x86.ActiveCfg = Release_Net40|x86
		{8E824CF1-A906-48C0-83E1-468823D10EFB}.Release_Net40|x86.Build.0 = Release_Net40|x86
		{8E824CF1-A906-48C0-83E1-468823D10EFB}.Release|Any CPU.ActiveCfg = Release|Any CPU
		{8E824CF1-A906-48C0-83E1-468823D10EFB}.Release|Any CPU.Build.0 = Release|Any CPU
		{8E824CF1-A906-48C0-83E1-468823D10EFB}.Release|x64.ActiveCfg = Release|Any CPU
		{8E824CF1-A906-48C0-83E1-468823D10EFB}.Release|x86.ActiveCfg = Release|Any CPU
		{132D6D22-8BC6-4D1C-A57C-04EF01C92456}.Debug_Net40|Any CPU.ActiveCfg = Debug|Any CPU
		{132D6D22-8BC6-4D1C-A57C-04EF01C92456}.Debug_Net40|Any CPU.Build.0 = Debug|Any CPU
		{132D6D22-8BC6-4D1C-A57C-04EF01C92456}.Debug_Net40|x64.ActiveCfg = Debug_Net40|x64
		{132D6D22-8BC6-4D1C-A57C-04EF01C92456}.Debug_Net40|x64.Build.0 = Debug_Net40|x64
		{132D6D22-8BC6-4D1C-A57C-04EF01C92456}.Debug_Net40|x86.ActiveCfg = Debug_Net40|x86
		{132D6D22-8BC6-4D1C-A57C-04EF01C92456}.Debug_Net40|x86.Build.0 = Debug_Net40|x86
		{132D6D22-8BC6-4D1C-A57C-04EF01C92456}.Debug|Any CPU.ActiveCfg = Debug|Any CPU
		{132D6D22-8BC6-4D1C-A57C-04EF01C92456}.Debug|Any CPU.Build.0 = Debug|Any CPU
		{132D6D22-8BC6-4D1C-A57C-04EF01C92456}.Debug|x64.ActiveCfg = Debug|Any CPU
		{132D6D22-8BC6-4D1C-A57C-04EF01C92456}.Debug|x86.ActiveCfg = Debug|Any CPU
		{132D6D22-8BC6-4D1C-A57C-04EF01C92456}.Release_Net40|Any CPU.ActiveCfg = Release|Any CPU
		{132D6D22-8BC6-4D1C-A57C-04EF01C92456}.Release_Net40|Any CPU.Build.0 = Release|Any CPU
		{132D6D22-8BC6-4D1C-A57C-04EF01C92456}.Release_Net40|x64.ActiveCfg = Release_Net40|x64
		{132D6D22-8BC6-4D1C-A57C-04EF01C92456}.Release_Net40|x64.Build.0 = Release_Net40|x64
		{132D6D22-8BC6-4D1C-A57C-04EF01C92456}.Release_Net40|x86.ActiveCfg = Release_Net40|x86
		{132D6D22-8BC6-4D1C-A57C-04EF01C92456}.Release_Net40|x86.Build.0 = Release_Net40|x86
		{132D6D22-8BC6-4D1C-A57C-04EF01C92456}.Release|Any CPU.ActiveCfg = Release|Any CPU
		{132D6D22-8BC6-4D1C-A57C-04EF01C92456}.Release|Any CPU.Build.0 = Release|Any CPU
		{132D6D22-8BC6-4D1C-A57C-04EF01C92456}.Release|x64.ActiveCfg = Release|Any CPU
		{132D6D22-8BC6-4D1C-A57C-04EF01C92456}.Release|x86.ActiveCfg = Release|Any CPU
		{FFB69466-79DE-466A-ADA7-5C47C5C5CA3A}.Debug_Net40|Any CPU.ActiveCfg = Debug_Net40|Any CPU
		{FFB69466-79DE-466A-ADA7-5C47C5C5CA3A}.Debug_Net40|Any CPU.Build.0 = Debug_Net40|Any CPU
		{FFB69466-79DE-466A-ADA7-5C47C5C5CA3A}.Debug_Net40|x64.ActiveCfg = Debug_Net35|x86
		{FFB69466-79DE-466A-ADA7-5C47C5C5CA3A}.Debug_Net40|x86.ActiveCfg = Debug_Net35|x86
		{FFB69466-79DE-466A-ADA7-5C47C5C5CA3A}.Debug_Net40|x86.Build.0 = Debug_Net35|x86
		{FFB69466-79DE-466A-ADA7-5C47C5C5CA3A}.Debug|Any CPU.ActiveCfg = Debug_Net35|x86
		{FFB69466-79DE-466A-ADA7-5C47C5C5CA3A}.Debug|x64.ActiveCfg = Debug_Net35|x86
		{FFB69466-79DE-466A-ADA7-5C47C5C5CA3A}.Debug|x86.ActiveCfg = Debug_Net35|x86
		{FFB69466-79DE-466A-ADA7-5C47C5C5CA3A}.Debug|x86.Build.0 = Debug_Net35|x86
		{FFB69466-79DE-466A-ADA7-5C47C5C5CA3A}.Release_Net40|Any CPU.ActiveCfg = Release_Net40|Any CPU
		{FFB69466-79DE-466A-ADA7-5C47C5C5CA3A}.Release_Net40|Any CPU.Build.0 = Release_Net40|Any CPU
		{FFB69466-79DE-466A-ADA7-5C47C5C5CA3A}.Release_Net40|x64.ActiveCfg = Release_Net40|x64
		{FFB69466-79DE-466A-ADA7-5C47C5C5CA3A}.Release_Net40|x64.Build.0 = Release_Net40|x64
		{FFB69466-79DE-466A-ADA7-5C47C5C5CA3A}.Release_Net40|x86.ActiveCfg = Release_Net40|x86
		{FFB69466-79DE-466A-ADA7-5C47C5C5CA3A}.Release_Net40|x86.Build.0 = Release_Net40|x86
		{FFB69466-79DE-466A-ADA7-5C47C5C5CA3A}.Release|Any CPU.ActiveCfg = Release_Net35|x86
		{FFB69466-79DE-466A-ADA7-5C47C5C5CA3A}.Release|x64.ActiveCfg = Release_Net35|x86
		{FFB69466-79DE-466A-ADA7-5C47C5C5CA3A}.Release|x86.ActiveCfg = Release_Net35|x86
		{FFB69466-79DE-466A-ADA7-5C47C5C5CA3A}.Release|x86.Build.0 = Release_Net35|x86
		{B139E1D5-091B-40D2-B7A2-7D7D82E13019}.Debug_Net40|Any CPU.ActiveCfg = Debug_Net40|Any CPU
		{B139E1D5-091B-40D2-B7A2-7D7D82E13019}.Debug_Net40|Any CPU.Build.0 = Debug_Net40|Any CPU
		{B139E1D5-091B-40D2-B7A2-7D7D82E13019}.Debug_Net40|x64.ActiveCfg = Debug_Net35|x86
		{B139E1D5-091B-40D2-B7A2-7D7D82E13019}.Debug_Net40|x86.ActiveCfg = Debug_Net35|x86
		{B139E1D5-091B-40D2-B7A2-7D7D82E13019}.Debug_Net40|x86.Build.0 = Debug_Net35|x86
		{B139E1D5-091B-40D2-B7A2-7D7D82E13019}.Debug|Any CPU.ActiveCfg = Debug_Net35|x86
		{B139E1D5-091B-40D2-B7A2-7D7D82E13019}.Debug|x64.ActiveCfg = Debug_Net35|x86
		{B139E1D5-091B-40D2-B7A2-7D7D82E13019}.Debug|x86.ActiveCfg = Debug_Net35|x86
		{B139E1D5-091B-40D2-B7A2-7D7D82E13019}.Debug|x86.Build.0 = Debug_Net35|x86
		{B139E1D5-091B-40D2-B7A2-7D7D82E13019}.Release_Net40|Any CPU.ActiveCfg = Release_Net40|Any CPU
		{B139E1D5-091B-40D2-B7A2-7D7D82E13019}.Release_Net40|Any CPU.Build.0 = Release_Net40|Any CPU
		{B139E1D5-091B-40D2-B7A2-7D7D82E13019}.Release_Net40|x64.ActiveCfg = Release_Net40|x64
		{B139E1D5-091B-40D2-B7A2-7D7D82E13019}.Release_Net40|x64.Build.0 = Release_Net40|x64
		{B139E1D5-091B-40D2-B7A2-7D7D82E13019}.Release_Net40|x86.ActiveCfg = Release_Net40|x86
		{B139E1D5-091B-40D2-B7A2-7D7D82E13019}.Release_Net40|x86.Build.0 = Release_Net40|x86
		{B139E1D5-091B-40D2-B7A2-7D7D82E13019}.Release|Any CPU.ActiveCfg = Release_Net35|x86
		{B139E1D5-091B-40D2-B7A2-7D7D82E13019}.Release|x64.ActiveCfg = Release_Net35|x86
		{B139E1D5-091B-40D2-B7A2-7D7D82E13019}.Release|x86.ActiveCfg = Release_Net35|x86
		{B139E1D5-091B-40D2-B7A2-7D7D82E13019}.Release|x86.Build.0 = Release_Net35|x86
		{D03CD20F-5081-4974-82E4-291577169B46}.Debug_Net40|Any CPU.ActiveCfg = Debug_Net40|Any CPU
		{D03CD20F-5081-4974-82E4-291577169B46}.Debug_Net40|Any CPU.Build.0 = Debug_Net40|Any CPU
		{D03CD20F-5081-4974-82E4-291577169B46}.Debug_Net40|x64.ActiveCfg = Debug_Net35|x86
		{D03CD20F-5081-4974-82E4-291577169B46}.Debug_Net40|x86.ActiveCfg = Debug_Net35|x86
		{D03CD20F-5081-4974-82E4-291577169B46}.Debug_Net40|x86.Build.0 = Debug_Net35|x86
		{D03CD20F-5081-4974-82E4-291577169B46}.Debug|Any CPU.ActiveCfg = Debug_Net35|x86
		{D03CD20F-5081-4974-82E4-291577169B46}.Debug|x64.ActiveCfg = Debug_Net35|x86
		{D03CD20F-5081-4974-82E4-291577169B46}.Debug|x86.ActiveCfg = Debug_Net35|x86
		{D03CD20F-5081-4974-82E4-291577169B46}.Debug|x86.Build.0 = Debug_Net35|x86
		{D03CD20F-5081-4974-82E4-291577169B46}.Release_Net40|Any CPU.ActiveCfg = Release_Net40|Any CPU
		{D03CD20F-5081-4974-82E4-291577169B46}.Release_Net40|Any CPU.Build.0 = Release_Net40|Any CPU
		{D03CD20F-5081-4974-82E4-291577169B46}.Release_Net40|x64.ActiveCfg = Release_Net40|x64
		{D03CD20F-5081-4974-82E4-291577169B46}.Release_Net40|x64.Build.0 = Release_Net40|x64
		{D03CD20F-5081-4974-82E4-291577169B46}.Release_Net40|x86.ActiveCfg = Release_Net40|x86
		{D03CD20F-5081-4974-82E4-291577169B46}.Release_Net40|x86.Build.0 = Release_Net40|x86
		{D03CD20F-5081-4974-82E4-291577169B46}.Release|Any CPU.ActiveCfg = Release_Net35|x86
		{D03CD20F-5081-4974-82E4-291577169B46}.Release|x64.ActiveCfg = Release_Net35|x86
		{D03CD20F-5081-4974-82E4-291577169B46}.Release|x86.ActiveCfg = Release_Net35|x86
		{D03CD20F-5081-4974-82E4-291577169B46}.Release|x86.Build.0 = Release_Net35|x86
		{8A1C8DC2-9E24-47E9-A51C-AA46E0B0260C}.Debug_Net40|Any CPU.ActiveCfg = Debug_Net40|Any CPU
		{8A1C8DC2-9E24-47E9-A51C-AA46E0B0260C}.Debug_Net40|Any CPU.Build.0 = Debug_Net40|Any CPU
		{8A1C8DC2-9E24-47E9-A51C-AA46E0B0260C}.Debug_Net40|x64.ActiveCfg = Debug_Net35|Any CPU
		{8A1C8DC2-9E24-47E9-A51C-AA46E0B0260C}.Debug_Net40|x86.ActiveCfg = Debug_Net35|Any CPU
		{8A1C8DC2-9E24-47E9-A51C-AA46E0B0260C}.Debug|Any CPU.ActiveCfg = Debug_Net35|Any CPU
		{8A1C8DC2-9E24-47E9-A51C-AA46E0B0260C}.Debug|Any CPU.Build.0 = Debug_Net35|Any CPU
		{8A1C8DC2-9E24-47E9-A51C-AA46E0B0260C}.Debug|x64.ActiveCfg = Debug_Net35|Any CPU
		{8A1C8DC2-9E24-47E9-A51C-AA46E0B0260C}.Debug|x86.ActiveCfg = Debug_Net35|Any CPU
		{8A1C8DC2-9E24-47E9-A51C-AA46E0B0260C}.Release_Net40|Any CPU.ActiveCfg = Release_Net40|Any CPU
		{8A1C8DC2-9E24-47E9-A51C-AA46E0B0260C}.Release_Net40|Any CPU.Build.0 = Release_Net40|Any CPU
		{8A1C8DC2-9E24-47E9-A51C-AA46E0B0260C}.Release_Net40|x64.ActiveCfg = Release_Net40|Any CPU
		{8A1C8DC2-9E24-47E9-A51C-AA46E0B0260C}.Release_Net40|x86.ActiveCfg = Release_Net40|Any CPU
		{8A1C8DC2-9E24-47E9-A51C-AA46E0B0260C}.Release|Any CPU.ActiveCfg = Release_Net35|Any CPU
		{8A1C8DC2-9E24-47E9-A51C-AA46E0B0260C}.Release|Any CPU.Build.0 = Release_Net35|Any CPU
		{8A1C8DC2-9E24-47E9-A51C-AA46E0B0260C}.Release|x64.ActiveCfg = Release_Net35|Any CPU
		{8A1C8DC2-9E24-47E9-A51C-AA46E0B0260C}.Release|x86.ActiveCfg = Release_Net35|Any CPU
		{FA286D16-E405-4FCB-95EA-BE1F9A4A83A4}.Debug_Net40|Any CPU.ActiveCfg = Debug_Net40|Any CPU
		{FA286D16-E405-4FCB-95EA-BE1F9A4A83A4}.Debug_Net40|Any CPU.Build.0 = Debug_Net40|Any CPU
		{FA286D16-E405-4FCB-95EA-BE1F9A4A83A4}.Debug_Net40|x64.ActiveCfg = Debug_Net35|Any CPU
		{FA286D16-E405-4FCB-95EA-BE1F9A4A83A4}.Debug_Net40|x86.ActiveCfg = Debug_Net35|Any CPU
		{FA286D16-E405-4FCB-95EA-BE1F9A4A83A4}.Debug|Any CPU.ActiveCfg = Debug_Net35|Any CPU
		{FA286D16-E405-4FCB-95EA-BE1F9A4A83A4}.Debug|Any CPU.Build.0 = Debug_Net35|Any CPU
		{FA286D16-E405-4FCB-95EA-BE1F9A4A83A4}.Debug|x64.ActiveCfg = Debug_Net35|Any CPU
		{FA286D16-E405-4FCB-95EA-BE1F9A4A83A4}.Debug|x86.ActiveCfg = Debug_Net35|Any CPU
		{FA286D16-E405-4FCB-95EA-BE1F9A4A83A4}.Release_Net40|Any CPU.ActiveCfg = Release_Net40|Any CPU
		{FA286D16-E405-4FCB-95EA-BE1F9A4A83A4}.Release_Net40|Any CPU.Build.0 = Release_Net40|Any CPU
		{FA286D16-E405-4FCB-95EA-BE1F9A4A83A4}.Release_Net40|x64.ActiveCfg = Release_Net40|Any CPU
		{FA286D16-E405-4FCB-95EA-BE1F9A4A83A4}.Release_Net40|x86.ActiveCfg = Release_Net40|Any CPU
		{FA286D16-E405-4FCB-95EA-BE1F9A4A83A4}.Release|Any CPU.ActiveCfg = Release_Net35|Any CPU
		{FA286D16-E405-4FCB-95EA-BE1F9A4A83A4}.Release|Any CPU.Build.0 = Release_Net35|Any CPU
		{FA286D16-E405-4FCB-95EA-BE1F9A4A83A4}.Release|x64.ActiveCfg = Release_Net35|Any CPU
		{FA286D16-E405-4FCB-95EA-BE1F9A4A83A4}.Release|x86.ActiveCfg = Release_Net35|Any CPU
		{5770DAA9-84E5-4770-AF43-F6B815894368}.Debug_Net40|Any CPU.ActiveCfg = Debug_Net40|Any CPU
		{5770DAA9-84E5-4770-AF43-F6B815894368}.Debug_Net40|Any CPU.Build.0 = Debug_Net40|Any CPU
		{5770DAA9-84E5-4770-AF43-F6B815894368}.Debug_Net40|x64.ActiveCfg = Debug_Net35|Any CPU
		{5770DAA9-84E5-4770-AF43-F6B815894368}.Debug_Net40|x86.ActiveCfg = Debug_Net35|Any CPU
		{5770DAA9-84E5-4770-AF43-F6B815894368}.Debug|Any CPU.ActiveCfg = Debug_Net35|Any CPU
		{5770DAA9-84E5-4770-AF43-F6B815894368}.Debug|Any CPU.Build.0 = Debug_Net35|Any CPU
		{5770DAA9-84E5-4770-AF43-F6B815894368}.Debug|x64.ActiveCfg = Debug_Net35|Any CPU
		{5770DAA9-84E5-4770-AF43-F6B815894368}.Debug|x86.ActiveCfg = Debug_Net35|Any CPU
		{5770DAA9-84E5-4770-AF43-F6B815894368}.Release_Net40|Any CPU.ActiveCfg = Release_Net40|Any CPU
		{5770DAA9-84E5-4770-AF43-F6B815894368}.Release_Net40|Any CPU.Build.0 = Release_Net40|Any CPU
		{5770DAA9-84E5-4770-AF43-F6B815894368}.Release_Net40|x64.ActiveCfg = Release_Net40|Any CPU
		{5770DAA9-84E5-4770-AF43-F6B815894368}.Release_Net40|x86.ActiveCfg = Release_Net40|Any CPU
		{5770DAA9-84E5-4770-AF43-F6B815894368}.Release|Any CPU.ActiveCfg = Release_Net35|Any CPU
		{5770DAA9-84E5-4770-AF43-F6B815894368}.Release|Any CPU.Build.0 = Release_Net35|Any CPU
		{5770DAA9-84E5-4770-AF43-F6B815894368}.Release|x64.ActiveCfg = Release_Net35|Any CPU
		{5770DAA9-84E5-4770-AF43-F6B815894368}.Release|x86.ActiveCfg = Release_Net35|Any CPU
	EndGlobalSection
	GlobalSection(SolutionProperties) = preSolution
		HideSolutionNode = FALSE
	EndGlobalSection
	GlobalSection(NestedProjects) = preSolution
		{BDE2BFBD-FD53-405D-B004-D03A42A2BA10} = {C4E00EF9-D274-4D44-914C-7F871C755734}
		{187C6524-E36F-477E-A6DD-AEEF83316903} = {C4E00EF9-D274-4D44-914C-7F871C755734}
		{11EA7250-D5DD-47B5-A172-0B00F0B5882A} = {C4E00EF9-D274-4D44-914C-7F871C755734}
		{62E2FE54-8B03-4CC8-B348-DBB1C9D1E6F7} = {BDE2BFBD-FD53-405D-B004-D03A42A2BA10}
		{B0CA0EB9-7F7C-4C55-98D5-EAE3D285189D} = {BDE2BFBD-FD53-405D-B004-D03A42A2BA10}
		{74FFC63E-9E93-47E0-B634-D39801ED9A71} = {187C6524-E36F-477E-A6DD-AEEF83316903}
		{5C0B55B4-CE1B-47FB-97BC-E0379CB6BE2D} = {11EA7250-D5DD-47B5-A172-0B00F0B5882A}
		{A5F2DF47-F99C-4134-B4EF-79E876ED764C} = {11EA7250-D5DD-47B5-A172-0B00F0B5882A}
		{FEE2753F-DCC2-4DC6-9651-FA2CED8A2974} = {42AA19DF-EB80-4F26-A463-77F930F46BA3}
		{184C9D40-7999-46E4-8407-AD6480F75D87} = {42AA19DF-EB80-4F26-A463-77F930F46BA3}
		{CEADC931-47FB-483C-A849-8B890FD6F0E1} = {42AA19DF-EB80-4F26-A463-77F930F46BA3}
		{4D5343CE-7E0E-46B5-9F80-A31BDA78D609} = {42AA19DF-EB80-4F26-A463-77F930F46BA3}
		{1BDB6244-385F-4482-8AE7-CECE83508DE1} = {42AA19DF-EB80-4F26-A463-77F930F46BA3}
		{7C533D86-BD73-4F55-AE8B-2D95D97C0436} = {42AA19DF-EB80-4F26-A463-77F930F46BA3}
		{01510274-B131-4F36-BBA8-98DACC58BDC5} = {42AA19DF-EB80-4F26-A463-77F930F46BA3}
		{D64968A4-5CE1-4ECC-89C6-C1A2449BC2BE} = {42AA19DF-EB80-4F26-A463-77F930F46BA3}
		{CF70D069-7445-4ED2-B3D0-F4B2EFC2D814} = {42AA19DF-EB80-4F26-A463-77F930F46BA3}
		{6CB8B851-3EF1-4F5D-AF9F-E5A2ADCC4F8C} = {42AA19DF-EB80-4F26-A463-77F930F46BA3}
		{1677C565-FA87-419F-B925-02A5CAA97E8D} = {21B1484A-5EA0-43E9-8455-7219734E4268}
		{952DAB9D-38D8-45E6-A089-84AB5A3D8A62} = {21B1484A-5EA0-43E9-8455-7219734E4268}
		{E7E3A53F-6B4D-423B-A10E-F0580B87FB81} = {21B1484A-5EA0-43E9-8455-7219734E4268}
		{7B83D60D-7B44-4A10-BB86-CD8ACF6C1D8E} = {21B1484A-5EA0-43E9-8455-7219734E4268}
		{EC29E6E4-CE31-4989-BAA7-0125F1F8910A} = {6DCFEC79-094D-447F-8DC1-EBABE8F7C896}
		{E49D450A-86DA-4CDE-8FC7-5A645165B615} = {6DCFEC79-094D-447F-8DC1-EBABE8F7C896}
		{B60BBA75-4204-4202-84B0-BCE771E02A9F} = {6DCFEC79-094D-447F-8DC1-EBABE8F7C896}
		{019FE8B5-5822-4272-B75C-8BDDAB479284} = {6DCFEC79-094D-447F-8DC1-EBABE8F7C896}
		{91509592-D1B9-4DDB-9D2C-F13FAB7E6FD1} = {6DCFEC79-094D-447F-8DC1-EBABE8F7C896}
		{8E824CF1-A906-48C0-83E1-468823D10EFB} = {6DCFEC79-094D-447F-8DC1-EBABE8F7C896}
		{132D6D22-8BC6-4D1C-A57C-04EF01C92456} = {6DCFEC79-094D-447F-8DC1-EBABE8F7C896}
		{90BE5EAC-4A1B-4736-8CE0-E7558882C67A} = {66704095-A5F2-49D4-B4CC-DB50CB0C47FE}
		{E1E27E77-C153-4C29-AE44-D68121A2CAF6} = {66704095-A5F2-49D4-B4CC-DB50CB0C47FE}
		{427384FB-A4EC-4CAB-AE72-C1A3D6835201} = {66704095-A5F2-49D4-B4CC-DB50CB0C47FE}
		{96AD10C7-AAB9-49AB-B7F6-F7AD15778F0D} = {66704095-A5F2-49D4-B4CC-DB50CB0C47FE}
		{58A46AA8-FCF0-4581-9CC0-937B124A5329} = {66704095-A5F2-49D4-B4CC-DB50CB0C47FE}
		{9BF70D47-05D2-4C64-A21B-1A326547E718} = {5C0B55B4-CE1B-47FB-97BC-E0379CB6BE2D}
		{AFEE85D5-3E41-4C72-8515-8063DB2B9FC4} = {5C0B55B4-CE1B-47FB-97BC-E0379CB6BE2D}
		{A91F2DA0-BCB5-45F6-B63C-607AF4247696} = {5C0B55B4-CE1B-47FB-97BC-E0379CB6BE2D}
		{0C3FE0C3-DD37-4827-8E17-3FA0D10D536E} = {5C0B55B4-CE1B-47FB-97BC-E0379CB6BE2D}
		{690A0E31-3060-471A-92EA-18C1FE4C91D4} = {5C0B55B4-CE1B-47FB-97BC-E0379CB6BE2D}
		{DF5C9960-620A-4292-8B19-0387E37D20E0} = {5C0B55B4-CE1B-47FB-97BC-E0379CB6BE2D}
		{E8B95470-E24D-4708-8EF3-4C2E7AAF03F4} = {5C0B55B4-CE1B-47FB-97BC-E0379CB6BE2D}
	EndGlobalSection
EndGlobal
