
Microsoft Visual Studio Solution File, Format Version 9.00
# Visual Studio 2005
Project("{FAE04EC0-301F-11D3-BF4B-00C04F79EFBC}") = "WkbTester", "WkbTester\WkbTester.csproj", "{F72019F6-4C97-4CFE-B22F-71F28427C5DB}"
EndProject
Project("{FAE04EC0-301F-11D3-BF4B-00C04F79EFBC}") = "SharpMap", "SharpMap\SharpMap.csproj", "{C83777FC-AABB-47D9-911F-D76255D4D541}"
EndProject
Project("{FAE04EC0-301F-11D3-BF4B-00C04F79EFBC}") = "SharpMap.Rendering.Gdi", "SharpMap.Rendering.Gdi\SharpMap.Rendering.Gdi.csproj", "{EC29E6E4-CE31-4989-BAA7-0125F1F8910A}"
EndProject
Project("{FAE04EC0-301F-11D3-BF4B-00C04F79EFBC}") = "SharpMap.Presentation.WinForms", "SharpMap.Presentation.WinForms\SharpMap.Presentation.WinForms.csproj", "{E7E3A53F-6B4D-423B-A10E-F0580B87FB81}"
EndProject
Global
	GlobalSection(SolutionConfigurationPlatforms) = preSolution
		Debug|Any CPU = Debug|Any CPU
		Release|Any CPU = Release|Any CPU
	EndGlobalSection
	GlobalSection(ProjectConfigurationPlatforms) = postSolution
		{F72019F6-4C97-4CFE-B22F-71F28427C5DB}.Debug|Any CPU.ActiveCfg = Debug|Any CPU
		{F72019F6-4C97-4CFE-B22F-71F28427C5DB}.Debug|Any CPU.Build.0 = Debug|Any CPU
		{F72019F6-4C97-4CFE-B22F-71F28427C5DB}.Release|Any CPU.ActiveCfg = Release|Any CPU
		{F72019F6-4C97-4CFE-B22F-71F28427C5DB}.Release|Any CPU.Build.0 = Release|Any CPU
		{C83777FC-AABB-47D9-911F-D76255D4D541}.Debug|Any CPU.ActiveCfg = Debug|Any CPU
		{C83777FC-AABB-47D9-911F-D76255D4D541}.Debug|Any CPU.Build.0 = Debug|Any CPU
		{C83777FC-AABB-47D9-911F-D76255D4D541}.Release|Any CPU.ActiveCfg = Release|Any CPU
		{C83777FC-AABB-47D9-911F-D76255D4D541}.Release|Any CPU.Build.0 = Release|Any CPU
		{EC29E6E4-CE31-4989-BAA7-0125F1F8910A}.Debug|Any CPU.ActiveCfg = Debug|Any CPU
		{EC29E6E4-CE31-4989-BAA7-0125F1F8910A}.Debug|Any CPU.Build.0 = Debug|Any CPU
		{EC29E6E4-CE31-4989-BAA7-0125F1F8910A}.Release|Any CPU.ActiveCfg = Release|Any CPU
		{EC29E6E4-CE31-4989-BAA7-0125F1F8910A}.Release|Any CPU.Build.0 = Release|Any CPU
		{E7E3A53F-6B4D-423B-A10E-F0580B87FB81}.Debug|Any CPU.ActiveCfg = Debug|Any CPU
		{E7E3A53F-6B4D-423B-A10E-F0580B87FB81}.Debug|Any CPU.Build.0 = Debug|Any CPU
		{E7E3A53F-6B4D-423B-A10E-F0580B87FB81}.Release|Any CPU.ActiveCfg = Release|Any CPU
		{E7E3A53F-6B4D-423B-A10E-F0580B87FB81}.Release|Any CPU.Build.0 = Release|Any CPU
	EndGlobalSection
	GlobalSection(SolutionProperties) = preSolution
		HideSolutionNode = FALSE
	EndGlobalSection
EndGlobal
