
Microsoft Visual Studio Solution File, Format Version 10.00
# Visual Studio 2008
Project("{FAE04EC0-301F-11D3-BF4B-00C04F79EFBC}") = "SharpMap.Rendering.Wpf", "SharpMap.Rendering.Wpf\SharpMap.Rendering.Wpf.csproj", "{087DA4FD-AC7E-4F42-B6E2-2859FDA07BCA}"
EndProject
Project("{FAE04EC0-301F-11D3-BF4B-00C04F79EFBC}") = "SharpMap.Presentation.Windows", "SharpMap.Presentation.Windows\SharpMap.Presentation.Windows.csproj", "{718106C8-DE9D-421B-AD9B-4BF58CCC887C}"
EndProject
Project("{2150E333-8FDC-42A3-9474-1A3956D46DE8}") = "Solution Build", "Solution Build", "{FED87E4D-DC1A-4D5F-BF0D-185B428469FB}"
	ProjectSection(SolutionItems) = preProject
		Common.msbuild = Common.msbuild
	EndProjectSection
EndProject
Project("{FAE04EC0-301F-11D3-BF4B-00C04F79EFBC}") = "ProjNet", "Proj.Net\ProjNet\ProjNet.csproj", "{E028BDD2-55E1-4E5F-BE31-35FAEC8D6428}"
EndProject
Project("{FAE04EC0-301F-11D3-BF4B-00C04F79EFBC}") = "GeoAPINoTFS", "..\GeoAPI\src\GeoAPI\GeoAPINoTFS.csproj", "{FFB69466-79DE-466A-ADA7-5C47C5C5CA3A}"
EndProject
Project("{FAE04EC0-301F-11D3-BF4B-00C04F79EFBC}") = "NetTopologySuite", "..\NTS\NetTopologySuite\NetTopologySuite.csproj", "{5770DAA9-84E5-4770-AF43-F6B815894368}"
EndProject
Project("{FAE04EC0-301F-11D3-BF4B-00C04F79EFBC}") = "SharpMap.SimpleGeometries", "SharpMap.SimpleGeometries\SharpMap.SimpleGeometries.csproj", "{7F258589-6452-4B7B-8884-8965A42C1D9E}"
EndProject
Project("{FAE04EC0-301F-11D3-BF4B-00C04F79EFBC}") = "SharpMap", "SharpMap\SharpMap.csproj", "{C83777FC-AABB-47D9-911F-D76255D4D541}"
EndProject
Project("{FAE04EC0-301F-11D3-BF4B-00C04F79EFBC}") = "SharpMap.Rendering.Gdi", "SharpMap.Rendering.Gdi\SharpMap.Rendering.Gdi.csproj", "{EC29E6E4-CE31-4989-BAA7-0125F1F8910A}"
EndProject
Project("{FAE04EC0-301F-11D3-BF4B-00C04F79EFBC}") = "SharpMap.Presentation.WinForms", "SharpMap.Presentation.WinForms\SharpMap.Presentation.WinForms.csproj", "{E7E3A53F-6B4D-423B-A10E-F0580B87FB81}"
EndProject
Project("{FAE04EC0-301F-11D3-BF4B-00C04F79EFBC}") = "SharpMap.Tests", "SharpMap.Tests\SharpMap.Tests.csproj", "{96AD10C7-AAB9-49AB-B7F6-F7AD15778F0D}"
EndProject
Project("{FAE04EC0-301F-11D3-BF4B-00C04F79EFBC}") = "SharpMap.Rendering.Gdi.Tests", "SharpMap.Rendering.Gdi.Tests\SharpMap.Rendering.Gdi.Tests.csproj", "{C8C6AF1D-5BF0-4A25-A641-68F9EEB61153}"
EndProject
Project("{FAE04EC0-301F-11D3-BF4B-00C04F79EFBC}") = "ManagedBufferedCoordinate2D", "..\NTS\ManagedBufferedCoordinate2D\ManagedBufferedCoordinate2D.csproj", "{8A1C8DC2-9E24-47E9-A51C-AA46E0B0260C}"
EndProject
Project("{FAE04EC0-301F-11D3-BF4B-00C04F79EFBC}") = "ManagedBufferedCoordinate2DTests", "..\NTS\ManagedBufferedCoordinate2DTests\ManagedBufferedCoordinate2DTests.csproj", "{66EF7231-2966-4FCA-8113-D1B2686447FF}"
EndProject
Project("{FAE04EC0-301F-11D3-BF4B-00C04F79EFBC}") = "SharpMap.SimpleGeometries.Tests", "SharpMap.SimpleGeometries.Tests\SharpMap.SimpleGeometries.Tests.csproj", "{D177DBFE-0DDC-4E15-8136-010193F02513}"
EndProject
Project("{FAE04EC0-301F-11D3-BF4B-00C04F79EFBC}") = "GeoAPI.Tests", "..\GeoAPI\src\GeoAPI.Tests\GeoAPI.Tests.csproj", "{0761C598-52C7-4ABA-B024-64B31022E573}"
EndProject
Global
	GlobalSection(SolutionConfigurationPlatforms) = preSolution
		Debug_Net20|Any CPU = Debug_Net20|Any CPU
		Debug_Net35|Any CPU = Debug_Net35|Any CPU
		Debug|Any CPU = Debug|Any CPU
		Release_Net20|Any CPU = Release_Net20|Any CPU
		Release_Net35|Any CPU = Release_Net35|Any CPU
		Release|Any CPU = Release|Any CPU
	EndGlobalSection
	GlobalSection(ProjectConfigurationPlatforms) = postSolution
		{087DA4FD-AC7E-4F42-B6E2-2859FDA07BCA}.Debug_Net20|Any CPU.ActiveCfg = Debug_Net20|Any CPU
		{087DA4FD-AC7E-4F42-B6E2-2859FDA07BCA}.Debug_Net20|Any CPU.Build.0 = Debug_Net20|Any CPU
		{087DA4FD-AC7E-4F42-B6E2-2859FDA07BCA}.Debug_Net35|Any CPU.ActiveCfg = Debug_Net35|Any CPU
		{087DA4FD-AC7E-4F42-B6E2-2859FDA07BCA}.Debug_Net35|Any CPU.Build.0 = Debug_Net35|Any CPU
		{087DA4FD-AC7E-4F42-B6E2-2859FDA07BCA}.Debug|Any CPU.ActiveCfg = Debug_Net35|Any CPU
		{087DA4FD-AC7E-4F42-B6E2-2859FDA07BCA}.Release_Net20|Any CPU.ActiveCfg = Release_Net20|Any CPU
		{087DA4FD-AC7E-4F42-B6E2-2859FDA07BCA}.Release_Net20|Any CPU.Build.0 = Release_Net20|Any CPU
		{087DA4FD-AC7E-4F42-B6E2-2859FDA07BCA}.Release_Net35|Any CPU.ActiveCfg = Release_Net35|Any CPU
		{087DA4FD-AC7E-4F42-B6E2-2859FDA07BCA}.Release_Net35|Any CPU.Build.0 = Release_Net35|Any CPU
		{087DA4FD-AC7E-4F42-B6E2-2859FDA07BCA}.Release|Any CPU.ActiveCfg = Release_Net35|Any CPU
		{718106C8-DE9D-421B-AD9B-4BF58CCC887C}.Debug_Net20|Any CPU.ActiveCfg = Debug_Net20|Any CPU
		{718106C8-DE9D-421B-AD9B-4BF58CCC887C}.Debug_Net20|Any CPU.Build.0 = Debug_Net20|Any CPU
		{718106C8-DE9D-421B-AD9B-4BF58CCC887C}.Debug_Net35|Any CPU.ActiveCfg = Debug_Net35|Any CPU
		{718106C8-DE9D-421B-AD9B-4BF58CCC887C}.Debug_Net35|Any CPU.Build.0 = Debug_Net35|Any CPU
		{718106C8-DE9D-421B-AD9B-4BF58CCC887C}.Debug|Any CPU.ActiveCfg = Debug_Net35|Any CPU
		{718106C8-DE9D-421B-AD9B-4BF58CCC887C}.Release_Net20|Any CPU.ActiveCfg = Release_Net20|Any CPU
		{718106C8-DE9D-421B-AD9B-4BF58CCC887C}.Release_Net20|Any CPU.Build.0 = Release_Net20|Any CPU
		{718106C8-DE9D-421B-AD9B-4BF58CCC887C}.Release_Net35|Any CPU.ActiveCfg = Release_Net35|Any CPU
		{718106C8-DE9D-421B-AD9B-4BF58CCC887C}.Release_Net35|Any CPU.Build.0 = Release_Net35|Any CPU
		{718106C8-DE9D-421B-AD9B-4BF58CCC887C}.Release|Any CPU.ActiveCfg = Release_Net35|Any CPU
		{E028BDD2-55E1-4E5F-BE31-35FAEC8D6428}.Debug_Net20|Any CPU.ActiveCfg = Debug_Net20|Any CPU
		{E028BDD2-55E1-4E5F-BE31-35FAEC8D6428}.Debug_Net20|Any CPU.Build.0 = Debug_Net20|Any CPU
		{E028BDD2-55E1-4E5F-BE31-35FAEC8D6428}.Debug_Net35|Any CPU.ActiveCfg = Debug_Net35|Any CPU
		{E028BDD2-55E1-4E5F-BE31-35FAEC8D6428}.Debug_Net35|Any CPU.Build.0 = Debug_Net35|Any CPU
		{E028BDD2-55E1-4E5F-BE31-35FAEC8D6428}.Debug|Any CPU.ActiveCfg = Debug_Net35|Any CPU
		{E028BDD2-55E1-4E5F-BE31-35FAEC8D6428}.Debug|Any CPU.Build.0 = Debug_Net35|Any CPU
		{E028BDD2-55E1-4E5F-BE31-35FAEC8D6428}.Release_Net20|Any CPU.ActiveCfg = Release_Net20|Any CPU
		{E028BDD2-55E1-4E5F-BE31-35FAEC8D6428}.Release_Net20|Any CPU.Build.0 = Release_Net20|Any CPU
		{E028BDD2-55E1-4E5F-BE31-35FAEC8D6428}.Release_Net35|Any CPU.ActiveCfg = Release_Net35|Any CPU
		{E028BDD2-55E1-4E5F-BE31-35FAEC8D6428}.Release_Net35|Any CPU.Build.0 = Release_Net35|Any CPU
		{E028BDD2-55E1-4E5F-BE31-35FAEC8D6428}.Release|Any CPU.ActiveCfg = Release_Net35|Any CPU
		{E028BDD2-55E1-4E5F-BE31-35FAEC8D6428}.Release|Any CPU.Build.0 = Release_Net35|Any CPU
		{FFB69466-79DE-466A-ADA7-5C47C5C5CA3A}.Debug_Net20|Any CPU.ActiveCfg = Debug_Net20|Any CPU
		{FFB69466-79DE-466A-ADA7-5C47C5C5CA3A}.Debug_Net20|Any CPU.Build.0 = Debug_Net20|Any CPU
		{FFB69466-79DE-466A-ADA7-5C47C5C5CA3A}.Debug_Net35|Any CPU.ActiveCfg = Debug_Net35|Any CPU
		{FFB69466-79DE-466A-ADA7-5C47C5C5CA3A}.Debug_Net35|Any CPU.Build.0 = Debug_Net35|Any CPU
		{FFB69466-79DE-466A-ADA7-5C47C5C5CA3A}.Debug|Any CPU.ActiveCfg = Debug_Net35|Any CPU
		{FFB69466-79DE-466A-ADA7-5C47C5C5CA3A}.Debug|Any CPU.Build.0 = Debug_Net35|Any CPU
		{FFB69466-79DE-466A-ADA7-5C47C5C5CA3A}.Release_Net20|Any CPU.ActiveCfg = Release_Net20|Any CPU
		{FFB69466-79DE-466A-ADA7-5C47C5C5CA3A}.Release_Net20|Any CPU.Build.0 = Release_Net20|Any CPU
		{FFB69466-79DE-466A-ADA7-5C47C5C5CA3A}.Release_Net35|Any CPU.ActiveCfg = Release_Net35|Any CPU
		{FFB69466-79DE-466A-ADA7-5C47C5C5CA3A}.Release_Net35|Any CPU.Build.0 = Release_Net35|Any CPU
		{FFB69466-79DE-466A-ADA7-5C47C5C5CA3A}.Release|Any CPU.ActiveCfg = Release_Net35|Any CPU
		{FFB69466-79DE-466A-ADA7-5C47C5C5CA3A}.Release|Any CPU.Build.0 = Release_Net35|Any CPU
		{5770DAA9-84E5-4770-AF43-F6B815894368}.Debug_Net20|Any CPU.ActiveCfg = Debug_Net20|Any CPU
		{5770DAA9-84E5-4770-AF43-F6B815894368}.Debug_Net20|Any CPU.Build.0 = Debug_Net20|Any CPU
		{5770DAA9-84E5-4770-AF43-F6B815894368}.Debug_Net35|Any CPU.ActiveCfg = Debug_Net35|Any CPU
		{5770DAA9-84E5-4770-AF43-F6B815894368}.Debug_Net35|Any CPU.Build.0 = Debug_Net35|Any CPU
		{5770DAA9-84E5-4770-AF43-F6B815894368}.Debug|Any CPU.ActiveCfg = Debug_Net35|Any CPU
		{5770DAA9-84E5-4770-AF43-F6B815894368}.Debug|Any CPU.Build.0 = Debug_Net35|Any CPU
		{5770DAA9-84E5-4770-AF43-F6B815894368}.Release_Net20|Any CPU.ActiveCfg = Release_Net20|Any CPU
		{5770DAA9-84E5-4770-AF43-F6B815894368}.Release_Net20|Any CPU.Build.0 = Release_Net20|Any CPU
		{5770DAA9-84E5-4770-AF43-F6B815894368}.Release_Net35|Any CPU.ActiveCfg = Release_Net35|Any CPU
		{5770DAA9-84E5-4770-AF43-F6B815894368}.Release_Net35|Any CPU.Build.0 = Release_Net35|Any CPU
		{5770DAA9-84E5-4770-AF43-F6B815894368}.Release|Any CPU.ActiveCfg = Release_Net35|Any CPU
		{5770DAA9-84E5-4770-AF43-F6B815894368}.Release|Any CPU.Build.0 = Release_Net35|Any CPU
		{7F258589-6452-4B7B-8884-8965A42C1D9E}.Debug_Net20|Any CPU.ActiveCfg = Debug_Net20|Any CPU
		{7F258589-6452-4B7B-8884-8965A42C1D9E}.Debug_Net20|Any CPU.Build.0 = Debug_Net20|Any CPU
		{7F258589-6452-4B7B-8884-8965A42C1D9E}.Debug_Net35|Any CPU.ActiveCfg = Debug_Net35|Any CPU
		{7F258589-6452-4B7B-8884-8965A42C1D9E}.Debug_Net35|Any CPU.Build.0 = Debug_Net35|Any CPU
		{7F258589-6452-4B7B-8884-8965A42C1D9E}.Debug|Any CPU.ActiveCfg = Debug_Net35|Any CPU
		{7F258589-6452-4B7B-8884-8965A42C1D9E}.Debug|Any CPU.Build.0 = Debug_Net35|Any CPU
		{7F258589-6452-4B7B-8884-8965A42C1D9E}.Release_Net20|Any CPU.ActiveCfg = Release_Net20|Any CPU
		{7F258589-6452-4B7B-8884-8965A42C1D9E}.Release_Net20|Any CPU.Build.0 = Release_Net20|Any CPU
		{7F258589-6452-4B7B-8884-8965A42C1D9E}.Release_Net35|Any CPU.ActiveCfg = Release_Net35|Any CPU
		{7F258589-6452-4B7B-8884-8965A42C1D9E}.Release_Net35|Any CPU.Build.0 = Release_Net35|Any CPU
		{7F258589-6452-4B7B-8884-8965A42C1D9E}.Release|Any CPU.ActiveCfg = Release_Net35|Any CPU
		{7F258589-6452-4B7B-8884-8965A42C1D9E}.Release|Any CPU.Build.0 = Release_Net35|Any CPU
		{C83777FC-AABB-47D9-911F-D76255D4D541}.Debug_Net20|Any CPU.ActiveCfg = Debug_Net20|Any CPU
		{C83777FC-AABB-47D9-911F-D76255D4D541}.Debug_Net20|Any CPU.Build.0 = Debug_Net20|Any CPU
		{C83777FC-AABB-47D9-911F-D76255D4D541}.Debug_Net35|Any CPU.ActiveCfg = Debug_Net35|Any CPU
		{C83777FC-AABB-47D9-911F-D76255D4D541}.Debug_Net35|Any CPU.Build.0 = Debug_Net35|Any CPU
		{C83777FC-AABB-47D9-911F-D76255D4D541}.Debug|Any CPU.ActiveCfg = Debug_Net35|Any CPU
		{C83777FC-AABB-47D9-911F-D76255D4D541}.Debug|Any CPU.Build.0 = Debug_Net35|Any CPU
		{C83777FC-AABB-47D9-911F-D76255D4D541}.Release_Net20|Any CPU.ActiveCfg = Release_Net20|Any CPU
		{C83777FC-AABB-47D9-911F-D76255D4D541}.Release_Net20|Any CPU.Build.0 = Release_Net20|Any CPU
		{C83777FC-AABB-47D9-911F-D76255D4D541}.Release_Net35|Any CPU.ActiveCfg = Release_Net35|Any CPU
		{C83777FC-AABB-47D9-911F-D76255D4D541}.Release_Net35|Any CPU.Build.0 = Release_Net35|Any CPU
		{C83777FC-AABB-47D9-911F-D76255D4D541}.Release|Any CPU.ActiveCfg = Release_Net35|Any CPU
		{C83777FC-AABB-47D9-911F-D76255D4D541}.Release|Any CPU.Build.0 = Release_Net35|Any CPU
		{EC29E6E4-CE31-4989-BAA7-0125F1F8910A}.Debug_Net20|Any CPU.ActiveCfg = Debug_Net20|Any CPU
		{EC29E6E4-CE31-4989-BAA7-0125F1F8910A}.Debug_Net20|Any CPU.Build.0 = Debug_Net20|Any CPU
		{EC29E6E4-CE31-4989-BAA7-0125F1F8910A}.Debug_Net35|Any CPU.ActiveCfg = Debug_Net35|Any CPU
		{EC29E6E4-CE31-4989-BAA7-0125F1F8910A}.Debug_Net35|Any CPU.Build.0 = Debug_Net35|Any CPU
		{EC29E6E4-CE31-4989-BAA7-0125F1F8910A}.Debug|Any CPU.ActiveCfg = Debug_Net35|Any CPU
		{EC29E6E4-CE31-4989-BAA7-0125F1F8910A}.Debug|Any CPU.Build.0 = Debug_Net35|Any CPU
		{EC29E6E4-CE31-4989-BAA7-0125F1F8910A}.Release_Net20|Any CPU.ActiveCfg = Release_Net20|Any CPU
		{EC29E6E4-CE31-4989-BAA7-0125F1F8910A}.Release_Net20|Any CPU.Build.0 = Release_Net20|Any CPU
		{EC29E6E4-CE31-4989-BAA7-0125F1F8910A}.Release_Net35|Any CPU.ActiveCfg = Release_Net35|Any CPU
		{EC29E6E4-CE31-4989-BAA7-0125F1F8910A}.Release_Net35|Any CPU.Build.0 = Release_Net35|Any CPU
		{EC29E6E4-CE31-4989-BAA7-0125F1F8910A}.Release|Any CPU.ActiveCfg = Release_Net35|Any CPU
		{EC29E6E4-CE31-4989-BAA7-0125F1F8910A}.Release|Any CPU.Build.0 = Release_Net35|Any CPU
		{E7E3A53F-6B4D-423B-A10E-F0580B87FB81}.Debug_Net20|Any CPU.ActiveCfg = Debug_Net20|Any CPU
		{E7E3A53F-6B4D-423B-A10E-F0580B87FB81}.Debug_Net20|Any CPU.Build.0 = Debug_Net20|Any CPU
		{E7E3A53F-6B4D-423B-A10E-F0580B87FB81}.Debug_Net35|Any CPU.ActiveCfg = Debug_Net35|Any CPU
		{E7E3A53F-6B4D-423B-A10E-F0580B87FB81}.Debug_Net35|Any CPU.Build.0 = Debug_Net35|Any CPU
		{E7E3A53F-6B4D-423B-A10E-F0580B87FB81}.Debug|Any CPU.ActiveCfg = Debug_Net35|Any CPU
		{E7E3A53F-6B4D-423B-A10E-F0580B87FB81}.Debug|Any CPU.Build.0 = Debug_Net35|Any CPU
		{E7E3A53F-6B4D-423B-A10E-F0580B87FB81}.Release_Net20|Any CPU.ActiveCfg = Release_Net20|Any CPU
		{E7E3A53F-6B4D-423B-A10E-F0580B87FB81}.Release_Net20|Any CPU.Build.0 = Release_Net20|Any CPU
		{E7E3A53F-6B4D-423B-A10E-F0580B87FB81}.Release_Net35|Any CPU.ActiveCfg = Release_Net35|Any CPU
		{E7E3A53F-6B4D-423B-A10E-F0580B87FB81}.Release_Net35|Any CPU.Build.0 = Release_Net35|Any CPU
		{E7E3A53F-6B4D-423B-A10E-F0580B87FB81}.Release|Any CPU.ActiveCfg = Release_Net35|Any CPU
		{E7E3A53F-6B4D-423B-A10E-F0580B87FB81}.Release|Any CPU.Build.0 = Release_Net35|Any CPU
		{96AD10C7-AAB9-49AB-B7F6-F7AD15778F0D}.Debug_Net20|Any CPU.ActiveCfg = Debug_Net20|Any CPU
		{96AD10C7-AAB9-49AB-B7F6-F7AD15778F0D}.Debug_Net20|Any CPU.Build.0 = Debug_Net20|Any CPU
		{96AD10C7-AAB9-49AB-B7F6-F7AD15778F0D}.Debug_Net35|Any CPU.ActiveCfg = Debug_Net35|Any CPU
		{96AD10C7-AAB9-49AB-B7F6-F7AD15778F0D}.Debug_Net35|Any CPU.Build.0 = Debug_Net35|Any CPU
		{96AD10C7-AAB9-49AB-B7F6-F7AD15778F0D}.Debug|Any CPU.ActiveCfg = Debug_Net35|Any CPU
		{96AD10C7-AAB9-49AB-B7F6-F7AD15778F0D}.Debug|Any CPU.Build.0 = Debug_Net35|Any CPU
		{96AD10C7-AAB9-49AB-B7F6-F7AD15778F0D}.Release_Net20|Any CPU.ActiveCfg = Release_Net20|Any CPU
		{96AD10C7-AAB9-49AB-B7F6-F7AD15778F0D}.Release_Net20|Any CPU.Build.0 = Release_Net20|Any CPU
		{96AD10C7-AAB9-49AB-B7F6-F7AD15778F0D}.Release_Net35|Any CPU.ActiveCfg = Release_Net35|Any CPU
		{96AD10C7-AAB9-49AB-B7F6-F7AD15778F0D}.Release_Net35|Any CPU.Build.0 = Release_Net35|Any CPU
		{96AD10C7-AAB9-49AB-B7F6-F7AD15778F0D}.Release|Any CPU.ActiveCfg = Release_Net35|Any CPU
		{96AD10C7-AAB9-49AB-B7F6-F7AD15778F0D}.Release|Any CPU.Build.0 = Release_Net35|Any CPU
		{C8C6AF1D-5BF0-4A25-A641-68F9EEB61153}.Debug_Net20|Any CPU.ActiveCfg = Debug_Net20|Any CPU
		{C8C6AF1D-5BF0-4A25-A641-68F9EEB61153}.Debug_Net20|Any CPU.Build.0 = Debug_Net20|Any CPU
		{C8C6AF1D-5BF0-4A25-A641-68F9EEB61153}.Debug_Net35|Any CPU.ActiveCfg = Debug_Net35|Any CPU
		{C8C6AF1D-5BF0-4A25-A641-68F9EEB61153}.Debug_Net35|Any CPU.Build.0 = Debug_Net35|Any CPU
		{C8C6AF1D-5BF0-4A25-A641-68F9EEB61153}.Debug|Any CPU.ActiveCfg = Debug_Net35|Any CPU
		{C8C6AF1D-5BF0-4A25-A641-68F9EEB61153}.Debug|Any CPU.Build.0 = Debug_Net35|Any CPU
		{C8C6AF1D-5BF0-4A25-A641-68F9EEB61153}.Release_Net20|Any CPU.ActiveCfg = Release_Net20|Any CPU
		{C8C6AF1D-5BF0-4A25-A641-68F9EEB61153}.Release_Net20|Any CPU.Build.0 = Release_Net20|Any CPU
		{C8C6AF1D-5BF0-4A25-A641-68F9EEB61153}.Release_Net35|Any CPU.ActiveCfg = Release_Net35|Any CPU
		{C8C6AF1D-5BF0-4A25-A641-68F9EEB61153}.Release_Net35|Any CPU.Build.0 = Release_Net35|Any CPU
		{C8C6AF1D-5BF0-4A25-A641-68F9EEB61153}.Release|Any CPU.ActiveCfg = Release_Net35|Any CPU
		{C8C6AF1D-5BF0-4A25-A641-68F9EEB61153}.Release|Any CPU.Build.0 = Release_Net35|Any CPU
		{8A1C8DC2-9E24-47E9-A51C-AA46E0B0260C}.Debug_Net20|Any CPU.ActiveCfg = Debug_Net20|Any CPU
		{8A1C8DC2-9E24-47E9-A51C-AA46E0B0260C}.Debug_Net20|Any CPU.Build.0 = Debug_Net20|Any CPU
		{8A1C8DC2-9E24-47E9-A51C-AA46E0B0260C}.Debug_Net35|Any CPU.ActiveCfg = Debug_Net35|Any CPU
		{8A1C8DC2-9E24-47E9-A51C-AA46E0B0260C}.Debug_Net35|Any CPU.Build.0 = Debug_Net35|Any CPU
		{8A1C8DC2-9E24-47E9-A51C-AA46E0B0260C}.Debug|Any CPU.ActiveCfg = Debug_Net35|Any CPU
		{8A1C8DC2-9E24-47E9-A51C-AA46E0B0260C}.Debug|Any CPU.Build.0 = Debug_Net35|Any CPU
		{8A1C8DC2-9E24-47E9-A51C-AA46E0B0260C}.Release_Net20|Any CPU.ActiveCfg = Release_Net20|Any CPU
		{8A1C8DC2-9E24-47E9-A51C-AA46E0B0260C}.Release_Net20|Any CPU.Build.0 = Release_Net20|Any CPU
		{8A1C8DC2-9E24-47E9-A51C-AA46E0B0260C}.Release_Net35|Any CPU.ActiveCfg = Release_Net35|Any CPU
		{8A1C8DC2-9E24-47E9-A51C-AA46E0B0260C}.Release_Net35|Any CPU.Build.0 = Release_Net35|Any CPU
		{8A1C8DC2-9E24-47E9-A51C-AA46E0B0260C}.Release|Any CPU.ActiveCfg = Release_Net35|Any CPU
		{8A1C8DC2-9E24-47E9-A51C-AA46E0B0260C}.Release|Any CPU.Build.0 = Release_Net35|Any CPU
		{66EF7231-2966-4FCA-8113-D1B2686447FF}.Debug_Net20|Any CPU.ActiveCfg = Debug|Any CPU
		{66EF7231-2966-4FCA-8113-D1B2686447FF}.Debug_Net20|Any CPU.Build.0 = Debug|Any CPU
		{66EF7231-2966-4FCA-8113-D1B2686447FF}.Debug_Net35|Any CPU.ActiveCfg = Debug|Any CPU
		{66EF7231-2966-4FCA-8113-D1B2686447FF}.Debug_Net35|Any CPU.Build.0 = Debug|Any CPU
		{66EF7231-2966-4FCA-8113-D1B2686447FF}.Debug|Any CPU.ActiveCfg = Debug|Any CPU
		{66EF7231-2966-4FCA-8113-D1B2686447FF}.Debug|Any CPU.Build.0 = Debug|Any CPU
		{66EF7231-2966-4FCA-8113-D1B2686447FF}.Release_Net20|Any CPU.ActiveCfg = Release|Any CPU
		{66EF7231-2966-4FCA-8113-D1B2686447FF}.Release_Net20|Any CPU.Build.0 = Release|Any CPU
		{66EF7231-2966-4FCA-8113-D1B2686447FF}.Release_Net35|Any CPU.ActiveCfg = Release|Any CPU
		{66EF7231-2966-4FCA-8113-D1B2686447FF}.Release_Net35|Any CPU.Build.0 = Release|Any CPU
		{66EF7231-2966-4FCA-8113-D1B2686447FF}.Release|Any CPU.ActiveCfg = Release|Any CPU
		{66EF7231-2966-4FCA-8113-D1B2686447FF}.Release|Any CPU.Build.0 = Release|Any CPU
		{D177DBFE-0DDC-4E15-8136-010193F02513}.Debug_Net20|Any CPU.ActiveCfg = Debug|Any CPU
		{D177DBFE-0DDC-4E15-8136-010193F02513}.Debug_Net20|Any CPU.Build.0 = Debug|Any CPU
		{D177DBFE-0DDC-4E15-8136-010193F02513}.Debug_Net35|Any CPU.ActiveCfg = Debug|Any CPU
		{D177DBFE-0DDC-4E15-8136-010193F02513}.Debug_Net35|Any CPU.Build.0 = Debug|Any CPU
		{D177DBFE-0DDC-4E15-8136-010193F02513}.Debug|Any CPU.ActiveCfg = Debug|Any CPU
		{D177DBFE-0DDC-4E15-8136-010193F02513}.Debug|Any CPU.Build.0 = Debug|Any CPU
		{D177DBFE-0DDC-4E15-8136-010193F02513}.Release_Net20|Any CPU.ActiveCfg = Release|Any CPU
		{D177DBFE-0DDC-4E15-8136-010193F02513}.Release_Net20|Any CPU.Build.0 = Release|Any CPU
		{D177DBFE-0DDC-4E15-8136-010193F02513}.Release_Net35|Any CPU.ActiveCfg = Release|Any CPU
		{D177DBFE-0DDC-4E15-8136-010193F02513}.Release_Net35|Any CPU.Build.0 = Release|Any CPU
		{D177DBFE-0DDC-4E15-8136-010193F02513}.Release|Any CPU.ActiveCfg = Release|Any CPU
		{D177DBFE-0DDC-4E15-8136-010193F02513}.Release|Any CPU.Build.0 = Release|Any CPU
		{0761C598-52C7-4ABA-B024-64B31022E573}.Debug_Net20|Any CPU.ActiveCfg = Debug|Any CPU
		{0761C598-52C7-4ABA-B024-64B31022E573}.Debug_Net20|Any CPU.Build.0 = Debug|Any CPU
		{0761C598-52C7-4ABA-B024-64B31022E573}.Debug_Net35|Any CPU.ActiveCfg = Debug|Any CPU
		{0761C598-52C7-4ABA-B024-64B31022E573}.Debug_Net35|Any CPU.Build.0 = Debug|Any CPU
		{0761C598-52C7-4ABA-B024-64B31022E573}.Debug|Any CPU.ActiveCfg = Debug|Any CPU
		{0761C598-52C7-4ABA-B024-64B31022E573}.Debug|Any CPU.Build.0 = Debug|Any CPU
		{0761C598-52C7-4ABA-B024-64B31022E573}.Release_Net20|Any CPU.ActiveCfg = Release|Any CPU
		{0761C598-52C7-4ABA-B024-64B31022E573}.Release_Net20|Any CPU.Build.0 = Release|Any CPU
		{0761C598-52C7-4ABA-B024-64B31022E573}.Release_Net35|Any CPU.ActiveCfg = Release|Any CPU
		{0761C598-52C7-4ABA-B024-64B31022E573}.Release_Net35|Any CPU.Build.0 = Release|Any CPU
		{0761C598-52C7-4ABA-B024-64B31022E573}.Release|Any CPU.ActiveCfg = Release|Any CPU
		{0761C598-52C7-4ABA-B024-64B31022E573}.Release|Any CPU.Build.0 = Release|Any CPU
	EndGlobalSection
	GlobalSection(SolutionProperties) = preSolution
		HideSolutionNode = FALSE
	EndGlobalSection
	GlobalSection(TextTemplating) = postSolution
		TextTemplating = 1
	EndGlobalSection
EndGlobal
