
Microsoft Visual Studio Solution File, Format Version 10.00
# Visual Studio 2008
Project("{FAE04EC0-301F-11D3-BF4B-00C04F79EFBC}") = "TestSharpLayers_IIS", "TestSharpLayers\TestSharpLayers_IIS.csproj", "{B0CA0EB9-7F7C-4C55-98D5-EAE3D285189D}"
EndProject
Project("{FAE04EC0-301F-11D3-BF4B-00C04F79EFBC}") = "SharpMap.Presentation.Web.SharpLayers", "SharpMap.Presentation.Web.SharpLayers\SharpMap.Presentation.Web.SharpLayers.csproj", "{7B83D60D-7B44-4A10-BB86-CD8ACF6C1D8E}"
EndProject
Global
	GlobalSection(SolutionConfigurationPlatforms) = preSolution
		Debug|Any CPU = Debug|Any CPU
		Release|Any CPU = Release|Any CPU
	EndGlobalSection
	GlobalSection(ProjectConfigurationPlatforms) = postSolution
		{B0CA0EB9-7F7C-4C55-98D5-EAE3D285189D}.Debug|Any CPU.ActiveCfg = Debug|Any CPU
		{B0CA0EB9-7F7C-4C55-98D5-EAE3D285189D}.Debug|Any CPU.Build.0 = Debug|Any CPU
		{B0CA0EB9-7F7C-4C55-98D5-EAE3D285189D}.Release|Any CPU.ActiveCfg = Release|Any CPU
		{B0CA0EB9-7F7C-4C55-98D5-EAE3D285189D}.Release|Any CPU.Build.0 = Release|Any CPU
		{7B83D60D-7B44-4A10-BB86-CD8ACF6C1D8E}.Debug|Any CPU.ActiveCfg = Debug|Any CPU
		{7B83D60D-7B44-4A10-BB86-CD8ACF6C1D8E}.Debug|Any CPU.Build.0 = Debug|Any CPU
		{7B83D60D-7B44-4A10-BB86-CD8ACF6C1D8E}.Release|Any CPU.ActiveCfg = Release|Any CPU
		{7B83D60D-7B44-4A10-BB86-CD8ACF6C1D8E}.Release|Any CPU.Build.0 = Release|Any CPU
	EndGlobalSection
	GlobalSection(SolutionProperties) = preSolution
		HideSolutionNode = FALSE
	EndGlobalSection
EndGlobal
