
Microsoft Visual Studio Solution File, Format Version 10.00
# Visual Studio 2008
Project("{FAE04EC0-301F-11D3-BF4B-00C04F79EFBC}") = "SharpMap.Presentation.AspNet", "SharpMap.Presentation.AspNet.csproj", "{1677C565-FA87-419F-B925-02A5CAA97E8D}"
EndProject
Global
	GlobalSection(SolutionConfigurationPlatforms) = preSolution
		Debug_Net20|Any CPU = Debug_Net20|Any CPU
		Debug_Net35|Any CPU = Debug_Net35|Any CPU
		Release_Net20|Any CPU = Release_Net20|Any CPU
		Release_Net35|Any CPU = Release_Net35|Any CPU
	EndGlobalSection
	GlobalSection(ProjectConfigurationPlatforms) = postSolution
		{1677C565-FA87-419F-B925-02A5CAA97E8D}.Debug_Net20|Any CPU.ActiveCfg = Debug_Net20|Any CPU
		{1677C565-FA87-419F-B925-02A5CAA97E8D}.Debug_Net20|Any CPU.Build.0 = Debug_Net20|Any CPU
		{1677C565-FA87-419F-B925-02A5CAA97E8D}.Debug_Net35|Any CPU.ActiveCfg = Debug_Net35|Any CPU
		{1677C565-FA87-419F-B925-02A5CAA97E8D}.Debug_Net35|Any CPU.Build.0 = Debug_Net35|Any CPU
		{1677C565-FA87-419F-B925-02A5CAA97E8D}.Release_Net20|Any CPU.ActiveCfg = Release_Net20|Any CPU
		{1677C565-FA87-419F-B925-02A5CAA97E8D}.Release_Net20|Any CPU.Build.0 = Release_Net20|Any CPU
		{1677C565-FA87-419F-B925-02A5CAA97E8D}.Release_Net35|Any CPU.ActiveCfg = Release_Net35|Any CPU
		{1677C565-FA87-419F-B925-02A5CAA97E8D}.Release_Net35|Any CPU.Build.0 = Release_Net35|Any CPU
	EndGlobalSection
	GlobalSection(SolutionProperties) = preSolution
		HideSolutionNode = FALSE
	EndGlobalSection
EndGlobal
