
Microsoft Visual Studio Solution File, Format Version 10.00
# Visual Studio 2008
Project("{FAE04EC0-301F-11D3-BF4B-00C04F79EFBC}") = "SharpMap.Data.Providers.Kml", "SharpMap.Data.Providers.Kml.csproj", "{D64968A4-5CE1-4ECC-89C6-C1A2449BC2BE}"
EndProject
Project("{FAE04EC0-301F-11D3-BF4B-00C04F79EFBC}") = "SharpMap.Data.Providers.Kml.Test", "..\SharpMap.Data.Providers.Kml.Test\SharpMap.Data.Providers.Kml.Test.csproj", "{0EE31CA5-D5BF-4DF9-9B49-C19298ACF124}"
EndProject
Project("{FAE04EC0-301F-11D3-BF4B-00C04F79EFBC}") = "SharpMap.Data.Providers.Gml", "..\SharpMap.Data.Providers.Gml\SharpMap.Data.Providers.Gml.csproj", "{CF70D069-7445-4ED2-B3D0-F4B2EFC2D814}"
EndProject
Project("{FAE04EC0-301F-11D3-BF4B-00C04F79EFBC}") = "SharpMap.Data.Providers.Gml.Test", "..\SharpMap.Data.Providers.Gml.Test\SharpMap.Data.Providers.Gml.Test.csproj", "{BB1DFEB3-4219-41A8-AFB1-CC45AE88E947}"
EndProject
Global
	GlobalSection(SolutionConfigurationPlatforms) = preSolution
		Debug|Any CPU = Debug|Any CPU
		Release|Any CPU = Release|Any CPU
	EndGlobalSection
	GlobalSection(ProjectConfigurationPlatforms) = postSolution
		{D64968A4-5CE1-4ECC-89C6-C1A2449BC2BE}.Debug|Any CPU.ActiveCfg = Debug|Any CPU
		{D64968A4-5CE1-4ECC-89C6-C1A2449BC2BE}.Debug|Any CPU.Build.0 = Debug|Any CPU
		{D64968A4-5CE1-4ECC-89C6-C1A2449BC2BE}.Release|Any CPU.ActiveCfg = Release|Any CPU
		{D64968A4-5CE1-4ECC-89C6-C1A2449BC2BE}.Release|Any CPU.Build.0 = Release|Any CPU
		{0EE31CA5-D5BF-4DF9-9B49-C19298ACF124}.Debug|Any CPU.ActiveCfg = Debug|Any CPU
		{0EE31CA5-D5BF-4DF9-9B49-C19298ACF124}.Debug|Any CPU.Build.0 = Debug|Any CPU
		{0EE31CA5-D5BF-4DF9-9B49-C19298ACF124}.Release|Any CPU.ActiveCfg = Release|Any CPU
		{0EE31CA5-D5BF-4DF9-9B49-C19298ACF124}.Release|Any CPU.Build.0 = Release|Any CPU
		{CF70D069-7445-4ED2-B3D0-F4B2EFC2D814}.Debug|Any CPU.ActiveCfg = Debug|Any CPU
		{CF70D069-7445-4ED2-B3D0-F4B2EFC2D814}.Debug|Any CPU.Build.0 = Debug|Any CPU
		{CF70D069-7445-4ED2-B3D0-F4B2EFC2D814}.Release|Any CPU.ActiveCfg = Release|Any CPU
		{CF70D069-7445-4ED2-B3D0-F4B2EFC2D814}.Release|Any CPU.Build.0 = Release|Any CPU
		{BB1DFEB3-4219-41A8-AFB1-CC45AE88E947}.Debug|Any CPU.ActiveCfg = Debug|Any CPU
		{BB1DFEB3-4219-41A8-AFB1-CC45AE88E947}.Debug|Any CPU.Build.0 = Debug|Any CPU
		{BB1DFEB3-4219-41A8-AFB1-CC45AE88E947}.Release|Any CPU.ActiveCfg = Release|Any CPU
		{BB1DFEB3-4219-41A8-AFB1-CC45AE88E947}.Release|Any CPU.Build.0 = Release|Any CPU
	EndGlobalSection
	GlobalSection(SolutionProperties) = preSolution
		HideSolutionNode = FALSE
	EndGlobalSection
EndGlobal
