
Microsoft Visual Studio Solution File, Format Version 9.00
# Visual Studio 2005
Project("{FAE04EC0-301F-11D3-BF4B-00C04F79EFBC}") = "SharpMap", "SharpMap.csproj", "{C83777FC-AABB-47D9-911F-D76255D4D541}"
EndProject
Project("{FAE04EC0-301F-11D3-BF4B-00C04F79EFBC}") = "SharpMap.UI", "..\SharpMap.UI\SharpMap.UI.csproj", "{DD1CC1DB-4BF9-4C88-A100-733D84795F3A}"
EndProject
Project("{FAE04EC0-301F-11D3-BF4B-00C04F79EFBC}") = "UnitTests", "..\UnitTests\UnitTests.csproj", "{0C76DD99-AC5D-47C0-B76F-CE70092A9AC7}"
EndProject
Global
	GlobalSection(TeamFoundationVersionControl) = preSolution
		SccNumberOfProjects = 4
		SccEnterpriseProvider = {4CA58AB2-18FA-4F8D-95D4-32DDF27D184C}
		SccTeamFoundationServer = https://tfs01.codeplex.com/
		SccLocalPath0 = .
		SccProjectUniqueName1 = ..\\SharpMap.UI\\SharpMap.UI.csproj
		SccProjectName1 = ../SharpMap.UI
		SccLocalPath1 = ..\\SharpMap.UI
		SccProjectUniqueName2 = SharpMap.csproj
		SccLocalPath2 = .
		SccProjectUniqueName3 = ..\\UnitTests\\UnitTests.csproj
		SccProjectName3 = ../UnitTests
		SccLocalPath3 = ..\\UnitTests
	EndGlobalSection
	GlobalSection(SolutionConfigurationPlatforms) = preSolution
		Debug|.NET = Debug|.NET
		Debug|Any CPU = Debug|Any CPU
		Debug|Mixed Platforms = Debug|Mixed Platforms
		Release|.NET = Release|.NET
		Release|Any CPU = Release|Any CPU
		Release|Mixed Platforms = Release|Mixed Platforms
	EndGlobalSection
	GlobalSection(ProjectConfigurationPlatforms) = postSolution
		{C83777FC-AABB-47D9-911F-D76255D4D541}.Debug|.NET.ActiveCfg = Debug|Any CPU
		{C83777FC-AABB-47D9-911F-D76255D4D541}.Debug|Any CPU.ActiveCfg = Debug|Any CPU
		{C83777FC-AABB-47D9-911F-D76255D4D541}.Debug|Any CPU.Build.0 = Debug|Any CPU
		{C83777FC-AABB-47D9-911F-D76255D4D541}.Debug|Mixed Platforms.ActiveCfg = Debug|Any CPU
		{C83777FC-AABB-47D9-911F-D76255D4D541}.Debug|Mixed Platforms.Build.0 = Debug|Any CPU
		{C83777FC-AABB-47D9-911F-D76255D4D541}.Release|.NET.ActiveCfg = Release|Any CPU
		{C83777FC-AABB-47D9-911F-D76255D4D541}.Release|Any CPU.ActiveCfg = Release|Any CPU
		{C83777FC-AABB-47D9-911F-D76255D4D541}.Release|Any CPU.Build.0 = Release|Any CPU
		{C83777FC-AABB-47D9-911F-D76255D4D541}.Release|Mixed Platforms.ActiveCfg = Release|Any CPU
		{C83777FC-AABB-47D9-911F-D76255D4D541}.Release|Mixed Platforms.Build.0 = Release|Any CPU
		{DD1CC1DB-4BF9-4C88-A100-733D84795F3A}.Debug|.NET.ActiveCfg = Debug|Any CPU
		{DD1CC1DB-4BF9-4C88-A100-733D84795F3A}.Debug|Any CPU.ActiveCfg = Debug|Any CPU
		{DD1CC1DB-4BF9-4C88-A100-733D84795F3A}.Debug|Any CPU.Build.0 = Debug|Any CPU
		{DD1CC1DB-4BF9-4C88-A100-733D84795F3A}.Debug|Mixed Platforms.ActiveCfg = Debug|Any CPU
		{DD1CC1DB-4BF9-4C88-A100-733D84795F3A}.Debug|Mixed Platforms.Build.0 = Debug|Any CPU
		{DD1CC1DB-4BF9-4C88-A100-733D84795F3A}.Release|.NET.ActiveCfg = Release|Any CPU
		{DD1CC1DB-4BF9-4C88-A100-733D84795F3A}.Release|Any CPU.ActiveCfg = Release|Any CPU
		{DD1CC1DB-4BF9-4C88-A100-733D84795F3A}.Release|Any CPU.Build.0 = Release|Any CPU
		{DD1CC1DB-4BF9-4C88-A100-733D84795F3A}.Release|Mixed Platforms.ActiveCfg = Release|Any CPU
		{DD1CC1DB-4BF9-4C88-A100-733D84795F3A}.Release|Mixed Platforms.Build.0 = Release|Any CPU
		{0C76DD99-AC5D-47C0-B76F-CE70092A9AC7}.Debug|.NET.ActiveCfg = Debug|Any CPU
		{0C76DD99-AC5D-47C0-B76F-CE70092A9AC7}.Debug|Any CPU.ActiveCfg = Debug|Any CPU
		{0C76DD99-AC5D-47C0-B76F-CE70092A9AC7}.Debug|Any CPU.Build.0 = Debug|Any CPU
		{0C76DD99-AC5D-47C0-B76F-CE70092A9AC7}.Debug|Mixed Platforms.ActiveCfg = Debug|Any CPU
		{0C76DD99-AC5D-47C0-B76F-CE70092A9AC7}.Debug|Mixed Platforms.Build.0 = Debug|Any CPU
		{0C76DD99-AC5D-47C0-B76F-CE70092A9AC7}.Release|.NET.ActiveCfg = Release|Any CPU
		{0C76DD99-AC5D-47C0-B76F-CE70092A9AC7}.Release|Any CPU.ActiveCfg = Release|Any CPU
		{0C76DD99-AC5D-47C0-B76F-CE70092A9AC7}.Release|Any CPU.Build.0 = Release|Any CPU
		{0C76DD99-AC5D-47C0-B76F-CE70092A9AC7}.Release|Mixed Platforms.ActiveCfg = Release|Any CPU
		{0C76DD99-AC5D-47C0-B76F-CE70092A9AC7}.Release|Mixed Platforms.Build.0 = Release|Any CPU
	EndGlobalSection
	GlobalSection(SolutionProperties) = preSolution
		HideSolutionNode = FALSE
	EndGlobalSection
EndGlobal
